Microsoft Visual Studio Solution File, Format Version 12.00
# Visual Studio 15
VisualStudioVersion = 15.0.26419.0
MinimumVisualStudioVersion = 10.0.40219.1
Project("{13B669BE-BB05-4DDF-9536-439F39A36129}") = "dotnet-add-reference.Tests", "dotnet-add-reference.Tests\dotnet-add-reference.Tests.csproj", "{AB63A3E5-76A3-4EE9-A380-8E0C7B7644DC}"
EndProject
Project("{13B669BE-BB05-4DDF-9536-439F39A36129}") = "dotnet-restore.Tests", "dotnet-restore.Tests\dotnet-restore.Tests.csproj", "{44942A2B-EA59-4E47-A6E7-8D7CF82EC825}"
EndProject
Project("{13B669BE-BB05-4DDF-9536-439F39A36129}") = "dotnet-build.Tests", "dotnet-build.Tests\dotnet-build.Tests.csproj", "{A918B35C-0E62-44A5-94A1-111B82C67310}"
EndProject
Project("{13B669BE-BB05-4DDF-9536-439F39A36129}") = "dotnet-help.Tests", "dotnet-help.Tests\dotnet-help.Tests.csproj", "{97267605-66B9-48B3-9D27-C253EEEC00D5}"
EndProject
Project("{13B669BE-BB05-4DDF-9536-439F39A36129}") = "dotnet-list-reference.Tests", "dotnet-list-reference.Tests\dotnet-list-reference.Tests.csproj", "{1D6C9AA7-4830-4BF0-AE55-1F20102DEBC3}"
EndProject
Project("{13B669BE-BB05-4DDF-9536-439F39A36129}") = "dotnet-migrate.Tests", "dotnet-migrate.Tests\dotnet-migrate.Tests.csproj", "{394A9E3B-2E01-4FA2-A47A-2E26308E975E}"
EndProject
Project("{13B669BE-BB05-4DDF-9536-439F39A36129}") = "dotnet-msbuild.Tests", "dotnet-msbuild.Tests\dotnet-msbuild.Tests.csproj", "{68420EEE-D084-4809-B2EB-C5EE22A6D827}"
EndProject
Project("{13B669BE-BB05-4DDF-9536-439F39A36129}") = "dotnet-new.Tests", "dotnet-new.Tests\dotnet-new.Tests.csproj", "{A616564F-53D5-4394-B7EC-C373CCAE92F8}"
EndProject
Project("{13B669BE-BB05-4DDF-9536-439F39A36129}") = "dotnet-nuget.UnitTests", "dotnet-nuget.UnitTests\dotnet-nuget.UnitTests.csproj", "{CC6F63B6-FE02-4561-BCBB-062DBFF8F758}"
EndProject
Project("{13B669BE-BB05-4DDF-9536-439F39A36129}") = "dotnet-pack.Tests", "dotnet-pack.Tests\dotnet-pack.Tests.csproj", "{21C09199-7F81-494B-9100-6C4A74EFFB7F}"
EndProject
Project("{13B669BE-BB05-4DDF-9536-439F39A36129}") = "dotnet-publish.Tests", "dotnet-publish.Tests\dotnet-publish.Tests.csproj", "{C60AF72E-52FA-4D32-8483-ACA508A9CC98}"
EndProject
Project("{13B669BE-BB05-4DDF-9536-439F39A36129}") = "dotnet-remove-reference.Tests", "dotnet-remove-reference.Tests\dotnet-remove-reference.Tests.csproj", "{40962934-929D-434D-B2C7-76341B387A46}"
EndProject
Project("{13B669BE-BB05-4DDF-9536-439F39A36129}") = "dotnet-run.Tests", "dotnet-run.Tests\dotnet-run.Tests.csproj", "{948FCF35-9FE5-4ACF-9CF6-B65C20805DDD}"
EndProject
Project("{13B669BE-BB05-4DDF-9536-439F39A36129}") = "dotnet-test.Tests", "dotnet-test.Tests\dotnet-test.Tests.csproj", "{128917C9-F2CD-4C98-9BD3-20D0F0B13D61}"
EndProject
Project("{13B669BE-BB05-4DDF-9536-439F39A36129}") = "dotnet-vstest.Tests", "dotnet-vstest.Tests\dotnet-vstest.Tests.csproj", "{B4D339C2-21E7-4EAE-8BDD-2A7DAF88AFDF}"
EndProject
Project("{13B669BE-BB05-4DDF-9536-439F39A36129}") = "msbuild.IntegrationTests", "msbuild.IntegrationTests\msbuild.IntegrationTests.csproj", "{CC1EAB87-2A9E-4F05-99EA-5B0F14031D78}"
EndProject
Project("{13B669BE-BB05-4DDF-9536-439F39A36129}") = "crossgen.Tests", "crossgen.Tests\crossgen.Tests.csproj", "{B45638FC-D4F6-47E7-9440-C1D65F0492C2}"
EndProject
Project("{13B669BE-BB05-4DDF-9536-439F39A36129}") = "binding-redirects.Tests", "binding-redirects.Tests\binding-redirects.Tests.csproj", "{18702FC5-7B1A-49B7-A335-A926064D577A}"
EndProject
Project("{13B669BE-BB05-4DDF-9536-439F39A36129}") = "ArgumentForwardingTests", "ArgumentForwardingTests\ArgumentForwardingTests.csproj", "{67418187-0CF6-4213-87D0-5B9B841FD755}"
EndProject
Project("{13B669BE-BB05-4DDF-9536-439F39A36129}") = "ArgumentsReflector", "ArgumentsReflector\ArgumentsReflector.csproj", "{8818FEBB-7243-4AB5-9E1C-179F5189FBD7}"
EndProject
Project("{13B669BE-BB05-4DDF-9536-439F39A36129}") = "Microsoft.DotNet.Cli.Sln.Internal.Tests", "Microsoft.DotNet.Cli.Sln.Internal.Tests\Microsoft.DotNet.Cli.Sln.Internal.Tests.csproj", "{BF42BEE8-3E23-44EB-B226-3859029A0BF5}"
EndProject
Project("{13B669BE-BB05-4DDF-9536-439F39A36129}") = "Microsoft.DotNet.Cli.Utils.Tests", "Microsoft.DotNet.Cli.Utils.Tests\Microsoft.DotNet.Cli.Utils.Tests.csproj", "{7C460953-7E23-436E-9EA9-E4CF37A919B7}"
EndProject
Project("{13B669BE-BB05-4DDF-9536-439F39A36129}") = "Microsoft.DotNet.Configurer.UnitTests", "Microsoft.DotNet.Configurer.UnitTests\Microsoft.DotNet.Configurer.UnitTests.csproj", "{91CBD27F-5069-4FD2-AC61-15A69D65E202}"
EndProject
Project("{13B669BE-BB05-4DDF-9536-439F39A36129}") = "Microsoft.DotNet.Tools.Tests.Utilities", "Microsoft.DotNet.Tools.Tests.Utilities\Microsoft.DotNet.Tools.Tests.Utilities.csproj", "{D399E9DD-3049-47A2-8BFF-CBE26EACED7E}"
EndProject
Project("{13B669BE-BB05-4DDF-9536-439F39A36129}") = "Msbuild.Tests.Utilities", "Msbuild.Tests.Utilities\Msbuild.Tests.Utilities.csproj", "{F5A9E29F-B47B-47F4-A25B-BC991DE3369C}"
EndProject
Project("{13B669BE-BB05-4DDF-9536-439F39A36129}") = "EndToEnd", "EndToEnd\EndToEnd.csproj", "{BB8A1F16-614A-428F-970F-CD5F1A981343}"
EndProject
Project("{13B669BE-BB05-4DDF-9536-439F39A36129}") = "dotnet.Tests", "dotnet.Tests\dotnet.Tests.csproj", "{B4B5DA8E-E2EA-49CB-8B8C-4E157D42E710}"
EndProject
Project("{2150E333-8FDC-42A3-9474-1A3956D46DE8}") = "dotnet-sln-add.Tests", "dotnet-sln-add.Tests", "{5FF48976-B083-4E3B-A8E7-6FCD225D5C8E}"
EndProject
Project("{13B669BE-BB05-4DDF-9536-439F39A36129}") = "dotnet-sln-add.Tests", "dotnet-sln-add.Tests\dotnet-sln-add.Tests.csproj", "{FC849626-89C9-4F50-A2CA-53C4315A87F8}"
EndProject
Project("{2150E333-8FDC-42A3-9474-1A3956D46DE8}") = "dotnet-sln-list.Tests", "dotnet-sln-list.Tests", "{15DDC326-69C3-4081-8AA1-B578B2BDE2C6}"
EndProject
Project("{13B669BE-BB05-4DDF-9536-439F39A36129}") = "dotnet-sln-list.Tests", "dotnet-sln-list.Tests\dotnet-sln-list.Tests.csproj", "{5767D8F0-4ED9-4083-8BDC-ED9E65AA86EF}"
EndProject
Project("{2150E333-8FDC-42A3-9474-1A3956D46DE8}") = "dotnet-sln-remove.Tests", "dotnet-sln-remove.Tests", "{BB393A93-1770-4753-B7D6-56F0DD378177}"
EndProject
Project("{13B669BE-BB05-4DDF-9536-439F39A36129}") = "dotnet-sln-remove.Tests", "dotnet-sln-remove.Tests\dotnet-sln-remove.Tests.csproj", "{92BA9F90-E25B-4A1C-9598-2295D3DFC12F}"
EndProject
Project("{13B669BE-BB05-4DDF-9536-439F39A36129}") = "dotnet-add-package.Tests", "dotnet-add-package.Tests\dotnet-add-package.Tests.csproj", "{3501AB72-3E05-45EE-9000-9515F5A139AC}"
EndProject
Project("{9A19103F-16F7-4668-BE54-9A1E7A4F7556}") = "dotnet-store.Tests", "dotnet-store.Tests\dotnet-store.Tests.csproj", "{04B21F0F-E645-44E3-868B-3C97E435FB74}"
EndProject
Project("{9A19103F-16F7-4668-BE54-9A1E7A4F7556}") = "dotnet-back-compat.Tests", "dotnet-back-compat.Tests\dotnet-back-compat.Tests.csproj", "{27351B2F-325B-4843-9F4C-BC53FD06A7B5}"
EndProject
Project("{FAE04EC0-301F-11D3-BF4B-00C04F79EFBC}") = "dotnet-remove-package.Tests", "dotnet-remove-package.Tests\dotnet-remove-package.Tests.csproj", "{CF517B15-B307-4660-87D5-CC036ADECD4B}"
EndProject
Project("{9A19103F-16F7-4668-BE54-9A1E7A4F7556}") = "Microsoft.DotNet.MSBuildSdkResolver.Tests", "Microsoft.DotNet.MSBuildSdkResolver.Tests\Microsoft.DotNet.MSBuildSdkResolver.Tests.csproj", "{42A0CAB4-FFAD-47D4-9880-C0F4EDCF93DE}"
EndProject
Project("{FAE04EC0-301F-11D3-BF4B-00C04F79EFBC}") = "dotnet-clean.Tests", "dotnet-clean.Tests\dotnet-clean.Tests.csproj", "{D9A582B8-1FE2-45D5-B139-0BA828FE3691}"
EndProject
Project("{FAE04EC0-301F-11D3-BF4B-00C04F79EFBC}") = "Microsoft.DotNet.TestFramework", "Microsoft.DotNet.TestFramework\Microsoft.DotNet.TestFramework.csproj", "{D23AFC9C-8FD5-45DD-A84C-0E6528C42F0E}"
EndProject
Global
	GlobalSection(SolutionConfigurationPlatforms) = preSolution
		Debug|Any CPU = Debug|Any CPU
		Debug|x64 = Debug|x64
		Debug|x86 = Debug|x86
		Release|Any CPU = Release|Any CPU
		Release|x64 = Release|x64
		Release|x86 = Release|x86
	EndGlobalSection
	GlobalSection(ProjectConfigurationPlatforms) = postSolution
		{AB63A3E5-76A3-4EE9-A380-8E0C7B7644DC}.Debug|Any CPU.ActiveCfg = Debug|Any CPU
		{AB63A3E5-76A3-4EE9-A380-8E0C7B7644DC}.Debug|Any CPU.Build.0 = Debug|Any CPU
		{AB63A3E5-76A3-4EE9-A380-8E0C7B7644DC}.Debug|x64.ActiveCfg = Debug|Any CPU
		{AB63A3E5-76A3-4EE9-A380-8E0C7B7644DC}.Debug|x64.Build.0 = Debug|Any CPU
		{AB63A3E5-76A3-4EE9-A380-8E0C7B7644DC}.Debug|x86.ActiveCfg = Debug|Any CPU
		{AB63A3E5-76A3-4EE9-A380-8E0C7B7644DC}.Debug|x86.Build.0 = Debug|Any CPU
		{AB63A3E5-76A3-4EE9-A380-8E0C7B7644DC}.Release|Any CPU.ActiveCfg = Release|Any CPU
		{AB63A3E5-76A3-4EE9-A380-8E0C7B7644DC}.Release|Any CPU.Build.0 = Release|Any CPU
		{AB63A3E5-76A3-4EE9-A380-8E0C7B7644DC}.Release|x64.ActiveCfg = Release|Any CPU
		{AB63A3E5-76A3-4EE9-A380-8E0C7B7644DC}.Release|x64.Build.0 = Release|Any CPU
		{AB63A3E5-76A3-4EE9-A380-8E0C7B7644DC}.Release|x86.ActiveCfg = Release|Any CPU
		{AB63A3E5-76A3-4EE9-A380-8E0C7B7644DC}.Release|x86.Build.0 = Release|Any CPU
		{44942A2B-EA59-4E47-A6E7-8D7CF82EC825}.Debug|Any CPU.ActiveCfg = Debug|Any CPU
		{44942A2B-EA59-4E47-A6E7-8D7CF82EC825}.Debug|Any CPU.Build.0 = Debug|Any CPU
		{44942A2B-EA59-4E47-A6E7-8D7CF82EC825}.Debug|x64.ActiveCfg = Debug|Any CPU
		{44942A2B-EA59-4E47-A6E7-8D7CF82EC825}.Debug|x64.Build.0 = Debug|Any CPU
		{44942A2B-EA59-4E47-A6E7-8D7CF82EC825}.Debug|x86.ActiveCfg = Debug|Any CPU
		{44942A2B-EA59-4E47-A6E7-8D7CF82EC825}.Debug|x86.Build.0 = Debug|Any CPU
		{44942A2B-EA59-4E47-A6E7-8D7CF82EC825}.Release|Any CPU.ActiveCfg = Release|Any CPU
		{44942A2B-EA59-4E47-A6E7-8D7CF82EC825}.Release|Any CPU.Build.0 = Release|Any CPU
		{44942A2B-EA59-4E47-A6E7-8D7CF82EC825}.Release|x64.ActiveCfg = Release|Any CPU
		{44942A2B-EA59-4E47-A6E7-8D7CF82EC825}.Release|x64.Build.0 = Release|Any CPU
		{44942A2B-EA59-4E47-A6E7-8D7CF82EC825}.Release|x86.ActiveCfg = Release|Any CPU
		{44942A2B-EA59-4E47-A6E7-8D7CF82EC825}.Release|x86.Build.0 = Release|Any CPU
		{A918B35C-0E62-44A5-94A1-111B82C67310}.Debug|Any CPU.ActiveCfg = Debug|Any CPU
		{A918B35C-0E62-44A5-94A1-111B82C67310}.Debug|Any CPU.Build.0 = Debug|Any CPU
		{A918B35C-0E62-44A5-94A1-111B82C67310}.Debug|x64.ActiveCfg = Debug|Any CPU
		{A918B35C-0E62-44A5-94A1-111B82C67310}.Debug|x64.Build.0 = Debug|Any CPU
		{A918B35C-0E62-44A5-94A1-111B82C67310}.Debug|x86.ActiveCfg = Debug|Any CPU
		{A918B35C-0E62-44A5-94A1-111B82C67310}.Debug|x86.Build.0 = Debug|Any CPU
		{A918B35C-0E62-44A5-94A1-111B82C67310}.Release|Any CPU.ActiveCfg = Release|Any CPU
		{A918B35C-0E62-44A5-94A1-111B82C67310}.Release|Any CPU.Build.0 = Release|Any CPU
		{A918B35C-0E62-44A5-94A1-111B82C67310}.Release|x64.ActiveCfg = Release|Any CPU
		{A918B35C-0E62-44A5-94A1-111B82C67310}.Release|x64.Build.0 = Release|Any CPU
		{A918B35C-0E62-44A5-94A1-111B82C67310}.Release|x86.ActiveCfg = Release|Any CPU
		{A918B35C-0E62-44A5-94A1-111B82C67310}.Release|x86.Build.0 = Release|Any CPU
		{97267605-66B9-48B3-9D27-C253EEEC00D5}.Debug|Any CPU.ActiveCfg = Debug|Any CPU
		{97267605-66B9-48B3-9D27-C253EEEC00D5}.Debug|Any CPU.Build.0 = Debug|Any CPU
		{97267605-66B9-48B3-9D27-C253EEEC00D5}.Debug|x64.ActiveCfg = Debug|Any CPU
		{97267605-66B9-48B3-9D27-C253EEEC00D5}.Debug|x64.Build.0 = Debug|Any CPU
		{97267605-66B9-48B3-9D27-C253EEEC00D5}.Debug|x86.ActiveCfg = Debug|Any CPU
		{97267605-66B9-48B3-9D27-C253EEEC00D5}.Debug|x86.Build.0 = Debug|Any CPU
		{97267605-66B9-48B3-9D27-C253EEEC00D5}.Release|Any CPU.ActiveCfg = Release|Any CPU
		{97267605-66B9-48B3-9D27-C253EEEC00D5}.Release|Any CPU.Build.0 = Release|Any CPU
		{97267605-66B9-48B3-9D27-C253EEEC00D5}.Release|x64.ActiveCfg = Release|Any CPU
		{97267605-66B9-48B3-9D27-C253EEEC00D5}.Release|x64.Build.0 = Release|Any CPU
		{97267605-66B9-48B3-9D27-C253EEEC00D5}.Release|x86.ActiveCfg = Release|Any CPU
		{97267605-66B9-48B3-9D27-C253EEEC00D5}.Release|x86.Build.0 = Release|Any CPU
		{1D6C9AA7-4830-4BF0-AE55-1F20102DEBC3}.Debug|Any CPU.ActiveCfg = Debug|Any CPU
		{1D6C9AA7-4830-4BF0-AE55-1F20102DEBC3}.Debug|Any CPU.Build.0 = Debug|Any CPU
		{1D6C9AA7-4830-4BF0-AE55-1F20102DEBC3}.Debug|x64.ActiveCfg = Debug|Any CPU
		{1D6C9AA7-4830-4BF0-AE55-1F20102DEBC3}.Debug|x64.Build.0 = Debug|Any CPU
		{1D6C9AA7-4830-4BF0-AE55-1F20102DEBC3}.Debug|x86.ActiveCfg = Debug|Any CPU
		{1D6C9AA7-4830-4BF0-AE55-1F20102DEBC3}.Debug|x86.Build.0 = Debug|Any CPU
		{1D6C9AA7-4830-4BF0-AE55-1F20102DEBC3}.Release|Any CPU.ActiveCfg = Release|Any CPU
		{1D6C9AA7-4830-4BF0-AE55-1F20102DEBC3}.Release|Any CPU.Build.0 = Release|Any CPU
		{1D6C9AA7-4830-4BF0-AE55-1F20102DEBC3}.Release|x64.ActiveCfg = Release|Any CPU
		{1D6C9AA7-4830-4BF0-AE55-1F20102DEBC3}.Release|x64.Build.0 = Release|Any CPU
		{1D6C9AA7-4830-4BF0-AE55-1F20102DEBC3}.Release|x86.ActiveCfg = Release|Any CPU
		{1D6C9AA7-4830-4BF0-AE55-1F20102DEBC3}.Release|x86.Build.0 = Release|Any CPU
		{394A9E3B-2E01-4FA2-A47A-2E26308E975E}.Debug|Any CPU.ActiveCfg = Debug|Any CPU
		{394A9E3B-2E01-4FA2-A47A-2E26308E975E}.Debug|Any CPU.Build.0 = Debug|Any CPU
		{394A9E3B-2E01-4FA2-A47A-2E26308E975E}.Debug|x64.ActiveCfg = Debug|Any CPU
		{394A9E3B-2E01-4FA2-A47A-2E26308E975E}.Debug|x64.Build.0 = Debug|Any CPU
		{394A9E3B-2E01-4FA2-A47A-2E26308E975E}.Debug|x86.ActiveCfg = Debug|Any CPU
		{394A9E3B-2E01-4FA2-A47A-2E26308E975E}.Debug|x86.Build.0 = Debug|Any CPU
		{394A9E3B-2E01-4FA2-A47A-2E26308E975E}.Release|Any CPU.ActiveCfg = Release|Any CPU
		{394A9E3B-2E01-4FA2-A47A-2E26308E975E}.Release|Any CPU.Build.0 = Release|Any CPU
		{394A9E3B-2E01-4FA2-A47A-2E26308E975E}.Release|x64.ActiveCfg = Release|Any CPU
		{394A9E3B-2E01-4FA2-A47A-2E26308E975E}.Release|x64.Build.0 = Release|Any CPU
		{394A9E3B-2E01-4FA2-A47A-2E26308E975E}.Release|x86.ActiveCfg = Release|Any CPU
		{394A9E3B-2E01-4FA2-A47A-2E26308E975E}.Release|x86.Build.0 = Release|Any CPU
		{68420EEE-D084-4809-B2EB-C5EE22A6D827}.Debug|Any CPU.ActiveCfg = Debug|Any CPU
		{68420EEE-D084-4809-B2EB-C5EE22A6D827}.Debug|Any CPU.Build.0 = Debug|Any CPU
		{68420EEE-D084-4809-B2EB-C5EE22A6D827}.Debug|x64.ActiveCfg = Debug|Any CPU
		{68420EEE-D084-4809-B2EB-C5EE22A6D827}.Debug|x64.Build.0 = Debug|Any CPU
		{68420EEE-D084-4809-B2EB-C5EE22A6D827}.Debug|x86.ActiveCfg = Debug|Any CPU
		{68420EEE-D084-4809-B2EB-C5EE22A6D827}.Debug|x86.Build.0 = Debug|Any CPU
		{68420EEE-D084-4809-B2EB-C5EE22A6D827}.Release|Any CPU.ActiveCfg = Release|Any CPU
		{68420EEE-D084-4809-B2EB-C5EE22A6D827}.Release|Any CPU.Build.0 = Release|Any CPU
		{68420EEE-D084-4809-B2EB-C5EE22A6D827}.Release|x64.ActiveCfg = Release|Any CPU
		{68420EEE-D084-4809-B2EB-C5EE22A6D827}.Release|x64.Build.0 = Release|Any CPU
		{68420EEE-D084-4809-B2EB-C5EE22A6D827}.Release|x86.ActiveCfg = Release|Any CPU
		{68420EEE-D084-4809-B2EB-C5EE22A6D827}.Release|x86.Build.0 = Release|Any CPU
		{A616564F-53D5-4394-B7EC-C373CCAE92F8}.Debug|Any CPU.ActiveCfg = Debug|Any CPU
		{A616564F-53D5-4394-B7EC-C373CCAE92F8}.Debug|Any CPU.Build.0 = Debug|Any CPU
		{A616564F-53D5-4394-B7EC-C373CCAE92F8}.Debug|x64.ActiveCfg = Debug|Any CPU
		{A616564F-53D5-4394-B7EC-C373CCAE92F8}.Debug|x64.Build.0 = Debug|Any CPU
		{A616564F-53D5-4394-B7EC-C373CCAE92F8}.Debug|x86.ActiveCfg = Debug|Any CPU
		{A616564F-53D5-4394-B7EC-C373CCAE92F8}.Debug|x86.Build.0 = Debug|Any CPU
		{A616564F-53D5-4394-B7EC-C373CCAE92F8}.Release|Any CPU.ActiveCfg = Release|Any CPU
		{A616564F-53D5-4394-B7EC-C373CCAE92F8}.Release|Any CPU.Build.0 = Release|Any CPU
		{A616564F-53D5-4394-B7EC-C373CCAE92F8}.Release|x64.ActiveCfg = Release|Any CPU
		{A616564F-53D5-4394-B7EC-C373CCAE92F8}.Release|x64.Build.0 = Release|Any CPU
		{A616564F-53D5-4394-B7EC-C373CCAE92F8}.Release|x86.ActiveCfg = Release|Any CPU
		{A616564F-53D5-4394-B7EC-C373CCAE92F8}.Release|x86.Build.0 = Release|Any CPU
		{CC6F63B6-FE02-4561-BCBB-062DBFF8F758}.Debug|Any CPU.ActiveCfg = Debug|Any CPU
		{CC6F63B6-FE02-4561-BCBB-062DBFF8F758}.Debug|Any CPU.Build.0 = Debug|Any CPU
		{CC6F63B6-FE02-4561-BCBB-062DBFF8F758}.Debug|x64.ActiveCfg = Debug|Any CPU
		{CC6F63B6-FE02-4561-BCBB-062DBFF8F758}.Debug|x64.Build.0 = Debug|Any CPU
		{CC6F63B6-FE02-4561-BCBB-062DBFF8F758}.Debug|x86.ActiveCfg = Debug|Any CPU
		{CC6F63B6-FE02-4561-BCBB-062DBFF8F758}.Debug|x86.Build.0 = Debug|Any CPU
		{CC6F63B6-FE02-4561-BCBB-062DBFF8F758}.Release|Any CPU.ActiveCfg = Release|Any CPU
		{CC6F63B6-FE02-4561-BCBB-062DBFF8F758}.Release|Any CPU.Build.0 = Release|Any CPU
		{CC6F63B6-FE02-4561-BCBB-062DBFF8F758}.Release|x64.ActiveCfg = Release|Any CPU
		{CC6F63B6-FE02-4561-BCBB-062DBFF8F758}.Release|x64.Build.0 = Release|Any CPU
		{CC6F63B6-FE02-4561-BCBB-062DBFF8F758}.Release|x86.ActiveCfg = Release|Any CPU
		{CC6F63B6-FE02-4561-BCBB-062DBFF8F758}.Release|x86.Build.0 = Release|Any CPU
		{21C09199-7F81-494B-9100-6C4A74EFFB7F}.Debug|Any CPU.ActiveCfg = Debug|Any CPU
		{21C09199-7F81-494B-9100-6C4A74EFFB7F}.Debug|Any CPU.Build.0 = Debug|Any CPU
		{21C09199-7F81-494B-9100-6C4A74EFFB7F}.Debug|x64.ActiveCfg = Debug|Any CPU
		{21C09199-7F81-494B-9100-6C4A74EFFB7F}.Debug|x64.Build.0 = Debug|Any CPU
		{21C09199-7F81-494B-9100-6C4A74EFFB7F}.Debug|x86.ActiveCfg = Debug|Any CPU
		{21C09199-7F81-494B-9100-6C4A74EFFB7F}.Debug|x86.Build.0 = Debug|Any CPU
		{21C09199-7F81-494B-9100-6C4A74EFFB7F}.Release|Any CPU.ActiveCfg = Release|Any CPU
		{21C09199-7F81-494B-9100-6C4A74EFFB7F}.Release|Any CPU.Build.0 = Release|Any CPU
		{21C09199-7F81-494B-9100-6C4A74EFFB7F}.Release|x64.ActiveCfg = Release|Any CPU
		{21C09199-7F81-494B-9100-6C4A74EFFB7F}.Release|x64.Build.0 = Release|Any CPU
		{21C09199-7F81-494B-9100-6C4A74EFFB7F}.Release|x86.ActiveCfg = Release|Any CPU
		{21C09199-7F81-494B-9100-6C4A74EFFB7F}.Release|x86.Build.0 = Release|Any CPU
		{C60AF72E-52FA-4D32-8483-ACA508A9CC98}.Debug|Any CPU.ActiveCfg = Debug|Any CPU
		{C60AF72E-52FA-4D32-8483-ACA508A9CC98}.Debug|Any CPU.Build.0 = Debug|Any CPU
		{C60AF72E-52FA-4D32-8483-ACA508A9CC98}.Debug|x64.ActiveCfg = Debug|Any CPU
		{C60AF72E-52FA-4D32-8483-ACA508A9CC98}.Debug|x64.Build.0 = Debug|Any CPU
		{C60AF72E-52FA-4D32-8483-ACA508A9CC98}.Debug|x86.ActiveCfg = Debug|Any CPU
		{C60AF72E-52FA-4D32-8483-ACA508A9CC98}.Debug|x86.Build.0 = Debug|Any CPU
		{C60AF72E-52FA-4D32-8483-ACA508A9CC98}.Release|Any CPU.ActiveCfg = Release|Any CPU
		{C60AF72E-52FA-4D32-8483-ACA508A9CC98}.Release|Any CPU.Build.0 = Release|Any CPU
		{C60AF72E-52FA-4D32-8483-ACA508A9CC98}.Release|x64.ActiveCfg = Release|Any CPU
		{C60AF72E-52FA-4D32-8483-ACA508A9CC98}.Release|x64.Build.0 = Release|Any CPU
		{C60AF72E-52FA-4D32-8483-ACA508A9CC98}.Release|x86.ActiveCfg = Release|Any CPU
		{C60AF72E-52FA-4D32-8483-ACA508A9CC98}.Release|x86.Build.0 = Release|Any CPU
		{40962934-929D-434D-B2C7-76341B387A46}.Debug|Any CPU.ActiveCfg = Debug|Any CPU
		{40962934-929D-434D-B2C7-76341B387A46}.Debug|Any CPU.Build.0 = Debug|Any CPU
		{40962934-929D-434D-B2C7-76341B387A46}.Debug|x64.ActiveCfg = Debug|Any CPU
		{40962934-929D-434D-B2C7-76341B387A46}.Debug|x64.Build.0 = Debug|Any CPU
		{40962934-929D-434D-B2C7-76341B387A46}.Debug|x86.ActiveCfg = Debug|Any CPU
		{40962934-929D-434D-B2C7-76341B387A46}.Debug|x86.Build.0 = Debug|Any CPU
		{40962934-929D-434D-B2C7-76341B387A46}.Release|Any CPU.ActiveCfg = Release|Any CPU
		{40962934-929D-434D-B2C7-76341B387A46}.Release|Any CPU.Build.0 = Release|Any CPU
		{40962934-929D-434D-B2C7-76341B387A46}.Release|x64.ActiveCfg = Release|Any CPU
		{40962934-929D-434D-B2C7-76341B387A46}.Release|x64.Build.0 = Release|Any CPU
		{40962934-929D-434D-B2C7-76341B387A46}.Release|x86.ActiveCfg = Release|Any CPU
		{40962934-929D-434D-B2C7-76341B387A46}.Release|x86.Build.0 = Release|Any CPU
		{948FCF35-9FE5-4ACF-9CF6-B65C20805DDD}.Debug|Any CPU.ActiveCfg = Debug|Any CPU
		{948FCF35-9FE5-4ACF-9CF6-B65C20805DDD}.Debug|Any CPU.Build.0 = Debug|Any CPU
		{948FCF35-9FE5-4ACF-9CF6-B65C20805DDD}.Debug|x64.ActiveCfg = Debug|Any CPU
		{948FCF35-9FE5-4ACF-9CF6-B65C20805DDD}.Debug|x64.Build.0 = Debug|Any CPU
		{948FCF35-9FE5-4ACF-9CF6-B65C20805DDD}.Debug|x86.ActiveCfg = Debug|Any CPU
		{948FCF35-9FE5-4ACF-9CF6-B65C20805DDD}.Debug|x86.Build.0 = Debug|Any CPU
		{948FCF35-9FE5-4ACF-9CF6-B65C20805DDD}.Release|Any CPU.ActiveCfg = Release|Any CPU
		{948FCF35-9FE5-4ACF-9CF6-B65C20805DDD}.Release|Any CPU.Build.0 = Release|Any CPU
		{948FCF35-9FE5-4ACF-9CF6-B65C20805DDD}.Release|x64.ActiveCfg = Release|Any CPU
		{948FCF35-9FE5-4ACF-9CF6-B65C20805DDD}.Release|x64.Build.0 = Release|Any CPU
		{948FCF35-9FE5-4ACF-9CF6-B65C20805DDD}.Release|x86.ActiveCfg = Release|Any CPU
		{948FCF35-9FE5-4ACF-9CF6-B65C20805DDD}.Release|x86.Build.0 = Release|Any CPU
		{128917C9-F2CD-4C98-9BD3-20D0F0B13D61}.Debug|Any CPU.ActiveCfg = Debug|Any CPU
		{128917C9-F2CD-4C98-9BD3-20D0F0B13D61}.Debug|Any CPU.Build.0 = Debug|Any CPU
		{128917C9-F2CD-4C98-9BD3-20D0F0B13D61}.Debug|x64.ActiveCfg = Debug|Any CPU
		{128917C9-F2CD-4C98-9BD3-20D0F0B13D61}.Debug|x64.Build.0 = Debug|Any CPU
		{128917C9-F2CD-4C98-9BD3-20D0F0B13D61}.Debug|x86.ActiveCfg = Debug|Any CPU
		{128917C9-F2CD-4C98-9BD3-20D0F0B13D61}.Debug|x86.Build.0 = Debug|Any CPU
		{128917C9-F2CD-4C98-9BD3-20D0F0B13D61}.Release|Any CPU.ActiveCfg = Release|Any CPU
		{128917C9-F2CD-4C98-9BD3-20D0F0B13D61}.Release|Any CPU.Build.0 = Release|Any CPU
		{128917C9-F2CD-4C98-9BD3-20D0F0B13D61}.Release|x64.ActiveCfg = Release|Any CPU
		{128917C9-F2CD-4C98-9BD3-20D0F0B13D61}.Release|x64.Build.0 = Release|Any CPU
		{128917C9-F2CD-4C98-9BD3-20D0F0B13D61}.Release|x86.ActiveCfg = Release|Any CPU
		{128917C9-F2CD-4C98-9BD3-20D0F0B13D61}.Release|x86.Build.0 = Release|Any CPU
		{B4D339C2-21E7-4EAE-8BDD-2A7DAF88AFDF}.Debug|Any CPU.ActiveCfg = Debug|Any CPU
		{B4D339C2-21E7-4EAE-8BDD-2A7DAF88AFDF}.Debug|Any CPU.Build.0 = Debug|Any CPU
		{B4D339C2-21E7-4EAE-8BDD-2A7DAF88AFDF}.Debug|x64.ActiveCfg = Debug|Any CPU
		{B4D339C2-21E7-4EAE-8BDD-2A7DAF88AFDF}.Debug|x64.Build.0 = Debug|Any CPU
		{B4D339C2-21E7-4EAE-8BDD-2A7DAF88AFDF}.Debug|x86.ActiveCfg = Debug|Any CPU
		{B4D339C2-21E7-4EAE-8BDD-2A7DAF88AFDF}.Debug|x86.Build.0 = Debug|Any CPU
		{B4D339C2-21E7-4EAE-8BDD-2A7DAF88AFDF}.Release|Any CPU.ActiveCfg = Release|Any CPU
		{B4D339C2-21E7-4EAE-8BDD-2A7DAF88AFDF}.Release|Any CPU.Build.0 = Release|Any CPU
		{B4D339C2-21E7-4EAE-8BDD-2A7DAF88AFDF}.Release|x64.ActiveCfg = Release|Any CPU
		{B4D339C2-21E7-4EAE-8BDD-2A7DAF88AFDF}.Release|x64.Build.0 = Release|Any CPU
		{B4D339C2-21E7-4EAE-8BDD-2A7DAF88AFDF}.Release|x86.ActiveCfg = Release|Any CPU
		{B4D339C2-21E7-4EAE-8BDD-2A7DAF88AFDF}.Release|x86.Build.0 = Release|Any CPU
		{CC1EAB87-2A9E-4F05-99EA-5B0F14031D78}.Debug|Any CPU.ActiveCfg = Debug|Any CPU
		{CC1EAB87-2A9E-4F05-99EA-5B0F14031D78}.Debug|Any CPU.Build.0 = Debug|Any CPU
		{CC1EAB87-2A9E-4F05-99EA-5B0F14031D78}.Debug|x64.ActiveCfg = Debug|Any CPU
		{CC1EAB87-2A9E-4F05-99EA-5B0F14031D78}.Debug|x64.Build.0 = Debug|Any CPU
		{CC1EAB87-2A9E-4F05-99EA-5B0F14031D78}.Debug|x86.ActiveCfg = Debug|Any CPU
		{CC1EAB87-2A9E-4F05-99EA-5B0F14031D78}.Debug|x86.Build.0 = Debug|Any CPU
		{CC1EAB87-2A9E-4F05-99EA-5B0F14031D78}.Release|Any CPU.ActiveCfg = Release|Any CPU
		{CC1EAB87-2A9E-4F05-99EA-5B0F14031D78}.Release|Any CPU.Build.0 = Release|Any CPU
		{CC1EAB87-2A9E-4F05-99EA-5B0F14031D78}.Release|x64.ActiveCfg = Release|Any CPU
		{CC1EAB87-2A9E-4F05-99EA-5B0F14031D78}.Release|x64.Build.0 = Release|Any CPU
		{CC1EAB87-2A9E-4F05-99EA-5B0F14031D78}.Release|x86.ActiveCfg = Release|Any CPU
		{CC1EAB87-2A9E-4F05-99EA-5B0F14031D78}.Release|x86.Build.0 = Release|Any CPU
		{B45638FC-D4F6-47E7-9440-C1D65F0492C2}.Debug|Any CPU.ActiveCfg = Debug|Any CPU
		{B45638FC-D4F6-47E7-9440-C1D65F0492C2}.Debug|Any CPU.Build.0 = Debug|Any CPU
		{B45638FC-D4F6-47E7-9440-C1D65F0492C2}.Debug|x64.ActiveCfg = Debug|Any CPU
		{B45638FC-D4F6-47E7-9440-C1D65F0492C2}.Debug|x64.Build.0 = Debug|Any CPU
		{B45638FC-D4F6-47E7-9440-C1D65F0492C2}.Debug|x86.ActiveCfg = Debug|Any CPU
		{B45638FC-D4F6-47E7-9440-C1D65F0492C2}.Debug|x86.Build.0 = Debug|Any CPU
		{B45638FC-D4F6-47E7-9440-C1D65F0492C2}.Release|Any CPU.ActiveCfg = Release|Any CPU
		{B45638FC-D4F6-47E7-9440-C1D65F0492C2}.Release|Any CPU.Build.0 = Release|Any CPU
		{B45638FC-D4F6-47E7-9440-C1D65F0492C2}.Release|x64.ActiveCfg = Release|Any CPU
		{B45638FC-D4F6-47E7-9440-C1D65F0492C2}.Release|x64.Build.0 = Release|Any CPU
		{B45638FC-D4F6-47E7-9440-C1D65F0492C2}.Release|x86.ActiveCfg = Release|Any CPU
		{B45638FC-D4F6-47E7-9440-C1D65F0492C2}.Release|x86.Build.0 = Release|Any CPU
		{18702FC5-7B1A-49B7-A335-A926064D577A}.Debug|Any CPU.ActiveCfg = Debug|Any CPU
		{18702FC5-7B1A-49B7-A335-A926064D577A}.Debug|Any CPU.Build.0 = Debug|Any CPU
		{18702FC5-7B1A-49B7-A335-A926064D577A}.Debug|x64.ActiveCfg = Debug|Any CPU
		{18702FC5-7B1A-49B7-A335-A926064D577A}.Debug|x64.Build.0 = Debug|Any CPU
		{18702FC5-7B1A-49B7-A335-A926064D577A}.Debug|x86.ActiveCfg = Debug|Any CPU
		{18702FC5-7B1A-49B7-A335-A926064D577A}.Debug|x86.Build.0 = Debug|Any CPU
		{18702FC5-7B1A-49B7-A335-A926064D577A}.Release|Any CPU.ActiveCfg = Release|Any CPU
		{18702FC5-7B1A-49B7-A335-A926064D577A}.Release|Any CPU.Build.0 = Release|Any CPU
		{18702FC5-7B1A-49B7-A335-A926064D577A}.Release|x64.ActiveCfg = Release|Any CPU
		{18702FC5-7B1A-49B7-A335-A926064D577A}.Release|x64.Build.0 = Release|Any CPU
		{18702FC5-7B1A-49B7-A335-A926064D577A}.Release|x86.ActiveCfg = Release|Any CPU
		{18702FC5-7B1A-49B7-A335-A926064D577A}.Release|x86.Build.0 = Release|Any CPU
		{67418187-0CF6-4213-87D0-5B9B841FD755}.Debug|Any CPU.ActiveCfg = Debug|Any CPU
		{67418187-0CF6-4213-87D0-5B9B841FD755}.Debug|Any CPU.Build.0 = Debug|Any CPU
		{67418187-0CF6-4213-87D0-5B9B841FD755}.Debug|x64.ActiveCfg = Debug|Any CPU
		{67418187-0CF6-4213-87D0-5B9B841FD755}.Debug|x64.Build.0 = Debug|Any CPU
		{67418187-0CF6-4213-87D0-5B9B841FD755}.Debug|x86.ActiveCfg = Debug|Any CPU
		{67418187-0CF6-4213-87D0-5B9B841FD755}.Debug|x86.Build.0 = Debug|Any CPU
		{67418187-0CF6-4213-87D0-5B9B841FD755}.Release|Any CPU.ActiveCfg = Release|Any CPU
		{67418187-0CF6-4213-87D0-5B9B841FD755}.Release|Any CPU.Build.0 = Release|Any CPU
		{67418187-0CF6-4213-87D0-5B9B841FD755}.Release|x64.ActiveCfg = Release|Any CPU
		{67418187-0CF6-4213-87D0-5B9B841FD755}.Release|x64.Build.0 = Release|Any CPU
		{67418187-0CF6-4213-87D0-5B9B841FD755}.Release|x86.ActiveCfg = Release|Any CPU
		{67418187-0CF6-4213-87D0-5B9B841FD755}.Release|x86.Build.0 = Release|Any CPU
		{8818FEBB-7243-4AB5-9E1C-179F5189FBD7}.Debug|Any CPU.ActiveCfg = Debug|Any CPU
		{8818FEBB-7243-4AB5-9E1C-179F5189FBD7}.Debug|Any CPU.Build.0 = Debug|Any CPU
		{8818FEBB-7243-4AB5-9E1C-179F5189FBD7}.Debug|x64.ActiveCfg = Debug|Any CPU
		{8818FEBB-7243-4AB5-9E1C-179F5189FBD7}.Debug|x64.Build.0 = Debug|Any CPU
		{8818FEBB-7243-4AB5-9E1C-179F5189FBD7}.Debug|x86.ActiveCfg = Debug|Any CPU
		{8818FEBB-7243-4AB5-9E1C-179F5189FBD7}.Debug|x86.Build.0 = Debug|Any CPU
		{8818FEBB-7243-4AB5-9E1C-179F5189FBD7}.Release|Any CPU.ActiveCfg = Release|Any CPU
		{8818FEBB-7243-4AB5-9E1C-179F5189FBD7}.Release|Any CPU.Build.0 = Release|Any CPU
		{8818FEBB-7243-4AB5-9E1C-179F5189FBD7}.Release|x64.ActiveCfg = Release|Any CPU
		{8818FEBB-7243-4AB5-9E1C-179F5189FBD7}.Release|x64.Build.0 = Release|Any CPU
		{8818FEBB-7243-4AB5-9E1C-179F5189FBD7}.Release|x86.ActiveCfg = Release|Any CPU
		{8818FEBB-7243-4AB5-9E1C-179F5189FBD7}.Release|x86.Build.0 = Release|Any CPU
		{BF42BEE8-3E23-44EB-B226-3859029A0BF5}.Debug|Any CPU.ActiveCfg = Debug|Any CPU
		{BF42BEE8-3E23-44EB-B226-3859029A0BF5}.Debug|Any CPU.Build.0 = Debug|Any CPU
		{BF42BEE8-3E23-44EB-B226-3859029A0BF5}.Debug|x64.ActiveCfg = Debug|Any CPU
		{BF42BEE8-3E23-44EB-B226-3859029A0BF5}.Debug|x64.Build.0 = Debug|Any CPU
		{BF42BEE8-3E23-44EB-B226-3859029A0BF5}.Debug|x86.ActiveCfg = Debug|Any CPU
		{BF42BEE8-3E23-44EB-B226-3859029A0BF5}.Debug|x86.Build.0 = Debug|Any CPU
		{BF42BEE8-3E23-44EB-B226-3859029A0BF5}.Release|Any CPU.ActiveCfg = Release|Any CPU
		{BF42BEE8-3E23-44EB-B226-3859029A0BF5}.Release|Any CPU.Build.0 = Release|Any CPU
		{BF42BEE8-3E23-44EB-B226-3859029A0BF5}.Release|x64.ActiveCfg = Release|Any CPU
		{BF42BEE8-3E23-44EB-B226-3859029A0BF5}.Release|x64.Build.0 = Release|Any CPU
		{BF42BEE8-3E23-44EB-B226-3859029A0BF5}.Release|x86.ActiveCfg = Release|Any CPU
		{BF42BEE8-3E23-44EB-B226-3859029A0BF5}.Release|x86.Build.0 = Release|Any CPU
		{7C460953-7E23-436E-9EA9-E4CF37A919B7}.Debug|Any CPU.ActiveCfg = Debug|Any CPU
		{7C460953-7E23-436E-9EA9-E4CF37A919B7}.Debug|Any CPU.Build.0 = Debug|Any CPU
		{7C460953-7E23-436E-9EA9-E4CF37A919B7}.Debug|x64.ActiveCfg = Debug|Any CPU
		{7C460953-7E23-436E-9EA9-E4CF37A919B7}.Debug|x64.Build.0 = Debug|Any CPU
		{7C460953-7E23-436E-9EA9-E4CF37A919B7}.Debug|x86.ActiveCfg = Debug|Any CPU
		{7C460953-7E23-436E-9EA9-E4CF37A919B7}.Debug|x86.Build.0 = Debug|Any CPU
		{7C460953-7E23-436E-9EA9-E4CF37A919B7}.Release|Any CPU.ActiveCfg = Release|Any CPU
		{7C460953-7E23-436E-9EA9-E4CF37A919B7}.Release|Any CPU.Build.0 = Release|Any CPU
		{7C460953-7E23-436E-9EA9-E4CF37A919B7}.Release|x64.ActiveCfg = Release|Any CPU
		{7C460953-7E23-436E-9EA9-E4CF37A919B7}.Release|x64.Build.0 = Release|Any CPU
		{7C460953-7E23-436E-9EA9-E4CF37A919B7}.Release|x86.ActiveCfg = Release|Any CPU
		{7C460953-7E23-436E-9EA9-E4CF37A919B7}.Release|x86.Build.0 = Release|Any CPU
		{91CBD27F-5069-4FD2-AC61-15A69D65E202}.Debug|Any CPU.ActiveCfg = Debug|Any CPU
		{91CBD27F-5069-4FD2-AC61-15A69D65E202}.Debug|Any CPU.Build.0 = Debug|Any CPU
		{91CBD27F-5069-4FD2-AC61-15A69D65E202}.Debug|x64.ActiveCfg = Debug|Any CPU
		{91CBD27F-5069-4FD2-AC61-15A69D65E202}.Debug|x64.Build.0 = Debug|Any CPU
		{91CBD27F-5069-4FD2-AC61-15A69D65E202}.Debug|x86.ActiveCfg = Debug|Any CPU
		{91CBD27F-5069-4FD2-AC61-15A69D65E202}.Debug|x86.Build.0 = Debug|Any CPU
		{91CBD27F-5069-4FD2-AC61-15A69D65E202}.Release|Any CPU.ActiveCfg = Release|Any CPU
		{91CBD27F-5069-4FD2-AC61-15A69D65E202}.Release|Any CPU.Build.0 = Release|Any CPU
		{91CBD27F-5069-4FD2-AC61-15A69D65E202}.Release|x64.ActiveCfg = Release|Any CPU
		{91CBD27F-5069-4FD2-AC61-15A69D65E202}.Release|x64.Build.0 = Release|Any CPU
		{91CBD27F-5069-4FD2-AC61-15A69D65E202}.Release|x86.ActiveCfg = Release|Any CPU
		{91CBD27F-5069-4FD2-AC61-15A69D65E202}.Release|x86.Build.0 = Release|Any CPU
		{D399E9DD-3049-47A2-8BFF-CBE26EACED7E}.Debug|Any CPU.ActiveCfg = Debug|Any CPU
		{D399E9DD-3049-47A2-8BFF-CBE26EACED7E}.Debug|Any CPU.Build.0 = Debug|Any CPU
		{D399E9DD-3049-47A2-8BFF-CBE26EACED7E}.Debug|x64.ActiveCfg = Debug|Any CPU
		{D399E9DD-3049-47A2-8BFF-CBE26EACED7E}.Debug|x64.Build.0 = Debug|Any CPU
		{D399E9DD-3049-47A2-8BFF-CBE26EACED7E}.Debug|x86.ActiveCfg = Debug|Any CPU
		{D399E9DD-3049-47A2-8BFF-CBE26EACED7E}.Debug|x86.Build.0 = Debug|Any CPU
		{D399E9DD-3049-47A2-8BFF-CBE26EACED7E}.Release|Any CPU.ActiveCfg = Release|Any CPU
		{D399E9DD-3049-47A2-8BFF-CBE26EACED7E}.Release|Any CPU.Build.0 = Release|Any CPU
		{D399E9DD-3049-47A2-8BFF-CBE26EACED7E}.Release|x64.ActiveCfg = Release|Any CPU
		{D399E9DD-3049-47A2-8BFF-CBE26EACED7E}.Release|x64.Build.0 = Release|Any CPU
		{D399E9DD-3049-47A2-8BFF-CBE26EACED7E}.Release|x86.ActiveCfg = Release|Any CPU
		{D399E9DD-3049-47A2-8BFF-CBE26EACED7E}.Release|x86.Build.0 = Release|Any CPU
		{F5A9E29F-B47B-47F4-A25B-BC991DE3369C}.Debug|Any CPU.ActiveCfg = Debug|Any CPU
		{F5A9E29F-B47B-47F4-A25B-BC991DE3369C}.Debug|Any CPU.Build.0 = Debug|Any CPU
		{F5A9E29F-B47B-47F4-A25B-BC991DE3369C}.Debug|x64.ActiveCfg = Debug|Any CPU
		{F5A9E29F-B47B-47F4-A25B-BC991DE3369C}.Debug|x64.Build.0 = Debug|Any CPU
		{F5A9E29F-B47B-47F4-A25B-BC991DE3369C}.Debug|x86.ActiveCfg = Debug|Any CPU
		{F5A9E29F-B47B-47F4-A25B-BC991DE3369C}.Debug|x86.Build.0 = Debug|Any CPU
		{F5A9E29F-B47B-47F4-A25B-BC991DE3369C}.Release|Any CPU.ActiveCfg = Release|Any CPU
		{F5A9E29F-B47B-47F4-A25B-BC991DE3369C}.Release|Any CPU.Build.0 = Release|Any CPU
		{F5A9E29F-B47B-47F4-A25B-BC991DE3369C}.Release|x64.ActiveCfg = Release|Any CPU
		{F5A9E29F-B47B-47F4-A25B-BC991DE3369C}.Release|x64.Build.0 = Release|Any CPU
		{F5A9E29F-B47B-47F4-A25B-BC991DE3369C}.Release|x86.ActiveCfg = Release|Any CPU
		{F5A9E29F-B47B-47F4-A25B-BC991DE3369C}.Release|x86.Build.0 = Release|Any CPU
		{BB8A1F16-614A-428F-970F-CD5F1A981343}.Debug|Any CPU.ActiveCfg = Debug|Any CPU
		{BB8A1F16-614A-428F-970F-CD5F1A981343}.Debug|Any CPU.Build.0 = Debug|Any CPU
		{BB8A1F16-614A-428F-970F-CD5F1A981343}.Debug|x64.ActiveCfg = Debug|Any CPU
		{BB8A1F16-614A-428F-970F-CD5F1A981343}.Debug|x64.Build.0 = Debug|Any CPU
		{BB8A1F16-614A-428F-970F-CD5F1A981343}.Debug|x86.ActiveCfg = Debug|Any CPU
		{BB8A1F16-614A-428F-970F-CD5F1A981343}.Debug|x86.Build.0 = Debug|Any CPU
		{BB8A1F16-614A-428F-970F-CD5F1A981343}.Release|Any CPU.ActiveCfg = Release|Any CPU
		{BB8A1F16-614A-428F-970F-CD5F1A981343}.Release|Any CPU.Build.0 = Release|Any CPU
		{BB8A1F16-614A-428F-970F-CD5F1A981343}.Release|x64.ActiveCfg = Release|Any CPU
		{BB8A1F16-614A-428F-970F-CD5F1A981343}.Release|x64.Build.0 = Release|Any CPU
		{BB8A1F16-614A-428F-970F-CD5F1A981343}.Release|x86.ActiveCfg = Release|Any CPU
		{BB8A1F16-614A-428F-970F-CD5F1A981343}.Release|x86.Build.0 = Release|Any CPU
		{B4B5DA8E-E2EA-49CB-8B8C-4E157D42E710}.Debug|Any CPU.ActiveCfg = Debug|Any CPU
		{B4B5DA8E-E2EA-49CB-8B8C-4E157D42E710}.Debug|Any CPU.Build.0 = Debug|Any CPU
		{B4B5DA8E-E2EA-49CB-8B8C-4E157D42E710}.Debug|x64.ActiveCfg = Debug|Any CPU
		{B4B5DA8E-E2EA-49CB-8B8C-4E157D42E710}.Debug|x64.Build.0 = Debug|Any CPU
		{B4B5DA8E-E2EA-49CB-8B8C-4E157D42E710}.Debug|x86.ActiveCfg = Debug|Any CPU
		{B4B5DA8E-E2EA-49CB-8B8C-4E157D42E710}.Debug|x86.Build.0 = Debug|Any CPU
		{B4B5DA8E-E2EA-49CB-8B8C-4E157D42E710}.Release|Any CPU.ActiveCfg = Release|Any CPU
		{B4B5DA8E-E2EA-49CB-8B8C-4E157D42E710}.Release|Any CPU.Build.0 = Release|Any CPU
		{B4B5DA8E-E2EA-49CB-8B8C-4E157D42E710}.Release|x64.ActiveCfg = Release|Any CPU
		{B4B5DA8E-E2EA-49CB-8B8C-4E157D42E710}.Release|x64.Build.0 = Release|Any CPU
		{B4B5DA8E-E2EA-49CB-8B8C-4E157D42E710}.Release|x86.ActiveCfg = Release|Any CPU
		{B4B5DA8E-E2EA-49CB-8B8C-4E157D42E710}.Release|x86.Build.0 = Release|Any CPU
		{FC849626-89C9-4F50-A2CA-53C4315A87F8}.Debug|Any CPU.ActiveCfg = Debug|Any CPU
		{FC849626-89C9-4F50-A2CA-53C4315A87F8}.Debug|Any CPU.Build.0 = Debug|Any CPU
		{FC849626-89C9-4F50-A2CA-53C4315A87F8}.Debug|x64.ActiveCfg = Debug|Any CPU
		{FC849626-89C9-4F50-A2CA-53C4315A87F8}.Debug|x64.Build.0 = Debug|Any CPU
		{FC849626-89C9-4F50-A2CA-53C4315A87F8}.Debug|x86.ActiveCfg = Debug|Any CPU
		{FC849626-89C9-4F50-A2CA-53C4315A87F8}.Debug|x86.Build.0 = Debug|Any CPU
		{FC849626-89C9-4F50-A2CA-53C4315A87F8}.Release|Any CPU.ActiveCfg = Release|Any CPU
		{FC849626-89C9-4F50-A2CA-53C4315A87F8}.Release|Any CPU.Build.0 = Release|Any CPU
		{FC849626-89C9-4F50-A2CA-53C4315A87F8}.Release|x64.ActiveCfg = Release|Any CPU
		{FC849626-89C9-4F50-A2CA-53C4315A87F8}.Release|x64.Build.0 = Release|Any CPU
		{FC849626-89C9-4F50-A2CA-53C4315A87F8}.Release|x86.ActiveCfg = Release|Any CPU
		{FC849626-89C9-4F50-A2CA-53C4315A87F8}.Release|x86.Build.0 = Release|Any CPU
		{5767D8F0-4ED9-4083-8BDC-ED9E65AA86EF}.Debug|Any CPU.ActiveCfg = Debug|Any CPU
		{5767D8F0-4ED9-4083-8BDC-ED9E65AA86EF}.Debug|Any CPU.Build.0 = Debug|Any CPU
		{5767D8F0-4ED9-4083-8BDC-ED9E65AA86EF}.Debug|x64.ActiveCfg = Debug|Any CPU
		{5767D8F0-4ED9-4083-8BDC-ED9E65AA86EF}.Debug|x64.Build.0 = Debug|Any CPU
		{5767D8F0-4ED9-4083-8BDC-ED9E65AA86EF}.Debug|x86.ActiveCfg = Debug|Any CPU
		{5767D8F0-4ED9-4083-8BDC-ED9E65AA86EF}.Debug|x86.Build.0 = Debug|Any CPU
		{5767D8F0-4ED9-4083-8BDC-ED9E65AA86EF}.Release|Any CPU.ActiveCfg = Release|Any CPU
		{5767D8F0-4ED9-4083-8BDC-ED9E65AA86EF}.Release|Any CPU.Build.0 = Release|Any CPU
		{5767D8F0-4ED9-4083-8BDC-ED9E65AA86EF}.Release|x64.ActiveCfg = Release|Any CPU
		{5767D8F0-4ED9-4083-8BDC-ED9E65AA86EF}.Release|x64.Build.0 = Release|Any CPU
		{5767D8F0-4ED9-4083-8BDC-ED9E65AA86EF}.Release|x86.ActiveCfg = Release|Any CPU
		{5767D8F0-4ED9-4083-8BDC-ED9E65AA86EF}.Release|x86.Build.0 = Release|Any CPU
		{92BA9F90-E25B-4A1C-9598-2295D3DFC12F}.Debug|Any CPU.ActiveCfg = Debug|Any CPU
		{92BA9F90-E25B-4A1C-9598-2295D3DFC12F}.Debug|Any CPU.Build.0 = Debug|Any CPU
		{92BA9F90-E25B-4A1C-9598-2295D3DFC12F}.Debug|x64.ActiveCfg = Debug|Any CPU
		{92BA9F90-E25B-4A1C-9598-2295D3DFC12F}.Debug|x64.Build.0 = Debug|Any CPU
		{92BA9F90-E25B-4A1C-9598-2295D3DFC12F}.Debug|x86.ActiveCfg = Debug|Any CPU
		{92BA9F90-E25B-4A1C-9598-2295D3DFC12F}.Debug|x86.Build.0 = Debug|Any CPU
		{92BA9F90-E25B-4A1C-9598-2295D3DFC12F}.Release|Any CPU.ActiveCfg = Release|Any CPU
		{92BA9F90-E25B-4A1C-9598-2295D3DFC12F}.Release|Any CPU.Build.0 = Release|Any CPU
		{92BA9F90-E25B-4A1C-9598-2295D3DFC12F}.Release|x64.ActiveCfg = Release|Any CPU
		{92BA9F90-E25B-4A1C-9598-2295D3DFC12F}.Release|x64.Build.0 = Release|Any CPU
		{92BA9F90-E25B-4A1C-9598-2295D3DFC12F}.Release|x86.ActiveCfg = Release|Any CPU
		{92BA9F90-E25B-4A1C-9598-2295D3DFC12F}.Release|x86.Build.0 = Release|Any CPU
		{3501AB72-3E05-45EE-9000-9515F5A139AC}.Debug|Any CPU.ActiveCfg = Debug|Any CPU
		{3501AB72-3E05-45EE-9000-9515F5A139AC}.Debug|Any CPU.Build.0 = Debug|Any CPU
		{3501AB72-3E05-45EE-9000-9515F5A139AC}.Debug|x64.ActiveCfg = Debug|Any CPU
		{3501AB72-3E05-45EE-9000-9515F5A139AC}.Debug|x64.Build.0 = Debug|Any CPU
		{3501AB72-3E05-45EE-9000-9515F5A139AC}.Debug|x86.ActiveCfg = Debug|Any CPU
		{3501AB72-3E05-45EE-9000-9515F5A139AC}.Debug|x86.Build.0 = Debug|Any CPU
		{3501AB72-3E05-45EE-9000-9515F5A139AC}.Release|Any CPU.ActiveCfg = Release|Any CPU
		{3501AB72-3E05-45EE-9000-9515F5A139AC}.Release|Any CPU.Build.0 = Release|Any CPU
		{3501AB72-3E05-45EE-9000-9515F5A139AC}.Release|x64.ActiveCfg = Release|Any CPU
		{3501AB72-3E05-45EE-9000-9515F5A139AC}.Release|x64.Build.0 = Release|Any CPU
		{3501AB72-3E05-45EE-9000-9515F5A139AC}.Release|x86.ActiveCfg = Release|Any CPU
		{3501AB72-3E05-45EE-9000-9515F5A139AC}.Release|x86.Build.0 = Release|Any CPU
		{04B21F0F-E645-44E3-868B-3C97E435FB74}.Debug|Any CPU.ActiveCfg = Debug|Any CPU
		{04B21F0F-E645-44E3-868B-3C97E435FB74}.Debug|Any CPU.Build.0 = Debug|Any CPU
		{04B21F0F-E645-44E3-868B-3C97E435FB74}.Debug|x64.ActiveCfg = Debug|Any CPU
		{04B21F0F-E645-44E3-868B-3C97E435FB74}.Debug|x64.Build.0 = Debug|Any CPU
		{04B21F0F-E645-44E3-868B-3C97E435FB74}.Debug|x86.ActiveCfg = Debug|Any CPU
		{04B21F0F-E645-44E3-868B-3C97E435FB74}.Debug|x86.Build.0 = Debug|Any CPU
		{04B21F0F-E645-44E3-868B-3C97E435FB74}.Release|Any CPU.ActiveCfg = Release|Any CPU
		{04B21F0F-E645-44E3-868B-3C97E435FB74}.Release|Any CPU.Build.0 = Release|Any CPU
		{04B21F0F-E645-44E3-868B-3C97E435FB74}.Release|x64.ActiveCfg = Release|Any CPU
		{04B21F0F-E645-44E3-868B-3C97E435FB74}.Release|x64.Build.0 = Release|Any CPU
		{04B21F0F-E645-44E3-868B-3C97E435FB74}.Release|x86.ActiveCfg = Release|Any CPU
		{04B21F0F-E645-44E3-868B-3C97E435FB74}.Release|x86.Build.0 = Release|Any CPU
		{27351B2F-325B-4843-9F4C-BC53FD06A7B5}.Debug|Any CPU.ActiveCfg = Debug|Any CPU
		{27351B2F-325B-4843-9F4C-BC53FD06A7B5}.Debug|Any CPU.Build.0 = Debug|Any CPU
		{27351B2F-325B-4843-9F4C-BC53FD06A7B5}.Debug|x64.ActiveCfg = Debug|Any CPU
		{27351B2F-325B-4843-9F4C-BC53FD06A7B5}.Debug|x64.Build.0 = Debug|Any CPU
		{27351B2F-325B-4843-9F4C-BC53FD06A7B5}.Debug|x86.ActiveCfg = Debug|Any CPU
		{27351B2F-325B-4843-9F4C-BC53FD06A7B5}.Debug|x86.Build.0 = Debug|Any CPU
		{27351B2F-325B-4843-9F4C-BC53FD06A7B5}.Release|Any CPU.ActiveCfg = Release|Any CPU
		{27351B2F-325B-4843-9F4C-BC53FD06A7B5}.Release|Any CPU.Build.0 = Release|Any CPU
		{27351B2F-325B-4843-9F4C-BC53FD06A7B5}.Release|x64.ActiveCfg = Release|Any CPU
		{27351B2F-325B-4843-9F4C-BC53FD06A7B5}.Release|x64.Build.0 = Release|Any CPU
		{27351B2F-325B-4843-9F4C-BC53FD06A7B5}.Release|x86.ActiveCfg = Release|Any CPU
		{27351B2F-325B-4843-9F4C-BC53FD06A7B5}.Release|x86.Build.0 = Release|Any CPU
		{CF517B15-B307-4660-87D5-CC036ADECD4B}.Debug|Any CPU.ActiveCfg = Debug|Any CPU
		{CF517B15-B307-4660-87D5-CC036ADECD4B}.Debug|Any CPU.Build.0 = Debug|Any CPU
		{CF517B15-B307-4660-87D5-CC036ADECD4B}.Debug|x64.ActiveCfg = Debug|x64
		{CF517B15-B307-4660-87D5-CC036ADECD4B}.Debug|x64.Build.0 = Debug|x64
		{CF517B15-B307-4660-87D5-CC036ADECD4B}.Debug|x86.ActiveCfg = Debug|x86
		{CF517B15-B307-4660-87D5-CC036ADECD4B}.Debug|x86.Build.0 = Debug|x86
		{CF517B15-B307-4660-87D5-CC036ADECD4B}.Release|Any CPU.ActiveCfg = Release|Any CPU
		{CF517B15-B307-4660-87D5-CC036ADECD4B}.Release|Any CPU.Build.0 = Release|Any CPU
		{CF517B15-B307-4660-87D5-CC036ADECD4B}.Release|x64.ActiveCfg = Release|x64
		{CF517B15-B307-4660-87D5-CC036ADECD4B}.Release|x64.Build.0 = Release|x64
		{CF517B15-B307-4660-87D5-CC036ADECD4B}.Release|x86.ActiveCfg = Release|x86
		{CF517B15-B307-4660-87D5-CC036ADECD4B}.Release|x86.Build.0 = Release|x86
		{42A0CAB4-FFAD-47D4-9880-C0F4EDCF93DE}.Debug|Any CPU.ActiveCfg = Debug|Any CPU
		{42A0CAB4-FFAD-47D4-9880-C0F4EDCF93DE}.Debug|Any CPU.Build.0 = Debug|Any CPU
		{42A0CAB4-FFAD-47D4-9880-C0F4EDCF93DE}.Debug|x64.ActiveCfg = Debug|Any CPU
		{42A0CAB4-FFAD-47D4-9880-C0F4EDCF93DE}.Debug|x64.Build.0 = Debug|Any CPU
		{42A0CAB4-FFAD-47D4-9880-C0F4EDCF93DE}.Debug|x86.ActiveCfg = Debug|Any CPU
		{42A0CAB4-FFAD-47D4-9880-C0F4EDCF93DE}.Debug|x86.Build.0 = Debug|Any CPU
		{42A0CAB4-FFAD-47D4-9880-C0F4EDCF93DE}.Release|Any CPU.ActiveCfg = Release|Any CPU
		{42A0CAB4-FFAD-47D4-9880-C0F4EDCF93DE}.Release|Any CPU.Build.0 = Release|Any CPU
		{42A0CAB4-FFAD-47D4-9880-C0F4EDCF93DE}.Release|x64.ActiveCfg = Release|Any CPU
		{42A0CAB4-FFAD-47D4-9880-C0F4EDCF93DE}.Release|x64.Build.0 = Release|Any CPU
		{42A0CAB4-FFAD-47D4-9880-C0F4EDCF93DE}.Release|x86.ActiveCfg = Release|Any CPU
		{42A0CAB4-FFAD-47D4-9880-C0F4EDCF93DE}.Release|x86.Build.0 = Release|Any CPU
		{D9A582B8-1FE2-45D5-B139-0BA828FE3691}.Debug|Any CPU.ActiveCfg = Debug|Any CPU
		{D9A582B8-1FE2-45D5-B139-0BA828FE3691}.Debug|Any CPU.Build.0 = Debug|Any CPU
		{D9A582B8-1FE2-45D5-B139-0BA828FE3691}.Debug|x64.ActiveCfg = Debug|x64
		{D9A582B8-1FE2-45D5-B139-0BA828FE3691}.Debug|x64.Build.0 = Debug|x64
		{D9A582B8-1FE2-45D5-B139-0BA828FE3691}.Debug|x86.ActiveCfg = Debug|x86
		{D9A582B8-1FE2-45D5-B139-0BA828FE3691}.Debug|x86.Build.0 = Debug|x86
		{D9A582B8-1FE2-45D5-B139-0BA828FE3691}.Release|Any CPU.ActiveCfg = Release|Any CPU
		{D9A582B8-1FE2-45D5-B139-0BA828FE3691}.Release|Any CPU.Build.0 = Release|Any CPU
		{D9A582B8-1FE2-45D5-B139-0BA828FE3691}.Release|x64.ActiveCfg = Release|x64
		{D9A582B8-1FE2-45D5-B139-0BA828FE3691}.Release|x64.Build.0 = Release|x64
		{D9A582B8-1FE2-45D5-B139-0BA828FE3691}.Release|x86.ActiveCfg = Release|x86
		{D9A582B8-1FE2-45D5-B139-0BA828FE3691}.Release|x86.Build.0 = Release|x86
		{D23AFC9C-8FD5-45DD-A84C-0E6528C42F0E}.Debug|Any CPU.ActiveCfg = Debug|Any CPU
		{D23AFC9C-8FD5-45DD-A84C-0E6528C42F0E}.Debug|Any CPU.Build.0 = Debug|Any CPU
		{D23AFC9C-8FD5-45DD-A84C-0E6528C42F0E}.Debug|x64.ActiveCfg = Debug|x64
		{D23AFC9C-8FD5-45DD-A84C-0E6528C42F0E}.Debug|x64.Build.0 = Debug|x64
		{D23AFC9C-8FD5-45DD-A84C-0E6528C42F0E}.Debug|x86.ActiveCfg = Debug|x86
		{D23AFC9C-8FD5-45DD-A84C-0E6528C42F0E}.Debug|x86.Build.0 = Debug|x86
		{D23AFC9C-8FD5-45DD-A84C-0E6528C42F0E}.Release|Any CPU.ActiveCfg = Release|Any CPU
		{D23AFC9C-8FD5-45DD-A84C-0E6528C42F0E}.Release|Any CPU.Build.0 = Release|Any CPU
		{D23AFC9C-8FD5-45DD-A84C-0E6528C42F0E}.Release|x64.ActiveCfg = Release|x64
		{D23AFC9C-8FD5-45DD-A84C-0E6528C42F0E}.Release|x64.Build.0 = Release|x64
		{D23AFC9C-8FD5-45DD-A84C-0E6528C42F0E}.Release|x86.ActiveCfg = Release|x86
		{D23AFC9C-8FD5-45DD-A84C-0E6528C42F0E}.Release|x86.Build.0 = Release|x86
	EndGlobalSection
	GlobalSection(SolutionProperties) = preSolution
		HideSolutionNode = FALSE
	EndGlobalSection
	GlobalSection(NestedProjects) = preSolution
		{FC849626-89C9-4F50-A2CA-53C4315A87F8} = {5FF48976-B083-4E3B-A8E7-6FCD225D5C8E}
		{5767D8F0-4ED9-4083-8BDC-ED9E65AA86EF} = {15DDC326-69C3-4081-8AA1-B578B2BDE2C6}
		{92BA9F90-E25B-4A1C-9598-2295D3DFC12F} = {BB393A93-1770-4753-B7D6-56F0DD378177}
	EndGlobalSection
EndGlobal
