
Microsoft Visual Studio Solution File, Format Version 12.00
# Visual Studio 14
VisualStudioVersion = 14.0.25123.0
MinimumVisualStudioVersion = 10.0.40219.1
Project("{2150E333-8FDC-42A3-9474-1A3956D46DE8}") = "Tasks", "Tasks", "{1FEED16D-E07D-47C1-BB4C-56CD9F42B53B}"
EndProject
Project("{2150E333-8FDC-42A3-9474-1A3956D46DE8}") = "Tests", "Tests", "{580D1AE7-AA8F-4912-8B76-105594E00B3B}"
EndProject
Project("{FAE04EC0-301F-11D3-BF4B-00C04F79EFBC}") = "Microsoft.NETCore.Build.Tasks", "src\Tasks\Microsoft.NETCore.Build.Tasks\Microsoft.NETCore.Build.Tasks.csproj", "{DF7D2697-B3B4-45C2-8297-27245F528A99}"
EndProject
Project("{2150E333-8FDC-42A3-9474-1A3956D46DE8}") = "Solution Items", "Solution Items", "{9CAEE03D-60F1-4E77-B25B-9CD8757E1F09}"
	ProjectSection(SolutionItems) = preProject
		build.cmd = build.cmd
		build.ps1 = build.ps1
		Common.props = Common.props
	EndProjectSection
EndProject
Project("{2150E333-8FDC-42A3-9474-1A3956D46DE8}") = "build", "build", "{50A89C27-BA35-44B2-AC57-E54551791C64}"
	ProjectSection(SolutionItems) = preProject
		build\build.proj = build\build.proj
	EndProjectSection
EndProject
Project("{2150E333-8FDC-42A3-9474-1A3956D46DE8}") = "Nuget", "Nuget", "{13EE1E3C-D7F4-48D3-87AE-94CBCCF574E9}"
	ProjectSection(SolutionItems) = preProject
		build\Nuget\Microsoft.NETCore.Nuget.proj = build\Nuget\Microsoft.NETCore.Nuget.proj
		build\Nuget\Microsoft.NETCore.Sdk.Nuget.targets = build\Nuget\Microsoft.NETCore.Sdk.Nuget.targets
		build\Nuget\Microsoft.NETCore.Sdk.nuspec = build\Nuget\Microsoft.NETCore.Sdk.nuspec
	EndProjectSection
EndProject
Project("{2150E333-8FDC-42A3-9474-1A3956D46DE8}") = "Signing", "Signing", "{385C3C61-B7FC-4447-A88D-6D018B7CE5E4}"
	ProjectSection(SolutionItems) = preProject
		build\Signing\Microsoft.NETCore.Signing.proj = build\Signing\Microsoft.NETCore.Signing.proj
		build\Signing\SignToolConfig.json = build\Signing\SignToolConfig.json
	EndProjectSection
EndProject
Project("{FAE04EC0-301F-11D3-BF4B-00C04F79EFBC}") = "Microsoft.NETCore.Build.Tasks.UnitTests", "src\Tasks\Microsoft.NETCore.Build.Tasks.UnitTests\Microsoft.NETCore.Build.Tasks.UnitTests.csproj", "{6A698C1D-F604-4295-B6FC-7FC726F9FE5F}"
EndProject
Project("{FAE04EC0-301F-11D3-BF4B-00C04F79EFBC}") = "Microsoft.NETCore.TestFramework", "test\Microsoft.NETCore.TestFramework\Microsoft.NETCore.TestFramework.csproj", "{A33548A0-F3B0-40C3-8C4D-AD2F00596CD6}"
EndProject
Project("{FAE04EC0-301F-11D3-BF4B-00C04F79EFBC}") = "Microsoft.NETCore.Publish.Tests", "test\Microsoft.NETCore.Publish.Tests\Microsoft.NETCore.Publish.Tests.csproj", "{7F31F2C6-6395-400C-ABE3-5A1CEF208096}"
EndProject
Project("{2150E333-8FDC-42A3-9474-1A3956D46DE8}") = "Dependencies", "Dependencies", "{3B295650-6CBF-486F-9E25-F96EE03B7CAE}"
EndProject
Project("{FAE04EC0-301F-11D3-BF4B-00C04F79EFBC}") = "xUnit.net", "src\Dependencies\xUnit.net\xUnit.net.csproj", "{94F9B889-635A-48A7-A0CB-BAE5D6C9A91A}"
EndProject
Project("{FAE04EC0-301F-11D3-BF4B-00C04F79EFBC}") = "SignTool", "src\Dependencies\SignTool\SignTool.csproj", "{98883ACD-BE3A-4533-953D-1BE25981BA02}"
EndProject
Project("{2150E333-8FDC-42A3-9474-1A3956D46DE8}") = "Targets", "Targets", "{0C1312C0-0A29-4EB2-8294-6D1C54D78F61}"
	ProjectSection(SolutionItems) = preProject
		build\Targets\ProducesNoOutput.Imports.props = build\Targets\ProducesNoOutput.Imports.props
		build\Targets\ProducesNoOutput.Settings.props = build\Targets\ProducesNoOutput.Settings.props
		build\Targets\Templates.Imports.targets = build\Targets\Templates.Imports.targets
	EndProjectSection
EndProject
Project("{FAE04EC0-301F-11D3-BF4B-00C04F79EFBC}") = "Microsoft.NETCore.Build.Tests", "test\Microsoft.NETCore.Build.Tests\Microsoft.NETCore.Build.Tests.csproj", "{EC640B7E-332E-40A2-BB6E-5B7EC788F315}"
EndProject
Global
	GlobalSection(SolutionConfigurationPlatforms) = preSolution
		Debug|Any CPU = Debug|Any CPU
		Release|Any CPU = Release|Any CPU
	EndGlobalSection
	GlobalSection(ProjectConfigurationPlatforms) = postSolution
		{DF7D2697-B3B4-45C2-8297-27245F528A99}.Debug|Any CPU.ActiveCfg = Debug|Any CPU
		{DF7D2697-B3B4-45C2-8297-27245F528A99}.Debug|Any CPU.Build.0 = Debug|Any CPU
		{DF7D2697-B3B4-45C2-8297-27245F528A99}.Release|Any CPU.ActiveCfg = Release|Any CPU
		{DF7D2697-B3B4-45C2-8297-27245F528A99}.Release|Any CPU.Build.0 = Release|Any CPU
		{6A698C1D-F604-4295-B6FC-7FC726F9FE5F}.Debug|Any CPU.ActiveCfg = Debug|Any CPU
		{6A698C1D-F604-4295-B6FC-7FC726F9FE5F}.Debug|Any CPU.Build.0 = Debug|Any CPU
		{6A698C1D-F604-4295-B6FC-7FC726F9FE5F}.Release|Any CPU.ActiveCfg = Release|Any CPU
		{6A698C1D-F604-4295-B6FC-7FC726F9FE5F}.Release|Any CPU.Build.0 = Release|Any CPU
		{A33548A0-F3B0-40C3-8C4D-AD2F00596CD6}.Debug|Any CPU.ActiveCfg = Debug|Any CPU
		{A33548A0-F3B0-40C3-8C4D-AD2F00596CD6}.Debug|Any CPU.Build.0 = Debug|Any CPU
		{A33548A0-F3B0-40C3-8C4D-AD2F00596CD6}.Release|Any CPU.ActiveCfg = Release|Any CPU
		{A33548A0-F3B0-40C3-8C4D-AD2F00596CD6}.Release|Any CPU.Build.0 = Release|Any CPU
		{7F31F2C6-6395-400C-ABE3-5A1CEF208096}.Debug|Any CPU.ActiveCfg = Debug|Any CPU
		{7F31F2C6-6395-400C-ABE3-5A1CEF208096}.Debug|Any CPU.Build.0 = Debug|Any CPU
		{7F31F2C6-6395-400C-ABE3-5A1CEF208096}.Release|Any CPU.ActiveCfg = Release|Any CPU
		{7F31F2C6-6395-400C-ABE3-5A1CEF208096}.Release|Any CPU.Build.0 = Release|Any CPU
		{94F9B889-635A-48A7-A0CB-BAE5D6C9A91A}.Debug|Any CPU.ActiveCfg = Debug|Any CPU
		{94F9B889-635A-48A7-A0CB-BAE5D6C9A91A}.Debug|Any CPU.Build.0 = Debug|Any CPU
		{94F9B889-635A-48A7-A0CB-BAE5D6C9A91A}.Release|Any CPU.ActiveCfg = Release|Any CPU
		{94F9B889-635A-48A7-A0CB-BAE5D6C9A91A}.Release|Any CPU.Build.0 = Release|Any CPU
		{98883ACD-BE3A-4533-953D-1BE25981BA02}.Debug|Any CPU.ActiveCfg = Debug|Any CPU
		{98883ACD-BE3A-4533-953D-1BE25981BA02}.Release|Any CPU.ActiveCfg = Debug|Any CPU
		{EC640B7E-332E-40A2-BB6E-5B7EC788F315}.Debug|Any CPU.ActiveCfg = Debug|Any CPU
		{EC640B7E-332E-40A2-BB6E-5B7EC788F315}.Debug|Any CPU.Build.0 = Debug|Any CPU
		{EC640B7E-332E-40A2-BB6E-5B7EC788F315}.Release|Any CPU.ActiveCfg = Release|Any CPU
		{EC640B7E-332E-40A2-BB6E-5B7EC788F315}.Release|Any CPU.Build.0 = Release|Any CPU
	EndGlobalSection
	GlobalSection(SolutionProperties) = preSolution
		HideSolutionNode = FALSE
	EndGlobalSection
	GlobalSection(NestedProjects) = preSolution
		{DF7D2697-B3B4-45C2-8297-27245F528A99} = {1FEED16D-E07D-47C1-BB4C-56CD9F42B53B}
		{13EE1E3C-D7F4-48D3-87AE-94CBCCF574E9} = {50A89C27-BA35-44B2-AC57-E54551791C64}
		{385C3C61-B7FC-4447-A88D-6D018B7CE5E4} = {50A89C27-BA35-44B2-AC57-E54551791C64}
		{6A698C1D-F604-4295-B6FC-7FC726F9FE5F} = {1FEED16D-E07D-47C1-BB4C-56CD9F42B53B}
		{A33548A0-F3B0-40C3-8C4D-AD2F00596CD6} = {580D1AE7-AA8F-4912-8B76-105594E00B3B}
		{7F31F2C6-6395-400C-ABE3-5A1CEF208096} = {580D1AE7-AA8F-4912-8B76-105594E00B3B}
		{94F9B889-635A-48A7-A0CB-BAE5D6C9A91A} = {3B295650-6CBF-486F-9E25-F96EE03B7CAE}
		{98883ACD-BE3A-4533-953D-1BE25981BA02} = {3B295650-6CBF-486F-9E25-F96EE03B7CAE}
		{0C1312C0-0A29-4EB2-8294-6D1C54D78F61} = {50A89C27-BA35-44B2-AC57-E54551791C64}
		{EC640B7E-332E-40A2-BB6E-5B7EC788F315} = {580D1AE7-AA8F-4912-8B76-105594E00B3B}
	EndGlobalSection
EndGlobal
