
Microsoft Visual Studio Solution File, Format Version 12.00
# Visual Studio 14
VisualStudioVersion = 14.0.23107.0
MinimumVisualStudioVersion = 10.0.40219.1
Project("{8BB2217D-0F2D-49D1-97BC-3654ED321F3B}") = "Microsoft.DotNet.Cli", "src\Microsoft.DotNet.Cli\Microsoft.DotNet.Cli.xproj", "{60CF7E6C-D6C8-439D-B7B7-D8A27E29BE2C}"
EndProject
Project("{2150E333-8FDC-42A3-9474-1A3956D46DE8}") = "src", "src", "{ED2FE3E2-F7E7-4389-8231-B65123F2076F}"
EndProject
Project("{2150E333-8FDC-42A3-9474-1A3956D46DE8}") = "Solution Items", "Solution Items", "{5A29E8E3-A0FC-4C57-81DD-297B56D1A119}"
	ProjectSection(SolutionItems) = preProject
		global.json = global.json
		NuGet.Config = NuGet.Config
	EndProjectSection
EndProject
Project("{8BB2217D-0F2D-49D1-97BC-3654ED321F3B}") = "Microsoft.DotNet.Cli.Utils", "src\Microsoft.DotNet.Cli.Utils\Microsoft.DotNet.Cli.Utils.xproj", "{61B7C351-C77D-43F7-B56F-BB1440178E10}"
EndProject
Project("{8BB2217D-0F2D-49D1-97BC-3654ED321F3B}") = "Microsoft.DotNet.Tools.Compiler", "src\Microsoft.DotNet.Tools.Compiler\Microsoft.DotNet.Tools.Compiler.xproj", "{0A309227-A9D8-4DDF-88DD-326B57B04378}"
EndProject
Project("{8BB2217D-0F2D-49D1-97BC-3654ED321F3B}") = "Microsoft.DotNet.Tools.Publish", "src\Microsoft.DotNet.Tools.Publish\Microsoft.DotNet.Tools.Publish.xproj", "{391D6AD6-0FD5-4E1E-A4C8-6B5439D197B5}"
EndProject
Project("{8BB2217D-0F2D-49D1-97BC-3654ED321F3B}") = "Microsoft.DotNet.Tools.Compiler.Csc", "src\Microsoft.DotNet.Tools.Compiler.Csc\Microsoft.DotNet.Tools.Compiler.Csc.xproj", "{B559378C-FC03-45FA-893C-71784F28E0A2}"
EndProject
Project("{8BB2217D-0F2D-49D1-97BC-3654ED321F3B}") = "Microsoft.DotNet.Tools.Repl", "src\Microsoft.DotNet.Tools.Repl\Microsoft.DotNet.Tools.Repl.xproj", "{B317356C-99DE-499E-8B4D-D6BEC5DA57D5}"
EndProject
Project("{8BB2217D-0F2D-49D1-97BC-3654ED321F3B}") = "Microsoft.DotNet.Tools.Repl.Csi", "src\Microsoft.DotNet.Tools.Repl.Csi\Microsoft.DotNet.Tools.Repl.Csi.xproj", "{717A4ED9-8897-492F-BD0C-230FCAEA9237}"
EndProject
Project("{8BB2217D-0F2D-49D1-97BC-3654ED321F3B}") = "Microsoft.DotNet.Tools.Resgen", "src\Microsoft.DotNet.Tools.Resgen\Microsoft.DotNet.Tools.Resgen.xproj", "{585FC6F6-48E0-4EA5-8015-0264614E97C0}"
EndProject
Project("{8BB2217D-0F2D-49D1-97BC-3654ED321F3B}") = "Microsoft.DotNet.ProjectModel", "src\Microsoft.DotNet.ProjectModel\Microsoft.DotNet.ProjectModel.xproj", "{303677D5-7312-4C3F-BAEE-BEB1A9BD9FE6}"
EndProject
Project("{2150E333-8FDC-42A3-9474-1A3956D46DE8}") = "corehost", "corehost", "{C0CA389D-A35E-4082-BC05-598C9D6301BC}"
EndProject
Project("{8BB2217D-0F2D-49D1-97BC-3654ED321F3B}") = "Microsoft.DotNet.Tools.Run", "src\Microsoft.DotNet.Tools.Run\Microsoft.DotNet.Tools.Run.xproj", "{1C16108C-C786-482D-BB0A-36BDAFE109ED}"
EndProject
Project("{8BB2217D-0F2D-49D1-97BC-3654ED321F3B}") = "Microsoft.DotNet.Compiler.Common", "src\Microsoft.DotNet.Compiler.Common\Microsoft.DotNet.Compiler.Common.xproj", "{A16958E1-24C7-4F1E-B317-204AD91625DD}"
EndProject
Project("{8BB2217D-0F2D-49D1-97BC-3654ED321F3B}") = "Microsoft.DotNet.Tools.Init", "src\Microsoft.DotNet.Tools.Init\Microsoft.DotNet.Tools.Init.xproj", "{BC765FBF-AD7A-4A99-9902-5540C5A74181}"
EndProject
Project("{8BB2217D-0F2D-49D1-97BC-3654ED321F3B}") = "Microsoft.DotNet.Tools.Compiler.Native", "src\Microsoft.DotNet.Tools.Compiler.Native\Microsoft.DotNet.Tools.Compiler.Native.xproj", "{172485DD-B94E-4F3E-851E-CF23908FF960}"
EndProject
Project("{8BC9CEB8-8B4A-11D0-8D11-00A0C91BC942}") = "ALL_BUILD", "src\corehost\cmake\win7-x64\ALL_BUILD.vcxproj", "{86A16EC3-EC30-391A-A411-9E7EF1357A0A}"
EndProject
Project("{8BC9CEB8-8B4A-11D0-8D11-00A0C91BC942}") = "corehost", "src\corehost\cmake\win7-x64\corehost.vcxproj", "{D22D1279-24FF-3F01-9ADB-9F23CA8AD062}"
EndProject
Project("{8BC9CEB8-8B4A-11D0-8D11-00A0C91BC942}") = "ZERO_CHECK", "src\corehost\cmake\win7-x64\ZERO_CHECK.vcxproj", "{AB25E68A-8581-30C1-B19C-61FCADE4774C}"
EndProject
Project("{8BB2217D-0F2D-49D1-97BC-3654ED321F3B}") = "Microsoft.DotNet.Tools.Pack", "src\Microsoft.DotNet.Tools.Pack\Microsoft.DotNet.Tools.Pack.xproj", "{0F480791-4BA0-44E3-8CC4-C71656664175}"
EndProject
Project("{8BB2217D-0F2D-49D1-97BC-3654ED321F3B}") = "Microsoft.DotNet.ProjectModel.Workspaces", "src\Microsoft.DotNet.ProjectModel.Workspaces\Microsoft.DotNet.ProjectModel.Workspaces.xproj", "{BD7833F8-3209-4682-BF75-B4BCA883E279}"
EndProject
Project("{8BB2217D-0F2D-49D1-97BC-3654ED321F3B}") = "Microsoft.DotNet.Runtime", "src\Microsoft.DotNet.Runtime\Microsoft.DotNet.Runtime.xproj", "{DB29F219-DC92-4AF7-A2EE-E89FFBB3F5F0}"
EndProject
Global
	GlobalSection(SolutionConfigurationPlatforms) = preSolution
		Debug|Any CPU = Debug|Any CPU
		Debug|x64 = Debug|x64
		MinSizeRel|Any CPU = MinSizeRel|Any CPU
		MinSizeRel|x64 = MinSizeRel|x64
		Release|Any CPU = Release|Any CPU
		Release|x64 = Release|x64
		RelWithDebInfo|Any CPU = RelWithDebInfo|Any CPU
		RelWithDebInfo|x64 = RelWithDebInfo|x64
	EndGlobalSection
	GlobalSection(ProjectConfigurationPlatforms) = postSolution
		{60CF7E6C-D6C8-439D-B7B7-D8A27E29BE2C}.Debug|Any CPU.ActiveCfg = Debug|Any CPU
		{60CF7E6C-D6C8-439D-B7B7-D8A27E29BE2C}.Debug|Any CPU.Build.0 = Debug|Any CPU
		{60CF7E6C-D6C8-439D-B7B7-D8A27E29BE2C}.Debug|x64.ActiveCfg = Debug|Any CPU
		{60CF7E6C-D6C8-439D-B7B7-D8A27E29BE2C}.Debug|x64.Build.0 = Debug|Any CPU
		{60CF7E6C-D6C8-439D-B7B7-D8A27E29BE2C}.MinSizeRel|Any CPU.ActiveCfg = Release|Any CPU
		{60CF7E6C-D6C8-439D-B7B7-D8A27E29BE2C}.MinSizeRel|Any CPU.Build.0 = Release|Any CPU
		{60CF7E6C-D6C8-439D-B7B7-D8A27E29BE2C}.MinSizeRel|x64.ActiveCfg = Release|Any CPU
		{60CF7E6C-D6C8-439D-B7B7-D8A27E29BE2C}.MinSizeRel|x64.Build.0 = Release|Any CPU
		{60CF7E6C-D6C8-439D-B7B7-D8A27E29BE2C}.Release|Any CPU.ActiveCfg = Release|Any CPU
		{60CF7E6C-D6C8-439D-B7B7-D8A27E29BE2C}.Release|Any CPU.Build.0 = Release|Any CPU
		{60CF7E6C-D6C8-439D-B7B7-D8A27E29BE2C}.Release|x64.ActiveCfg = Release|Any CPU
		{60CF7E6C-D6C8-439D-B7B7-D8A27E29BE2C}.Release|x64.Build.0 = Release|Any CPU
		{60CF7E6C-D6C8-439D-B7B7-D8A27E29BE2C}.RelWithDebInfo|Any CPU.ActiveCfg = Release|Any CPU
		{60CF7E6C-D6C8-439D-B7B7-D8A27E29BE2C}.RelWithDebInfo|Any CPU.Build.0 = Release|Any CPU
		{60CF7E6C-D6C8-439D-B7B7-D8A27E29BE2C}.RelWithDebInfo|x64.ActiveCfg = Release|Any CPU
		{60CF7E6C-D6C8-439D-B7B7-D8A27E29BE2C}.RelWithDebInfo|x64.Build.0 = Release|Any CPU
		{61B7C351-C77D-43F7-B56F-BB1440178E10}.Debug|Any CPU.ActiveCfg = Debug|Any CPU
		{61B7C351-C77D-43F7-B56F-BB1440178E10}.Debug|Any CPU.Build.0 = Debug|Any CPU
		{61B7C351-C77D-43F7-B56F-BB1440178E10}.Debug|x64.ActiveCfg = Debug|Any CPU
		{61B7C351-C77D-43F7-B56F-BB1440178E10}.Debug|x64.Build.0 = Debug|Any CPU
		{61B7C351-C77D-43F7-B56F-BB1440178E10}.MinSizeRel|Any CPU.ActiveCfg = Release|Any CPU
		{61B7C351-C77D-43F7-B56F-BB1440178E10}.MinSizeRel|Any CPU.Build.0 = Release|Any CPU
		{61B7C351-C77D-43F7-B56F-BB1440178E10}.MinSizeRel|x64.ActiveCfg = Release|Any CPU
		{61B7C351-C77D-43F7-B56F-BB1440178E10}.MinSizeRel|x64.Build.0 = Release|Any CPU
		{61B7C351-C77D-43F7-B56F-BB1440178E10}.Release|Any CPU.ActiveCfg = Release|Any CPU
		{61B7C351-C77D-43F7-B56F-BB1440178E10}.Release|Any CPU.Build.0 = Release|Any CPU
		{61B7C351-C77D-43F7-B56F-BB1440178E10}.Release|x64.ActiveCfg = Release|Any CPU
		{61B7C351-C77D-43F7-B56F-BB1440178E10}.Release|x64.Build.0 = Release|Any CPU
		{61B7C351-C77D-43F7-B56F-BB1440178E10}.RelWithDebInfo|Any CPU.ActiveCfg = Release|Any CPU
		{61B7C351-C77D-43F7-B56F-BB1440178E10}.RelWithDebInfo|Any CPU.Build.0 = Release|Any CPU
		{61B7C351-C77D-43F7-B56F-BB1440178E10}.RelWithDebInfo|x64.ActiveCfg = Release|Any CPU
		{61B7C351-C77D-43F7-B56F-BB1440178E10}.RelWithDebInfo|x64.Build.0 = Release|Any CPU
		{0A309227-A9D8-4DDF-88DD-326B57B04378}.Debug|Any CPU.ActiveCfg = Debug|Any CPU
		{0A309227-A9D8-4DDF-88DD-326B57B04378}.Debug|Any CPU.Build.0 = Debug|Any CPU
		{0A309227-A9D8-4DDF-88DD-326B57B04378}.Debug|x64.ActiveCfg = Debug|Any CPU
		{0A309227-A9D8-4DDF-88DD-326B57B04378}.Debug|x64.Build.0 = Debug|Any CPU
		{0A309227-A9D8-4DDF-88DD-326B57B04378}.MinSizeRel|Any CPU.ActiveCfg = Release|Any CPU
		{0A309227-A9D8-4DDF-88DD-326B57B04378}.MinSizeRel|Any CPU.Build.0 = Release|Any CPU
		{0A309227-A9D8-4DDF-88DD-326B57B04378}.MinSizeRel|x64.ActiveCfg = Release|Any CPU
		{0A309227-A9D8-4DDF-88DD-326B57B04378}.MinSizeRel|x64.Build.0 = Release|Any CPU
		{0A309227-A9D8-4DDF-88DD-326B57B04378}.Release|Any CPU.ActiveCfg = Release|Any CPU
		{0A309227-A9D8-4DDF-88DD-326B57B04378}.Release|Any CPU.Build.0 = Release|Any CPU
		{0A309227-A9D8-4DDF-88DD-326B57B04378}.Release|x64.ActiveCfg = Release|Any CPU
		{0A309227-A9D8-4DDF-88DD-326B57B04378}.Release|x64.Build.0 = Release|Any CPU
		{0A309227-A9D8-4DDF-88DD-326B57B04378}.RelWithDebInfo|Any CPU.ActiveCfg = Release|Any CPU
		{0A309227-A9D8-4DDF-88DD-326B57B04378}.RelWithDebInfo|Any CPU.Build.0 = Release|Any CPU
		{0A309227-A9D8-4DDF-88DD-326B57B04378}.RelWithDebInfo|x64.ActiveCfg = Release|Any CPU
		{0A309227-A9D8-4DDF-88DD-326B57B04378}.RelWithDebInfo|x64.Build.0 = Release|Any CPU
		{391D6AD6-0FD5-4E1E-A4C8-6B5439D197B5}.Debug|Any CPU.ActiveCfg = Debug|Any CPU
		{391D6AD6-0FD5-4E1E-A4C8-6B5439D197B5}.Debug|Any CPU.Build.0 = Debug|Any CPU
		{391D6AD6-0FD5-4E1E-A4C8-6B5439D197B5}.Debug|x64.ActiveCfg = Debug|Any CPU
		{391D6AD6-0FD5-4E1E-A4C8-6B5439D197B5}.Debug|x64.Build.0 = Debug|Any CPU
		{391D6AD6-0FD5-4E1E-A4C8-6B5439D197B5}.MinSizeRel|Any CPU.ActiveCfg = Release|Any CPU
		{391D6AD6-0FD5-4E1E-A4C8-6B5439D197B5}.MinSizeRel|Any CPU.Build.0 = Release|Any CPU
		{391D6AD6-0FD5-4E1E-A4C8-6B5439D197B5}.MinSizeRel|x64.ActiveCfg = Release|Any CPU
		{391D6AD6-0FD5-4E1E-A4C8-6B5439D197B5}.MinSizeRel|x64.Build.0 = Release|Any CPU
		{391D6AD6-0FD5-4E1E-A4C8-6B5439D197B5}.Release|Any CPU.ActiveCfg = Release|Any CPU
		{391D6AD6-0FD5-4E1E-A4C8-6B5439D197B5}.Release|Any CPU.Build.0 = Release|Any CPU
		{391D6AD6-0FD5-4E1E-A4C8-6B5439D197B5}.Release|x64.ActiveCfg = Release|Any CPU
		{391D6AD6-0FD5-4E1E-A4C8-6B5439D197B5}.Release|x64.Build.0 = Release|Any CPU
		{391D6AD6-0FD5-4E1E-A4C8-6B5439D197B5}.RelWithDebInfo|Any CPU.ActiveCfg = Release|Any CPU
		{391D6AD6-0FD5-4E1E-A4C8-6B5439D197B5}.RelWithDebInfo|Any CPU.Build.0 = Release|Any CPU
		{391D6AD6-0FD5-4E1E-A4C8-6B5439D197B5}.RelWithDebInfo|x64.ActiveCfg = Release|Any CPU
		{391D6AD6-0FD5-4E1E-A4C8-6B5439D197B5}.RelWithDebInfo|x64.Build.0 = Release|Any CPU
		{B559378C-FC03-45FA-893C-71784F28E0A2}.Debug|Any CPU.ActiveCfg = Debug|Any CPU
		{B559378C-FC03-45FA-893C-71784F28E0A2}.Debug|Any CPU.Build.0 = Debug|Any CPU
		{B559378C-FC03-45FA-893C-71784F28E0A2}.Debug|x64.ActiveCfg = Debug|Any CPU
		{B559378C-FC03-45FA-893C-71784F28E0A2}.Debug|x64.Build.0 = Debug|Any CPU
		{B559378C-FC03-45FA-893C-71784F28E0A2}.MinSizeRel|Any CPU.ActiveCfg = Release|Any CPU
		{B559378C-FC03-45FA-893C-71784F28E0A2}.MinSizeRel|Any CPU.Build.0 = Release|Any CPU
		{B559378C-FC03-45FA-893C-71784F28E0A2}.MinSizeRel|x64.ActiveCfg = Release|Any CPU
		{B559378C-FC03-45FA-893C-71784F28E0A2}.MinSizeRel|x64.Build.0 = Release|Any CPU
		{B559378C-FC03-45FA-893C-71784F28E0A2}.Release|Any CPU.ActiveCfg = Release|Any CPU
		{B559378C-FC03-45FA-893C-71784F28E0A2}.Release|Any CPU.Build.0 = Release|Any CPU
		{B559378C-FC03-45FA-893C-71784F28E0A2}.Release|x64.ActiveCfg = Release|Any CPU
		{B559378C-FC03-45FA-893C-71784F28E0A2}.Release|x64.Build.0 = Release|Any CPU
		{B559378C-FC03-45FA-893C-71784F28E0A2}.RelWithDebInfo|Any CPU.ActiveCfg = Release|Any CPU
		{B559378C-FC03-45FA-893C-71784F28E0A2}.RelWithDebInfo|Any CPU.Build.0 = Release|Any CPU
		{B559378C-FC03-45FA-893C-71784F28E0A2}.RelWithDebInfo|x64.ActiveCfg = Release|Any CPU
		{B559378C-FC03-45FA-893C-71784F28E0A2}.RelWithDebInfo|x64.Build.0 = Release|Any CPU
		{B317356C-99DE-499E-8B4D-D6BEC5DA57D5}.Debug|Any CPU.ActiveCfg = Debug|Any CPU
		{B317356C-99DE-499E-8B4D-D6BEC5DA57D5}.Debug|Any CPU.Build.0 = Debug|Any CPU
		{B317356C-99DE-499E-8B4D-D6BEC5DA57D5}.Debug|x64.ActiveCfg = Debug|Any CPU
		{B317356C-99DE-499E-8B4D-D6BEC5DA57D5}.Debug|x64.Build.0 = Debug|Any CPU
		{B317356C-99DE-499E-8B4D-D6BEC5DA57D5}.MinSizeRel|Any CPU.ActiveCfg = Release|Any CPU
		{B317356C-99DE-499E-8B4D-D6BEC5DA57D5}.MinSizeRel|Any CPU.Build.0 = Release|Any CPU
		{B317356C-99DE-499E-8B4D-D6BEC5DA57D5}.MinSizeRel|x64.ActiveCfg = Release|Any CPU
		{B317356C-99DE-499E-8B4D-D6BEC5DA57D5}.MinSizeRel|x64.Build.0 = Release|Any CPU
		{B317356C-99DE-499E-8B4D-D6BEC5DA57D5}.Release|Any CPU.ActiveCfg = Release|Any CPU
		{B317356C-99DE-499E-8B4D-D6BEC5DA57D5}.Release|Any CPU.Build.0 = Release|Any CPU
		{B317356C-99DE-499E-8B4D-D6BEC5DA57D5}.Release|x64.ActiveCfg = Release|Any CPU
		{B317356C-99DE-499E-8B4D-D6BEC5DA57D5}.Release|x64.Build.0 = Release|Any CPU
		{B317356C-99DE-499E-8B4D-D6BEC5DA57D5}.RelWithDebInfo|Any CPU.ActiveCfg = Release|Any CPU
		{B317356C-99DE-499E-8B4D-D6BEC5DA57D5}.RelWithDebInfo|Any CPU.Build.0 = Release|Any CPU
		{B317356C-99DE-499E-8B4D-D6BEC5DA57D5}.RelWithDebInfo|x64.ActiveCfg = Release|Any CPU
		{B317356C-99DE-499E-8B4D-D6BEC5DA57D5}.RelWithDebInfo|x64.Build.0 = Release|Any CPU
		{717A4ED9-8897-492F-BD0C-230FCAEA9237}.Debug|Any CPU.ActiveCfg = Debug|Any CPU
		{717A4ED9-8897-492F-BD0C-230FCAEA9237}.Debug|Any CPU.Build.0 = Debug|Any CPU
		{717A4ED9-8897-492F-BD0C-230FCAEA9237}.Debug|x64.ActiveCfg = Debug|Any CPU
		{717A4ED9-8897-492F-BD0C-230FCAEA9237}.Debug|x64.Build.0 = Debug|Any CPU
		{717A4ED9-8897-492F-BD0C-230FCAEA9237}.MinSizeRel|Any CPU.ActiveCfg = Debug|Any CPU
		{717A4ED9-8897-492F-BD0C-230FCAEA9237}.MinSizeRel|Any CPU.Build.0 = Debug|Any CPU
		{717A4ED9-8897-492F-BD0C-230FCAEA9237}.MinSizeRel|x64.ActiveCfg = Debug|Any CPU
		{717A4ED9-8897-492F-BD0C-230FCAEA9237}.MinSizeRel|x64.Build.0 = Debug|Any CPU
		{717A4ED9-8897-492F-BD0C-230FCAEA9237}.Release|Any CPU.ActiveCfg = Release|Any CPU
		{717A4ED9-8897-492F-BD0C-230FCAEA9237}.Release|Any CPU.Build.0 = Release|Any CPU
		{717A4ED9-8897-492F-BD0C-230FCAEA9237}.Release|x64.ActiveCfg = Release|Any CPU
		{717A4ED9-8897-492F-BD0C-230FCAEA9237}.Release|x64.Build.0 = Release|Any CPU
		{717A4ED9-8897-492F-BD0C-230FCAEA9237}.RelWithDebInfo|Any CPU.ActiveCfg = Release|Any CPU
		{717A4ED9-8897-492F-BD0C-230FCAEA9237}.RelWithDebInfo|Any CPU.Build.0 = Release|Any CPU
		{717A4ED9-8897-492F-BD0C-230FCAEA9237}.RelWithDebInfo|x64.ActiveCfg = Release|Any CPU
		{717A4ED9-8897-492F-BD0C-230FCAEA9237}.RelWithDebInfo|x64.Build.0 = Release|Any CPU
		{585FC6F6-48E0-4EA5-8015-0264614E97C0}.Debug|Any CPU.ActiveCfg = Debug|Any CPU
		{585FC6F6-48E0-4EA5-8015-0264614E97C0}.Debug|Any CPU.Build.0 = Debug|Any CPU
		{585FC6F6-48E0-4EA5-8015-0264614E97C0}.Debug|x64.ActiveCfg = Debug|Any CPU
		{585FC6F6-48E0-4EA5-8015-0264614E97C0}.Debug|x64.Build.0 = Debug|Any CPU
		{585FC6F6-48E0-4EA5-8015-0264614E97C0}.MinSizeRel|Any CPU.ActiveCfg = Release|Any CPU
		{585FC6F6-48E0-4EA5-8015-0264614E97C0}.MinSizeRel|Any CPU.Build.0 = Release|Any CPU
		{585FC6F6-48E0-4EA5-8015-0264614E97C0}.MinSizeRel|x64.ActiveCfg = Release|Any CPU
		{585FC6F6-48E0-4EA5-8015-0264614E97C0}.MinSizeRel|x64.Build.0 = Release|Any CPU
		{585FC6F6-48E0-4EA5-8015-0264614E97C0}.Release|Any CPU.ActiveCfg = Release|Any CPU
		{585FC6F6-48E0-4EA5-8015-0264614E97C0}.Release|Any CPU.Build.0 = Release|Any CPU
		{585FC6F6-48E0-4EA5-8015-0264614E97C0}.Release|x64.ActiveCfg = Release|Any CPU
		{585FC6F6-48E0-4EA5-8015-0264614E97C0}.Release|x64.Build.0 = Release|Any CPU
		{585FC6F6-48E0-4EA5-8015-0264614E97C0}.RelWithDebInfo|Any CPU.ActiveCfg = Release|Any CPU
		{585FC6F6-48E0-4EA5-8015-0264614E97C0}.RelWithDebInfo|Any CPU.Build.0 = Release|Any CPU
		{585FC6F6-48E0-4EA5-8015-0264614E97C0}.RelWithDebInfo|x64.ActiveCfg = Release|Any CPU
		{585FC6F6-48E0-4EA5-8015-0264614E97C0}.RelWithDebInfo|x64.Build.0 = Release|Any CPU
		{303677D5-7312-4C3F-BAEE-BEB1A9BD9FE6}.Debug|Any CPU.ActiveCfg = Debug|Any CPU
		{303677D5-7312-4C3F-BAEE-BEB1A9BD9FE6}.Debug|Any CPU.Build.0 = Debug|Any CPU
		{303677D5-7312-4C3F-BAEE-BEB1A9BD9FE6}.Debug|x64.ActiveCfg = Debug|Any CPU
		{303677D5-7312-4C3F-BAEE-BEB1A9BD9FE6}.Debug|x64.Build.0 = Debug|Any CPU
		{303677D5-7312-4C3F-BAEE-BEB1A9BD9FE6}.MinSizeRel|Any CPU.ActiveCfg = Release|Any CPU
		{303677D5-7312-4C3F-BAEE-BEB1A9BD9FE6}.MinSizeRel|Any CPU.Build.0 = Release|Any CPU
		{303677D5-7312-4C3F-BAEE-BEB1A9BD9FE6}.MinSizeRel|x64.ActiveCfg = Release|Any CPU
		{303677D5-7312-4C3F-BAEE-BEB1A9BD9FE6}.MinSizeRel|x64.Build.0 = Release|Any CPU
		{303677D5-7312-4C3F-BAEE-BEB1A9BD9FE6}.Release|Any CPU.ActiveCfg = Release|Any CPU
		{303677D5-7312-4C3F-BAEE-BEB1A9BD9FE6}.Release|Any CPU.Build.0 = Release|Any CPU
		{303677D5-7312-4C3F-BAEE-BEB1A9BD9FE6}.Release|x64.ActiveCfg = Release|Any CPU
		{303677D5-7312-4C3F-BAEE-BEB1A9BD9FE6}.Release|x64.Build.0 = Release|Any CPU
		{303677D5-7312-4C3F-BAEE-BEB1A9BD9FE6}.RelWithDebInfo|Any CPU.ActiveCfg = Release|Any CPU
		{303677D5-7312-4C3F-BAEE-BEB1A9BD9FE6}.RelWithDebInfo|Any CPU.Build.0 = Release|Any CPU
		{303677D5-7312-4C3F-BAEE-BEB1A9BD9FE6}.RelWithDebInfo|x64.ActiveCfg = Release|Any CPU
		{303677D5-7312-4C3F-BAEE-BEB1A9BD9FE6}.RelWithDebInfo|x64.Build.0 = Release|Any CPU
		{1C16108C-C786-482D-BB0A-36BDAFE109ED}.Debug|Any CPU.ActiveCfg = Debug|Any CPU
		{1C16108C-C786-482D-BB0A-36BDAFE109ED}.Debug|Any CPU.Build.0 = Debug|Any CPU
		{1C16108C-C786-482D-BB0A-36BDAFE109ED}.Debug|x64.ActiveCfg = Debug|Any CPU
		{1C16108C-C786-482D-BB0A-36BDAFE109ED}.Debug|x64.Build.0 = Debug|Any CPU
		{1C16108C-C786-482D-BB0A-36BDAFE109ED}.MinSizeRel|Any CPU.ActiveCfg = Debug|Any CPU
		{1C16108C-C786-482D-BB0A-36BDAFE109ED}.MinSizeRel|Any CPU.Build.0 = Debug|Any CPU
		{1C16108C-C786-482D-BB0A-36BDAFE109ED}.MinSizeRel|x64.ActiveCfg = Debug|Any CPU
		{1C16108C-C786-482D-BB0A-36BDAFE109ED}.MinSizeRel|x64.Build.0 = Debug|Any CPU
		{1C16108C-C786-482D-BB0A-36BDAFE109ED}.Release|Any CPU.ActiveCfg = Release|Any CPU
		{1C16108C-C786-482D-BB0A-36BDAFE109ED}.Release|Any CPU.Build.0 = Release|Any CPU
		{1C16108C-C786-482D-BB0A-36BDAFE109ED}.Release|x64.ActiveCfg = Release|Any CPU
		{1C16108C-C786-482D-BB0A-36BDAFE109ED}.Release|x64.Build.0 = Release|Any CPU
		{1C16108C-C786-482D-BB0A-36BDAFE109ED}.RelWithDebInfo|Any CPU.ActiveCfg = Release|Any CPU
		{1C16108C-C786-482D-BB0A-36BDAFE109ED}.RelWithDebInfo|Any CPU.Build.0 = Release|Any CPU
		{1C16108C-C786-482D-BB0A-36BDAFE109ED}.RelWithDebInfo|x64.ActiveCfg = Release|Any CPU
		{1C16108C-C786-482D-BB0A-36BDAFE109ED}.RelWithDebInfo|x64.Build.0 = Release|Any CPU
		{A16958E1-24C7-4F1E-B317-204AD91625DD}.Debug|Any CPU.ActiveCfg = Debug|Any CPU
		{A16958E1-24C7-4F1E-B317-204AD91625DD}.Debug|Any CPU.Build.0 = Debug|Any CPU
		{A16958E1-24C7-4F1E-B317-204AD91625DD}.Debug|x64.ActiveCfg = Debug|Any CPU
		{A16958E1-24C7-4F1E-B317-204AD91625DD}.Debug|x64.Build.0 = Debug|Any CPU
		{A16958E1-24C7-4F1E-B317-204AD91625DD}.MinSizeRel|Any CPU.ActiveCfg = Debug|Any CPU
		{A16958E1-24C7-4F1E-B317-204AD91625DD}.MinSizeRel|Any CPU.Build.0 = Debug|Any CPU
		{A16958E1-24C7-4F1E-B317-204AD91625DD}.MinSizeRel|x64.ActiveCfg = Debug|Any CPU
		{A16958E1-24C7-4F1E-B317-204AD91625DD}.MinSizeRel|x64.Build.0 = Debug|Any CPU
		{A16958E1-24C7-4F1E-B317-204AD91625DD}.Release|Any CPU.ActiveCfg = Release|Any CPU
		{A16958E1-24C7-4F1E-B317-204AD91625DD}.Release|Any CPU.Build.0 = Release|Any CPU
		{A16958E1-24C7-4F1E-B317-204AD91625DD}.Release|x64.ActiveCfg = Release|Any CPU
		{A16958E1-24C7-4F1E-B317-204AD91625DD}.Release|x64.Build.0 = Release|Any CPU
		{A16958E1-24C7-4F1E-B317-204AD91625DD}.RelWithDebInfo|Any CPU.ActiveCfg = Release|Any CPU
		{A16958E1-24C7-4F1E-B317-204AD91625DD}.RelWithDebInfo|Any CPU.Build.0 = Release|Any CPU
		{A16958E1-24C7-4F1E-B317-204AD91625DD}.RelWithDebInfo|x64.ActiveCfg = Release|Any CPU
		{A16958E1-24C7-4F1E-B317-204AD91625DD}.RelWithDebInfo|x64.Build.0 = Release|Any CPU
		{BC765FBF-AD7A-4A99-9902-5540C5A74181}.Debug|Any CPU.ActiveCfg = Debug|Any CPU
		{BC765FBF-AD7A-4A99-9902-5540C5A74181}.Debug|Any CPU.Build.0 = Debug|Any CPU
		{BC765FBF-AD7A-4A99-9902-5540C5A74181}.Debug|x64.ActiveCfg = Debug|Any CPU
		{BC765FBF-AD7A-4A99-9902-5540C5A74181}.Debug|x64.Build.0 = Debug|Any CPU
		{BC765FBF-AD7A-4A99-9902-5540C5A74181}.MinSizeRel|Any CPU.ActiveCfg = Debug|Any CPU
		{BC765FBF-AD7A-4A99-9902-5540C5A74181}.MinSizeRel|Any CPU.Build.0 = Debug|Any CPU
		{BC765FBF-AD7A-4A99-9902-5540C5A74181}.MinSizeRel|x64.ActiveCfg = Debug|Any CPU
		{BC765FBF-AD7A-4A99-9902-5540C5A74181}.MinSizeRel|x64.Build.0 = Debug|Any CPU
		{BC765FBF-AD7A-4A99-9902-5540C5A74181}.Release|Any CPU.ActiveCfg = Release|Any CPU
		{BC765FBF-AD7A-4A99-9902-5540C5A74181}.Release|Any CPU.Build.0 = Release|Any CPU
		{BC765FBF-AD7A-4A99-9902-5540C5A74181}.Release|x64.ActiveCfg = Release|Any CPU
		{BC765FBF-AD7A-4A99-9902-5540C5A74181}.Release|x64.Build.0 = Release|Any CPU
		{BC765FBF-AD7A-4A99-9902-5540C5A74181}.RelWithDebInfo|Any CPU.ActiveCfg = Release|Any CPU
		{BC765FBF-AD7A-4A99-9902-5540C5A74181}.RelWithDebInfo|Any CPU.Build.0 = Release|Any CPU
		{BC765FBF-AD7A-4A99-9902-5540C5A74181}.RelWithDebInfo|x64.ActiveCfg = Release|Any CPU
		{BC765FBF-AD7A-4A99-9902-5540C5A74181}.RelWithDebInfo|x64.Build.0 = Release|Any CPU
		{172485DD-B94E-4F3E-851E-CF23908FF960}.Debug|Any CPU.ActiveCfg = Debug|Any CPU
		{172485DD-B94E-4F3E-851E-CF23908FF960}.Debug|Any CPU.Build.0 = Debug|Any CPU
		{172485DD-B94E-4F3E-851E-CF23908FF960}.Debug|x64.ActiveCfg = Debug|Any CPU
		{172485DD-B94E-4F3E-851E-CF23908FF960}.Debug|x64.Build.0 = Debug|Any CPU
		{172485DD-B94E-4F3E-851E-CF23908FF960}.MinSizeRel|Any CPU.ActiveCfg = Debug|Any CPU
		{172485DD-B94E-4F3E-851E-CF23908FF960}.MinSizeRel|Any CPU.Build.0 = Debug|Any CPU
		{172485DD-B94E-4F3E-851E-CF23908FF960}.MinSizeRel|x64.ActiveCfg = Debug|Any CPU
		{172485DD-B94E-4F3E-851E-CF23908FF960}.MinSizeRel|x64.Build.0 = Debug|Any CPU
		{172485DD-B94E-4F3E-851E-CF23908FF960}.Release|Any CPU.ActiveCfg = Release|Any CPU
		{172485DD-B94E-4F3E-851E-CF23908FF960}.Release|Any CPU.Build.0 = Release|Any CPU
		{172485DD-B94E-4F3E-851E-CF23908FF960}.Release|x64.ActiveCfg = Release|Any CPU
		{172485DD-B94E-4F3E-851E-CF23908FF960}.Release|x64.Build.0 = Release|Any CPU
		{172485DD-B94E-4F3E-851E-CF23908FF960}.RelWithDebInfo|Any CPU.ActiveCfg = Release|Any CPU
		{172485DD-B94E-4F3E-851E-CF23908FF960}.RelWithDebInfo|Any CPU.Build.0 = Release|Any CPU
		{172485DD-B94E-4F3E-851E-CF23908FF960}.RelWithDebInfo|x64.ActiveCfg = Release|Any CPU
		{172485DD-B94E-4F3E-851E-CF23908FF960}.RelWithDebInfo|x64.Build.0 = Release|Any CPU
		{86A16EC3-EC30-391A-A411-9E7EF1357A0A}.Debug|Any CPU.ActiveCfg = Debug|x64
		{86A16EC3-EC30-391A-A411-9E7EF1357A0A}.Debug|x64.ActiveCfg = Debug|x64
		{86A16EC3-EC30-391A-A411-9E7EF1357A0A}.Debug|x64.Build.0 = Debug|x64
		{86A16EC3-EC30-391A-A411-9E7EF1357A0A}.MinSizeRel|Any CPU.ActiveCfg = MinSizeRel|x64
		{86A16EC3-EC30-391A-A411-9E7EF1357A0A}.MinSizeRel|x64.ActiveCfg = MinSizeRel|x64
		{86A16EC3-EC30-391A-A411-9E7EF1357A0A}.MinSizeRel|x64.Build.0 = MinSizeRel|x64
		{86A16EC3-EC30-391A-A411-9E7EF1357A0A}.Release|Any CPU.ActiveCfg = Release|x64
		{86A16EC3-EC30-391A-A411-9E7EF1357A0A}.Release|x64.ActiveCfg = Release|x64
		{86A16EC3-EC30-391A-A411-9E7EF1357A0A}.Release|x64.Build.0 = Release|x64
		{86A16EC3-EC30-391A-A411-9E7EF1357A0A}.RelWithDebInfo|Any CPU.ActiveCfg = RelWithDebInfo|x64
		{86A16EC3-EC30-391A-A411-9E7EF1357A0A}.RelWithDebInfo|x64.ActiveCfg = RelWithDebInfo|x64
		{86A16EC3-EC30-391A-A411-9E7EF1357A0A}.RelWithDebInfo|x64.Build.0 = RelWithDebInfo|x64
		{D22D1279-24FF-3F01-9ADB-9F23CA8AD062}.Debug|Any CPU.ActiveCfg = Debug|x64
		{D22D1279-24FF-3F01-9ADB-9F23CA8AD062}.Debug|x64.ActiveCfg = Debug|x64
		{D22D1279-24FF-3F01-9ADB-9F23CA8AD062}.Debug|x64.Build.0 = Debug|x64
		{D22D1279-24FF-3F01-9ADB-9F23CA8AD062}.MinSizeRel|Any CPU.ActiveCfg = MinSizeRel|x64
		{D22D1279-24FF-3F01-9ADB-9F23CA8AD062}.MinSizeRel|x64.ActiveCfg = MinSizeRel|x64
		{D22D1279-24FF-3F01-9ADB-9F23CA8AD062}.MinSizeRel|x64.Build.0 = MinSizeRel|x64
		{D22D1279-24FF-3F01-9ADB-9F23CA8AD062}.Release|Any CPU.ActiveCfg = Release|x64
		{D22D1279-24FF-3F01-9ADB-9F23CA8AD062}.Release|x64.ActiveCfg = Release|x64
		{D22D1279-24FF-3F01-9ADB-9F23CA8AD062}.Release|x64.Build.0 = Release|x64
		{D22D1279-24FF-3F01-9ADB-9F23CA8AD062}.RelWithDebInfo|Any CPU.ActiveCfg = RelWithDebInfo|x64
		{D22D1279-24FF-3F01-9ADB-9F23CA8AD062}.RelWithDebInfo|x64.ActiveCfg = RelWithDebInfo|x64
		{D22D1279-24FF-3F01-9ADB-9F23CA8AD062}.RelWithDebInfo|x64.Build.0 = RelWithDebInfo|x64
		{AB25E68A-8581-30C1-B19C-61FCADE4774C}.Debug|Any CPU.ActiveCfg = Debug|x64
		{AB25E68A-8581-30C1-B19C-61FCADE4774C}.Debug|x64.ActiveCfg = Debug|x64
		{AB25E68A-8581-30C1-B19C-61FCADE4774C}.Debug|x64.Build.0 = Debug|x64
		{AB25E68A-8581-30C1-B19C-61FCADE4774C}.MinSizeRel|Any CPU.ActiveCfg = MinSizeRel|x64
		{AB25E68A-8581-30C1-B19C-61FCADE4774C}.MinSizeRel|x64.ActiveCfg = MinSizeRel|x64
		{AB25E68A-8581-30C1-B19C-61FCADE4774C}.MinSizeRel|x64.Build.0 = MinSizeRel|x64
		{AB25E68A-8581-30C1-B19C-61FCADE4774C}.Release|Any CPU.ActiveCfg = Release|x64
		{AB25E68A-8581-30C1-B19C-61FCADE4774C}.Release|x64.ActiveCfg = Release|x64
		{AB25E68A-8581-30C1-B19C-61FCADE4774C}.Release|x64.Build.0 = Release|x64
		{AB25E68A-8581-30C1-B19C-61FCADE4774C}.RelWithDebInfo|Any CPU.ActiveCfg = RelWithDebInfo|x64
		{AB25E68A-8581-30C1-B19C-61FCADE4774C}.RelWithDebInfo|x64.ActiveCfg = RelWithDebInfo|x64
		{AB25E68A-8581-30C1-B19C-61FCADE4774C}.RelWithDebInfo|x64.Build.0 = RelWithDebInfo|x64
		{0F480791-4BA0-44E3-8CC4-C71656664175}.Debug|Any CPU.ActiveCfg = Debug|Any CPU
		{0F480791-4BA0-44E3-8CC4-C71656664175}.Debug|Any CPU.Build.0 = Debug|Any CPU
		{0F480791-4BA0-44E3-8CC4-C71656664175}.Debug|x64.ActiveCfg = Debug|Any CPU
		{0F480791-4BA0-44E3-8CC4-C71656664175}.Debug|x64.Build.0 = Debug|Any CPU
		{0F480791-4BA0-44E3-8CC4-C71656664175}.MinSizeRel|Any CPU.ActiveCfg = Debug|Any CPU
		{0F480791-4BA0-44E3-8CC4-C71656664175}.MinSizeRel|Any CPU.Build.0 = Debug|Any CPU
		{0F480791-4BA0-44E3-8CC4-C71656664175}.MinSizeRel|x64.ActiveCfg = Debug|Any CPU
		{0F480791-4BA0-44E3-8CC4-C71656664175}.MinSizeRel|x64.Build.0 = Debug|Any CPU
		{0F480791-4BA0-44E3-8CC4-C71656664175}.Release|Any CPU.ActiveCfg = Release|Any CPU
		{0F480791-4BA0-44E3-8CC4-C71656664175}.Release|Any CPU.Build.0 = Release|Any CPU
		{0F480791-4BA0-44E3-8CC4-C71656664175}.Release|x64.ActiveCfg = Release|Any CPU
		{0F480791-4BA0-44E3-8CC4-C71656664175}.Release|x64.Build.0 = Release|Any CPU
		{0F480791-4BA0-44E3-8CC4-C71656664175}.RelWithDebInfo|Any CPU.ActiveCfg = Release|Any CPU
		{0F480791-4BA0-44E3-8CC4-C71656664175}.RelWithDebInfo|Any CPU.Build.0 = Release|Any CPU
		{0F480791-4BA0-44E3-8CC4-C71656664175}.RelWithDebInfo|x64.ActiveCfg = Release|Any CPU
		{0F480791-4BA0-44E3-8CC4-C71656664175}.RelWithDebInfo|x64.Build.0 = Release|Any CPU
		{BD7833F8-3209-4682-BF75-B4BCA883E279}.Debug|Any CPU.ActiveCfg = Debug|Any CPU
		{BD7833F8-3209-4682-BF75-B4BCA883E279}.Debug|Any CPU.Build.0 = Debug|Any CPU
		{BD7833F8-3209-4682-BF75-B4BCA883E279}.Debug|x64.ActiveCfg = Debug|Any CPU
		{BD7833F8-3209-4682-BF75-B4BCA883E279}.Debug|x64.Build.0 = Debug|Any CPU
		{BD7833F8-3209-4682-BF75-B4BCA883E279}.MinSizeRel|Any CPU.ActiveCfg = Debug|Any CPU
		{BD7833F8-3209-4682-BF75-B4BCA883E279}.MinSizeRel|Any CPU.Build.0 = Debug|Any CPU
		{BD7833F8-3209-4682-BF75-B4BCA883E279}.MinSizeRel|x64.ActiveCfg = Debug|Any CPU
		{BD7833F8-3209-4682-BF75-B4BCA883E279}.MinSizeRel|x64.Build.0 = Debug|Any CPU
		{BD7833F8-3209-4682-BF75-B4BCA883E279}.Release|Any CPU.ActiveCfg = Release|Any CPU
		{BD7833F8-3209-4682-BF75-B4BCA883E279}.Release|Any CPU.Build.0 = Release|Any CPU
		{BD7833F8-3209-4682-BF75-B4BCA883E279}.Release|x64.ActiveCfg = Release|Any CPU
		{BD7833F8-3209-4682-BF75-B4BCA883E279}.Release|x64.Build.0 = Release|Any CPU
		{BD7833F8-3209-4682-BF75-B4BCA883E279}.RelWithDebInfo|Any CPU.ActiveCfg = Release|Any CPU
		{BD7833F8-3209-4682-BF75-B4BCA883E279}.RelWithDebInfo|Any CPU.Build.0 = Release|Any CPU
		{BD7833F8-3209-4682-BF75-B4BCA883E279}.RelWithDebInfo|x64.ActiveCfg = Release|Any CPU
		{BD7833F8-3209-4682-BF75-B4BCA883E279}.RelWithDebInfo|x64.Build.0 = Release|Any CPU
		{DB29F219-DC92-4AF7-A2EE-E89FFBB3F5F0}.Debug|Any CPU.ActiveCfg = Debug|Any CPU
		{DB29F219-DC92-4AF7-A2EE-E89FFBB3F5F0}.Debug|Any CPU.Build.0 = Debug|Any CPU
		{DB29F219-DC92-4AF7-A2EE-E89FFBB3F5F0}.Debug|x64.ActiveCfg = Debug|Any CPU
		{DB29F219-DC92-4AF7-A2EE-E89FFBB3F5F0}.Debug|x64.Build.0 = Debug|Any CPU
		{DB29F219-DC92-4AF7-A2EE-E89FFBB3F5F0}.MinSizeRel|Any CPU.ActiveCfg = Debug|Any CPU
		{DB29F219-DC92-4AF7-A2EE-E89FFBB3F5F0}.MinSizeRel|Any CPU.Build.0 = Debug|Any CPU
		{DB29F219-DC92-4AF7-A2EE-E89FFBB3F5F0}.MinSizeRel|x64.ActiveCfg = Debug|Any CPU
		{DB29F219-DC92-4AF7-A2EE-E89FFBB3F5F0}.MinSizeRel|x64.Build.0 = Debug|Any CPU
		{DB29F219-DC92-4AF7-A2EE-E89FFBB3F5F0}.Release|Any CPU.ActiveCfg = Release|Any CPU
		{DB29F219-DC92-4AF7-A2EE-E89FFBB3F5F0}.Release|Any CPU.Build.0 = Release|Any CPU
		{DB29F219-DC92-4AF7-A2EE-E89FFBB3F5F0}.Release|x64.ActiveCfg = Release|Any CPU
		{DB29F219-DC92-4AF7-A2EE-E89FFBB3F5F0}.Release|x64.Build.0 = Release|Any CPU
		{DB29F219-DC92-4AF7-A2EE-E89FFBB3F5F0}.RelWithDebInfo|Any CPU.ActiveCfg = Release|Any CPU
		{DB29F219-DC92-4AF7-A2EE-E89FFBB3F5F0}.RelWithDebInfo|Any CPU.Build.0 = Release|Any CPU
		{DB29F219-DC92-4AF7-A2EE-E89FFBB3F5F0}.RelWithDebInfo|x64.ActiveCfg = Release|Any CPU
		{DB29F219-DC92-4AF7-A2EE-E89FFBB3F5F0}.RelWithDebInfo|x64.Build.0 = Release|Any CPU
	EndGlobalSection
	GlobalSection(SolutionProperties) = preSolution
		HideSolutionNode = FALSE
	EndGlobalSection
	GlobalSection(NestedProjects) = preSolution
		{60CF7E6C-D6C8-439D-B7B7-D8A27E29BE2C} = {ED2FE3E2-F7E7-4389-8231-B65123F2076F}
		{61B7C351-C77D-43F7-B56F-BB1440178E10} = {ED2FE3E2-F7E7-4389-8231-B65123F2076F}
		{0A309227-A9D8-4DDF-88DD-326B57B04378} = {ED2FE3E2-F7E7-4389-8231-B65123F2076F}
		{391D6AD6-0FD5-4E1E-A4C8-6B5439D197B5} = {ED2FE3E2-F7E7-4389-8231-B65123F2076F}
		{B559378C-FC03-45FA-893C-71784F28E0A2} = {ED2FE3E2-F7E7-4389-8231-B65123F2076F}
		{B317356C-99DE-499E-8B4D-D6BEC5DA57D5} = {ED2FE3E2-F7E7-4389-8231-B65123F2076F}
		{717A4ED9-8897-492F-BD0C-230FCAEA9237} = {ED2FE3E2-F7E7-4389-8231-B65123F2076F}
		{585FC6F6-48E0-4EA5-8015-0264614E97C0} = {ED2FE3E2-F7E7-4389-8231-B65123F2076F}
		{303677D5-7312-4C3F-BAEE-BEB1A9BD9FE6} = {ED2FE3E2-F7E7-4389-8231-B65123F2076F}
		{C0CA389D-A35E-4082-BC05-598C9D6301BC} = {ED2FE3E2-F7E7-4389-8231-B65123F2076F}
		{1C16108C-C786-482D-BB0A-36BDAFE109ED} = {ED2FE3E2-F7E7-4389-8231-B65123F2076F}
		{A16958E1-24C7-4F1E-B317-204AD91625DD} = {ED2FE3E2-F7E7-4389-8231-B65123F2076F}
		{BC765FBF-AD7A-4A99-9902-5540C5A74181} = {ED2FE3E2-F7E7-4389-8231-B65123F2076F}
		{172485DD-B94E-4F3E-851E-CF23908FF960} = {ED2FE3E2-F7E7-4389-8231-B65123F2076F}
		{86A16EC3-EC30-391A-A411-9E7EF1357A0A} = {C0CA389D-A35E-4082-BC05-598C9D6301BC}
		{D22D1279-24FF-3F01-9ADB-9F23CA8AD062} = {C0CA389D-A35E-4082-BC05-598C9D6301BC}
		{AB25E68A-8581-30C1-B19C-61FCADE4774C} = {C0CA389D-A35E-4082-BC05-598C9D6301BC}
		{0F480791-4BA0-44E3-8CC4-C71656664175} = {ED2FE3E2-F7E7-4389-8231-B65123F2076F}
		{BD7833F8-3209-4682-BF75-B4BCA883E279} = {ED2FE3E2-F7E7-4389-8231-B65123F2076F}
		{DB29F219-DC92-4AF7-A2EE-E89FFBB3F5F0} = {ED2FE3E2-F7E7-4389-8231-B65123F2076F}
	EndGlobalSection
EndGlobal
