
Microsoft Visual Studio Solution File, Format Version 12.00
# Visual Studio 15
VisualStudioVersion = 15.0.26124.0
MinimumVisualStudioVersion = 15.0.26124.0
Project("{2150E333-8FDC-42A3-9474-1A3956D46DE8}") = "src", "src", "{7D91E57F-5950-4BFE-AD23-C1BECF527599}"
EndProject
Project("{FAE04EC0-301F-11D3-BF4B-00C04F79EFBC}") = "redist", "src\redist\redist.csproj", "{21123134-E528-4408-863A-D33CDEC743DB}"
EndProject
Project("{FAE04EC0-301F-11D3-BF4B-00C04F79EFBC}") = "tool_cli", "src\tool_cli\tool_cli.csproj", "{B277032E-EE81-4754-9BD5-CCD68ECCF1C6}"
EndProject
Project("{FAE04EC0-301F-11D3-BF4B-00C04F79EFBC}") = "tool_fsc", "src\tool_fsharp\tool_fsc.csproj", "{72A60DFA-8B51-4557-A380-04D5C182F1BD}"
EndProject
Project("{FAE04EC0-301F-11D3-BF4B-00C04F79EFBC}") = "tool_msbuild", "src\tool_msbuild\tool_msbuild.csproj", "{0E914340-0292-49D4-8799-59314E5E99B8}"
EndProject
Project("{FAE04EC0-301F-11D3-BF4B-00C04F79EFBC}") = "tool_nuget", "src\tool_nuget\tool_nuget.csproj", "{F6107EE7-E1DB-4C17-AC15-03B3E9925EB8}"
EndProject
Project("{2150E333-8FDC-42A3-9474-1A3956D46DE8}") = "test", "test", "{0D71B6E2-1482-421B-8F2F-9833BC3EDF4F}"
EndProject
Project("{FAE04EC0-301F-11D3-BF4B-00C04F79EFBC}") = "EndToEnd.Tests", "test\EndToEnd.Tests\EndToEnd.Tests.csproj", "{1A6F75E2-B54C-4745-857B-0B2C0BF90EE6}"
EndProject
Project("{FAE04EC0-301F-11D3-BF4B-00C04F79EFBC}") = "Microsoft.DotNet.TestFramework", "test\Microsoft.DotNet.TestFramework\Microsoft.DotNet.TestFramework.csproj", "{29E6900D-8B16-447B-AB2D-62E609E4171F}"
EndProject
Project("{FAE04EC0-301F-11D3-BF4B-00C04F79EFBC}") = "Microsoft.DotNet.Tools.Tests.Utilities", "test\Microsoft.DotNet.Tools.Tests.Utilities\Microsoft.DotNet.Tools.Tests.Utilities.csproj", "{9E0DC88C-A43C-4969-BAB7-7C10875B386B}"
EndProject
Project("{FAE04EC0-301F-11D3-BF4B-00C04F79EFBC}") = "toolset-tasks", "src\toolset-tasks\toolset-tasks.csproj", "{2851D499-2329-489A-A85B-1715651F45ED}"
EndProject
Project("{FAE04EC0-301F-11D3-BF4B-00C04F79EFBC}") = "Microsoft.Dotnet.Toolset.Internal", "src\Microsoft.Dotnet.Toolset.Internal\Microsoft.Dotnet.Toolset.Internal.csproj", "{F00DB32D-C21C-46E5-AB07-7C6383AB588F}"
EndProject
Global
	GlobalSection(SolutionConfigurationPlatforms) = preSolution
		Debug|Any CPU = Debug|Any CPU
		Debug|x64 = Debug|x64
		Debug|x86 = Debug|x86
		Release|Any CPU = Release|Any CPU
		Release|x64 = Release|x64
		Release|x86 = Release|x86
	EndGlobalSection
	GlobalSection(SolutionProperties) = preSolution
		HideSolutionNode = FALSE
	EndGlobalSection
	GlobalSection(ProjectConfigurationPlatforms) = postSolution
		{21123134-E528-4408-863A-D33CDEC743DB}.Debug|Any CPU.ActiveCfg = Debug|Any CPU
		{21123134-E528-4408-863A-D33CDEC743DB}.Debug|Any CPU.Build.0 = Debug|Any CPU
		{21123134-E528-4408-863A-D33CDEC743DB}.Debug|x64.ActiveCfg = Debug|Any CPU
		{21123134-E528-4408-863A-D33CDEC743DB}.Debug|x64.Build.0 = Debug|Any CPU
		{21123134-E528-4408-863A-D33CDEC743DB}.Debug|x86.ActiveCfg = Debug|Any CPU
		{21123134-E528-4408-863A-D33CDEC743DB}.Debug|x86.Build.0 = Debug|Any CPU
		{21123134-E528-4408-863A-D33CDEC743DB}.Release|Any CPU.ActiveCfg = Release|Any CPU
		{21123134-E528-4408-863A-D33CDEC743DB}.Release|Any CPU.Build.0 = Release|Any CPU
		{21123134-E528-4408-863A-D33CDEC743DB}.Release|x64.ActiveCfg = Release|Any CPU
		{21123134-E528-4408-863A-D33CDEC743DB}.Release|x64.Build.0 = Release|Any CPU
		{21123134-E528-4408-863A-D33CDEC743DB}.Release|x86.ActiveCfg = Release|Any CPU
		{21123134-E528-4408-863A-D33CDEC743DB}.Release|x86.Build.0 = Release|Any CPU
		{B277032E-EE81-4754-9BD5-CCD68ECCF1C6}.Debug|Any CPU.ActiveCfg = Debug|Any CPU
		{B277032E-EE81-4754-9BD5-CCD68ECCF1C6}.Debug|Any CPU.Build.0 = Debug|Any CPU
		{B277032E-EE81-4754-9BD5-CCD68ECCF1C6}.Debug|x64.ActiveCfg = Debug|Any CPU
		{B277032E-EE81-4754-9BD5-CCD68ECCF1C6}.Debug|x64.Build.0 = Debug|Any CPU
		{B277032E-EE81-4754-9BD5-CCD68ECCF1C6}.Debug|x86.ActiveCfg = Debug|Any CPU
		{B277032E-EE81-4754-9BD5-CCD68ECCF1C6}.Debug|x86.Build.0 = Debug|Any CPU
		{B277032E-EE81-4754-9BD5-CCD68ECCF1C6}.Release|Any CPU.ActiveCfg = Release|Any CPU
		{B277032E-EE81-4754-9BD5-CCD68ECCF1C6}.Release|Any CPU.Build.0 = Release|Any CPU
		{B277032E-EE81-4754-9BD5-CCD68ECCF1C6}.Release|x64.ActiveCfg = Release|Any CPU
		{B277032E-EE81-4754-9BD5-CCD68ECCF1C6}.Release|x64.Build.0 = Release|Any CPU
		{B277032E-EE81-4754-9BD5-CCD68ECCF1C6}.Release|x86.ActiveCfg = Release|Any CPU
		{B277032E-EE81-4754-9BD5-CCD68ECCF1C6}.Release|x86.Build.0 = Release|Any CPU
		{72A60DFA-8B51-4557-A380-04D5C182F1BD}.Debug|Any CPU.ActiveCfg = Debug|Any CPU
		{72A60DFA-8B51-4557-A380-04D5C182F1BD}.Debug|Any CPU.Build.0 = Debug|Any CPU
		{72A60DFA-8B51-4557-A380-04D5C182F1BD}.Debug|x64.ActiveCfg = Debug|Any CPU
		{72A60DFA-8B51-4557-A380-04D5C182F1BD}.Debug|x64.Build.0 = Debug|Any CPU
		{72A60DFA-8B51-4557-A380-04D5C182F1BD}.Debug|x86.ActiveCfg = Debug|Any CPU
		{72A60DFA-8B51-4557-A380-04D5C182F1BD}.Debug|x86.Build.0 = Debug|Any CPU
		{72A60DFA-8B51-4557-A380-04D5C182F1BD}.Release|Any CPU.ActiveCfg = Release|Any CPU
		{72A60DFA-8B51-4557-A380-04D5C182F1BD}.Release|Any CPU.Build.0 = Release|Any CPU
		{72A60DFA-8B51-4557-A380-04D5C182F1BD}.Release|x64.ActiveCfg = Release|Any CPU
		{72A60DFA-8B51-4557-A380-04D5C182F1BD}.Release|x64.Build.0 = Release|Any CPU
		{72A60DFA-8B51-4557-A380-04D5C182F1BD}.Release|x86.ActiveCfg = Release|Any CPU
		{72A60DFA-8B51-4557-A380-04D5C182F1BD}.Release|x86.Build.0 = Release|Any CPU
		{0E914340-0292-49D4-8799-59314E5E99B8}.Debug|Any CPU.ActiveCfg = Debug|Any CPU
		{0E914340-0292-49D4-8799-59314E5E99B8}.Debug|Any CPU.Build.0 = Debug|Any CPU
		{0E914340-0292-49D4-8799-59314E5E99B8}.Debug|x64.ActiveCfg = Debug|Any CPU
		{0E914340-0292-49D4-8799-59314E5E99B8}.Debug|x64.Build.0 = Debug|Any CPU
		{0E914340-0292-49D4-8799-59314E5E99B8}.Debug|x86.ActiveCfg = Debug|Any CPU
		{0E914340-0292-49D4-8799-59314E5E99B8}.Debug|x86.Build.0 = Debug|Any CPU
		{0E914340-0292-49D4-8799-59314E5E99B8}.Release|Any CPU.ActiveCfg = Release|Any CPU
		{0E914340-0292-49D4-8799-59314E5E99B8}.Release|Any CPU.Build.0 = Release|Any CPU
		{0E914340-0292-49D4-8799-59314E5E99B8}.Release|x64.ActiveCfg = Release|Any CPU
		{0E914340-0292-49D4-8799-59314E5E99B8}.Release|x64.Build.0 = Release|Any CPU
		{0E914340-0292-49D4-8799-59314E5E99B8}.Release|x86.ActiveCfg = Release|Any CPU
		{0E914340-0292-49D4-8799-59314E5E99B8}.Release|x86.Build.0 = Release|Any CPU
		{F6107EE7-E1DB-4C17-AC15-03B3E9925EB8}.Debug|Any CPU.ActiveCfg = Debug|Any CPU
		{F6107EE7-E1DB-4C17-AC15-03B3E9925EB8}.Debug|Any CPU.Build.0 = Debug|Any CPU
		{F6107EE7-E1DB-4C17-AC15-03B3E9925EB8}.Debug|x64.ActiveCfg = Debug|Any CPU
		{F6107EE7-E1DB-4C17-AC15-03B3E9925EB8}.Debug|x64.Build.0 = Debug|Any CPU
		{F6107EE7-E1DB-4C17-AC15-03B3E9925EB8}.Debug|x86.ActiveCfg = Debug|Any CPU
		{F6107EE7-E1DB-4C17-AC15-03B3E9925EB8}.Debug|x86.Build.0 = Debug|Any CPU
		{F6107EE7-E1DB-4C17-AC15-03B3E9925EB8}.Release|Any CPU.ActiveCfg = Release|Any CPU
		{F6107EE7-E1DB-4C17-AC15-03B3E9925EB8}.Release|Any CPU.Build.0 = Release|Any CPU
		{F6107EE7-E1DB-4C17-AC15-03B3E9925EB8}.Release|x64.ActiveCfg = Release|Any CPU
		{F6107EE7-E1DB-4C17-AC15-03B3E9925EB8}.Release|x64.Build.0 = Release|Any CPU
		{F6107EE7-E1DB-4C17-AC15-03B3E9925EB8}.Release|x86.ActiveCfg = Release|Any CPU
		{F6107EE7-E1DB-4C17-AC15-03B3E9925EB8}.Release|x86.Build.0 = Release|Any CPU
		{1A6F75E2-B54C-4745-857B-0B2C0BF90EE6}.Debug|Any CPU.ActiveCfg = Debug|Any CPU
		{1A6F75E2-B54C-4745-857B-0B2C0BF90EE6}.Debug|Any CPU.Build.0 = Debug|Any CPU
		{1A6F75E2-B54C-4745-857B-0B2C0BF90EE6}.Debug|x64.ActiveCfg = Debug|Any CPU
		{1A6F75E2-B54C-4745-857B-0B2C0BF90EE6}.Debug|x64.Build.0 = Debug|Any CPU
		{1A6F75E2-B54C-4745-857B-0B2C0BF90EE6}.Debug|x86.ActiveCfg = Debug|Any CPU
		{1A6F75E2-B54C-4745-857B-0B2C0BF90EE6}.Debug|x86.Build.0 = Debug|Any CPU
		{1A6F75E2-B54C-4745-857B-0B2C0BF90EE6}.Release|Any CPU.ActiveCfg = Release|Any CPU
		{1A6F75E2-B54C-4745-857B-0B2C0BF90EE6}.Release|Any CPU.Build.0 = Release|Any CPU
		{1A6F75E2-B54C-4745-857B-0B2C0BF90EE6}.Release|x64.ActiveCfg = Release|Any CPU
		{1A6F75E2-B54C-4745-857B-0B2C0BF90EE6}.Release|x64.Build.0 = Release|Any CPU
		{1A6F75E2-B54C-4745-857B-0B2C0BF90EE6}.Release|x86.ActiveCfg = Release|Any CPU
		{1A6F75E2-B54C-4745-857B-0B2C0BF90EE6}.Release|x86.Build.0 = Release|Any CPU
		{29E6900D-8B16-447B-AB2D-62E609E4171F}.Debug|Any CPU.ActiveCfg = Debug|Any CPU
		{29E6900D-8B16-447B-AB2D-62E609E4171F}.Debug|Any CPU.Build.0 = Debug|Any CPU
		{29E6900D-8B16-447B-AB2D-62E609E4171F}.Debug|x64.ActiveCfg = Debug|Any CPU
		{29E6900D-8B16-447B-AB2D-62E609E4171F}.Debug|x64.Build.0 = Debug|Any CPU
		{29E6900D-8B16-447B-AB2D-62E609E4171F}.Debug|x86.ActiveCfg = Debug|Any CPU
		{29E6900D-8B16-447B-AB2D-62E609E4171F}.Debug|x86.Build.0 = Debug|Any CPU
		{29E6900D-8B16-447B-AB2D-62E609E4171F}.Release|Any CPU.ActiveCfg = Release|Any CPU
		{29E6900D-8B16-447B-AB2D-62E609E4171F}.Release|Any CPU.Build.0 = Release|Any CPU
		{29E6900D-8B16-447B-AB2D-62E609E4171F}.Release|x64.ActiveCfg = Release|Any CPU
		{29E6900D-8B16-447B-AB2D-62E609E4171F}.Release|x64.Build.0 = Release|Any CPU
		{29E6900D-8B16-447B-AB2D-62E609E4171F}.Release|x86.ActiveCfg = Release|Any CPU
		{29E6900D-8B16-447B-AB2D-62E609E4171F}.Release|x86.Build.0 = Release|Any CPU
		{9E0DC88C-A43C-4969-BAB7-7C10875B386B}.Debug|Any CPU.ActiveCfg = Debug|Any CPU
		{9E0DC88C-A43C-4969-BAB7-7C10875B386B}.Debug|Any CPU.Build.0 = Debug|Any CPU
		{9E0DC88C-A43C-4969-BAB7-7C10875B386B}.Debug|x64.ActiveCfg = Debug|Any CPU
		{9E0DC88C-A43C-4969-BAB7-7C10875B386B}.Debug|x64.Build.0 = Debug|Any CPU
		{9E0DC88C-A43C-4969-BAB7-7C10875B386B}.Debug|x86.ActiveCfg = Debug|Any CPU
		{9E0DC88C-A43C-4969-BAB7-7C10875B386B}.Debug|x86.Build.0 = Debug|Any CPU
		{9E0DC88C-A43C-4969-BAB7-7C10875B386B}.Release|Any CPU.ActiveCfg = Release|Any CPU
		{9E0DC88C-A43C-4969-BAB7-7C10875B386B}.Release|Any CPU.Build.0 = Release|Any CPU
		{9E0DC88C-A43C-4969-BAB7-7C10875B386B}.Release|x64.ActiveCfg = Release|Any CPU
		{9E0DC88C-A43C-4969-BAB7-7C10875B386B}.Release|x64.Build.0 = Release|Any CPU
		{9E0DC88C-A43C-4969-BAB7-7C10875B386B}.Release|x86.ActiveCfg = Release|Any CPU
		{9E0DC88C-A43C-4969-BAB7-7C10875B386B}.Release|x86.Build.0 = Release|Any CPU
		{2851D499-2329-489A-A85B-1715651F45ED}.Debug|Any CPU.ActiveCfg = Debug|Any CPU
		{2851D499-2329-489A-A85B-1715651F45ED}.Debug|Any CPU.Build.0 = Debug|Any CPU
		{2851D499-2329-489A-A85B-1715651F45ED}.Debug|x64.ActiveCfg = Debug|Any CPU
		{2851D499-2329-489A-A85B-1715651F45ED}.Debug|x64.Build.0 = Debug|Any CPU
		{2851D499-2329-489A-A85B-1715651F45ED}.Debug|x86.ActiveCfg = Debug|Any CPU
		{2851D499-2329-489A-A85B-1715651F45ED}.Debug|x86.Build.0 = Debug|Any CPU
		{2851D499-2329-489A-A85B-1715651F45ED}.Release|Any CPU.ActiveCfg = Release|Any CPU
		{2851D499-2329-489A-A85B-1715651F45ED}.Release|Any CPU.Build.0 = Release|Any CPU
		{2851D499-2329-489A-A85B-1715651F45ED}.Release|x64.ActiveCfg = Release|Any CPU
		{2851D499-2329-489A-A85B-1715651F45ED}.Release|x64.Build.0 = Release|Any CPU
		{2851D499-2329-489A-A85B-1715651F45ED}.Release|x86.ActiveCfg = Release|Any CPU
		{2851D499-2329-489A-A85B-1715651F45ED}.Release|x86.Build.0 = Release|Any CPU
		{F00DB32D-C21C-46E5-AB07-7C6383AB588F}.Debug|Any CPU.ActiveCfg = Debug|Any CPU
		{F00DB32D-C21C-46E5-AB07-7C6383AB588F}.Debug|Any CPU.Build.0 = Debug|Any CPU
		{F00DB32D-C21C-46E5-AB07-7C6383AB588F}.Debug|x64.ActiveCfg = Debug|Any CPU
		{F00DB32D-C21C-46E5-AB07-7C6383AB588F}.Debug|x64.Build.0 = Debug|Any CPU
		{F00DB32D-C21C-46E5-AB07-7C6383AB588F}.Debug|x86.ActiveCfg = Debug|Any CPU
		{F00DB32D-C21C-46E5-AB07-7C6383AB588F}.Debug|x86.Build.0 = Debug|Any CPU
		{F00DB32D-C21C-46E5-AB07-7C6383AB588F}.Release|Any CPU.ActiveCfg = Release|Any CPU
		{F00DB32D-C21C-46E5-AB07-7C6383AB588F}.Release|Any CPU.Build.0 = Release|Any CPU
		{F00DB32D-C21C-46E5-AB07-7C6383AB588F}.Release|x64.ActiveCfg = Release|Any CPU
		{F00DB32D-C21C-46E5-AB07-7C6383AB588F}.Release|x64.Build.0 = Release|Any CPU
		{F00DB32D-C21C-46E5-AB07-7C6383AB588F}.Release|x86.ActiveCfg = Release|Any CPU
		{F00DB32D-C21C-46E5-AB07-7C6383AB588F}.Release|x86.Build.0 = Release|Any CPU
	EndGlobalSection
	GlobalSection(NestedProjects) = preSolution
		{21123134-E528-4408-863A-D33CDEC743DB} = {7D91E57F-5950-4BFE-AD23-C1BECF527599}
		{B277032E-EE81-4754-9BD5-CCD68ECCF1C6} = {7D91E57F-5950-4BFE-AD23-C1BECF527599}
		{72A60DFA-8B51-4557-A380-04D5C182F1BD} = {7D91E57F-5950-4BFE-AD23-C1BECF527599}
		{0E914340-0292-49D4-8799-59314E5E99B8} = {7D91E57F-5950-4BFE-AD23-C1BECF527599}
		{F6107EE7-E1DB-4C17-AC15-03B3E9925EB8} = {7D91E57F-5950-4BFE-AD23-C1BECF527599}
		{1A6F75E2-B54C-4745-857B-0B2C0BF90EE6} = {0D71B6E2-1482-421B-8F2F-9833BC3EDF4F}
		{29E6900D-8B16-447B-AB2D-62E609E4171F} = {0D71B6E2-1482-421B-8F2F-9833BC3EDF4F}
		{9E0DC88C-A43C-4969-BAB7-7C10875B386B} = {0D71B6E2-1482-421B-8F2F-9833BC3EDF4F}
		{2851D499-2329-489A-A85B-1715651F45ED} = {7D91E57F-5950-4BFE-AD23-C1BECF527599}
		{F00DB32D-C21C-46E5-AB07-7C6383AB588F} = {7D91E57F-5950-4BFE-AD23-C1BECF527599}
	EndGlobalSection
EndGlobal
