
Microsoft Visual Studio Solution File, Format Version 12.00
# Visual Studio 15
VisualStudioVersion = 15.0.27004.2009
MinimumVisualStudioVersion = 10.0.40219.1
Project("{9A19103F-16F7-4668-BE54-9A1E7A4F7556}") = "Microsoft.Build", "src\Build\Microsoft.Build.csproj", "{69BE05E2-CBDA-4D27-9733-44E12B0F5627}"
EndProject
Project("{9A19103F-16F7-4668-BE54-9A1E7A4F7556}") = "Microsoft.Build.Framework", "src\Framework\Microsoft.Build.Framework.csproj", "{69C7E5AF-5D29-42B3-BA76-F7C4F0EDF251}"
EndProject
Project("{9A19103F-16F7-4668-BE54-9A1E7A4F7556}") = "MSBuild", "src\MSBuild\MSBuild.csproj", "{6F92CA55-1D15-4F34-B1FE-56C0B7EB455E}"
EndProject
Project("{9A19103F-16F7-4668-BE54-9A1E7A4F7556}") = "Microsoft.Build.Tasks", "src\Tasks\Microsoft.Build.Tasks.csproj", "{2AB5D52E-3C4D-4572-B140-9EED600ECE59}"
EndProject
Project("{9A19103F-16F7-4668-BE54-9A1E7A4F7556}") = "Microsoft.Build.Utilities", "src\Utilities\Microsoft.Build.Utilities.csproj", "{C51C04F6-D35B-4211-B0F2-9D69F63AC0BC}"
EndProject
Project("{9A19103F-16F7-4668-BE54-9A1E7A4F7556}") = "Localization", "src\Package\Localization\Localization.csproj", "{243181BA-73D1-4B14-BA29-EBB8D183F573}"
EndProject
Global
	GlobalSection(SolutionConfigurationPlatforms) = preSolution
		Debug|Any CPU = Debug|Any CPU
		Debug|x64 = Debug|x64
		Debug|x86 = Debug|x86
		Debug-MONO|Any CPU = Debug-MONO|Any CPU
		Debug-MONO|x64 = Debug-MONO|x64
		Debug-MONO|x86 = Debug-MONO|x86
		MachineIndependent|Any CPU = MachineIndependent|Any CPU
		MachineIndependent|x64 = MachineIndependent|x64
		MachineIndependent|x86 = MachineIndependent|x86
		Release|Any CPU = Release|Any CPU
		Release|x64 = Release|x64
		Release|x86 = Release|x86
		Release-MONO|Any CPU = Release-MONO|Any CPU
		Release-MONO|x64 = Release-MONO|x64
		Release-MONO|x86 = Release-MONO|x86
	EndGlobalSection
	GlobalSection(ProjectConfigurationPlatforms) = postSolution
		{69BE05E2-CBDA-4D27-9733-44E12B0F5627}.Debug|Any CPU.ActiveCfg = Debug|Any CPU
		{69BE05E2-CBDA-4D27-9733-44E12B0F5627}.Debug|Any CPU.Build.0 = Debug|Any CPU
		{69BE05E2-CBDA-4D27-9733-44E12B0F5627}.Debug|x64.ActiveCfg = Debug|x64
		{69BE05E2-CBDA-4D27-9733-44E12B0F5627}.Debug|x64.Build.0 = Debug|x64
		{69BE05E2-CBDA-4D27-9733-44E12B0F5627}.Debug|x86.ActiveCfg = Debug|Any CPU
		{69BE05E2-CBDA-4D27-9733-44E12B0F5627}.Debug|x86.Build.0 = Debug|Any CPU
		{69BE05E2-CBDA-4D27-9733-44E12B0F5627}.Debug-MONO|Any CPU.ActiveCfg = Debug-MONO|Any CPU
		{69BE05E2-CBDA-4D27-9733-44E12B0F5627}.Debug-MONO|Any CPU.Build.0 = Debug-MONO|Any CPU
		{69BE05E2-CBDA-4D27-9733-44E12B0F5627}.Debug-MONO|x64.ActiveCfg = Debug-MONO|x64
		{69BE05E2-CBDA-4D27-9733-44E12B0F5627}.Debug-MONO|x64.Build.0 = Debug-MONO|x64
		{69BE05E2-CBDA-4D27-9733-44E12B0F5627}.Debug-MONO|x86.ActiveCfg = Debug-MONO|Any CPU
		{69BE05E2-CBDA-4D27-9733-44E12B0F5627}.Debug-MONO|x86.Build.0 = Debug-MONO|Any CPU
		{69BE05E2-CBDA-4D27-9733-44E12B0F5627}.MachineIndependent|Any CPU.ActiveCfg = MachineIndependent|Any CPU
		{69BE05E2-CBDA-4D27-9733-44E12B0F5627}.MachineIndependent|Any CPU.Build.0 = MachineIndependent|Any CPU
		{69BE05E2-CBDA-4D27-9733-44E12B0F5627}.MachineIndependent|x64.ActiveCfg = MachineIndependent|x64
		{69BE05E2-CBDA-4D27-9733-44E12B0F5627}.MachineIndependent|x64.Build.0 = MachineIndependent|x64
		{69BE05E2-CBDA-4D27-9733-44E12B0F5627}.MachineIndependent|x86.ActiveCfg = MachineIndependent|Any CPU
		{69BE05E2-CBDA-4D27-9733-44E12B0F5627}.MachineIndependent|x86.Build.0 = MachineIndependent|Any CPU
		{69BE05E2-CBDA-4D27-9733-44E12B0F5627}.Release|Any CPU.ActiveCfg = Release|Any CPU
		{69BE05E2-CBDA-4D27-9733-44E12B0F5627}.Release|Any CPU.Build.0 = Release|Any CPU
		{69BE05E2-CBDA-4D27-9733-44E12B0F5627}.Release|x64.ActiveCfg = Release|x64
		{69BE05E2-CBDA-4D27-9733-44E12B0F5627}.Release|x64.Build.0 = Release|x64
		{69BE05E2-CBDA-4D27-9733-44E12B0F5627}.Release|x86.ActiveCfg = Release|Any CPU
		{69BE05E2-CBDA-4D27-9733-44E12B0F5627}.Release|x86.Build.0 = Release|Any CPU
		{69BE05E2-CBDA-4D27-9733-44E12B0F5627}.Release-MONO|Any CPU.ActiveCfg = Release|Any CPU
		{69BE05E2-CBDA-4D27-9733-44E12B0F5627}.Release-MONO|Any CPU.Build.0 = Release|Any CPU
		{69BE05E2-CBDA-4D27-9733-44E12B0F5627}.Release-MONO|x64.ActiveCfg = Release|x64
		{69BE05E2-CBDA-4D27-9733-44E12B0F5627}.Release-MONO|x64.Build.0 = Release|x64
		{69BE05E2-CBDA-4D27-9733-44E12B0F5627}.Release-MONO|x86.ActiveCfg = Release|Any CPU
		{69BE05E2-CBDA-4D27-9733-44E12B0F5627}.Release-MONO|x86.Build.0 = Release|Any CPU
		{69C7E5AF-5D29-42B3-BA76-F7C4F0EDF251}.Debug|Any CPU.ActiveCfg = Debug|Any CPU
		{69C7E5AF-5D29-42B3-BA76-F7C4F0EDF251}.Debug|Any CPU.Build.0 = Debug|Any CPU
		{69C7E5AF-5D29-42B3-BA76-F7C4F0EDF251}.Debug|x64.ActiveCfg = Debug|x64
		{69C7E5AF-5D29-42B3-BA76-F7C4F0EDF251}.Debug|x64.Build.0 = Debug|x64
		{69C7E5AF-5D29-42B3-BA76-F7C4F0EDF251}.Debug|x86.ActiveCfg = Debug|Any CPU
		{69C7E5AF-5D29-42B3-BA76-F7C4F0EDF251}.Debug|x86.Build.0 = Debug|Any CPU
		{69C7E5AF-5D29-42B3-BA76-F7C4F0EDF251}.Debug-MONO|Any CPU.ActiveCfg = Debug-MONO|Any CPU
		{69C7E5AF-5D29-42B3-BA76-F7C4F0EDF251}.Debug-MONO|Any CPU.Build.0 = Debug-MONO|Any CPU
		{69C7E5AF-5D29-42B3-BA76-F7C4F0EDF251}.Debug-MONO|x64.ActiveCfg = Debug-MONO|x64
		{69C7E5AF-5D29-42B3-BA76-F7C4F0EDF251}.Debug-MONO|x64.Build.0 = Debug-MONO|x64
		{69C7E5AF-5D29-42B3-BA76-F7C4F0EDF251}.Debug-MONO|x86.ActiveCfg = Debug-MONO|Any CPU
		{69C7E5AF-5D29-42B3-BA76-F7C4F0EDF251}.Debug-MONO|x86.Build.0 = Debug-MONO|Any CPU
		{69C7E5AF-5D29-42B3-BA76-F7C4F0EDF251}.MachineIndependent|Any CPU.ActiveCfg = MachineIndependent|Any CPU
		{69C7E5AF-5D29-42B3-BA76-F7C4F0EDF251}.MachineIndependent|Any CPU.Build.0 = MachineIndependent|Any CPU
		{69C7E5AF-5D29-42B3-BA76-F7C4F0EDF251}.MachineIndependent|x64.ActiveCfg = MachineIndependent|x64
		{69C7E5AF-5D29-42B3-BA76-F7C4F0EDF251}.MachineIndependent|x64.Build.0 = MachineIndependent|x64
		{69C7E5AF-5D29-42B3-BA76-F7C4F0EDF251}.MachineIndependent|x86.ActiveCfg = MachineIndependent|Any CPU
		{69C7E5AF-5D29-42B3-BA76-F7C4F0EDF251}.MachineIndependent|x86.Build.0 = MachineIndependent|Any CPU
		{69C7E5AF-5D29-42B3-BA76-F7C4F0EDF251}.Release|Any CPU.ActiveCfg = Release|Any CPU
		{69C7E5AF-5D29-42B3-BA76-F7C4F0EDF251}.Release|Any CPU.Build.0 = Release|Any CPU
		{69C7E5AF-5D29-42B3-BA76-F7C4F0EDF251}.Release|x64.ActiveCfg = Release|x64
		{69C7E5AF-5D29-42B3-BA76-F7C4F0EDF251}.Release|x64.Build.0 = Release|x64
		{69C7E5AF-5D29-42B3-BA76-F7C4F0EDF251}.Release|x86.ActiveCfg = Release|Any CPU
		{69C7E5AF-5D29-42B3-BA76-F7C4F0EDF251}.Release|x86.Build.0 = Release|Any CPU
		{69C7E5AF-5D29-42B3-BA76-F7C4F0EDF251}.Release-MONO|Any CPU.ActiveCfg = Release|Any CPU
		{69C7E5AF-5D29-42B3-BA76-F7C4F0EDF251}.Release-MONO|Any CPU.Build.0 = Release|Any CPU
		{69C7E5AF-5D29-42B3-BA76-F7C4F0EDF251}.Release-MONO|x64.ActiveCfg = Release|x64
		{69C7E5AF-5D29-42B3-BA76-F7C4F0EDF251}.Release-MONO|x64.Build.0 = Release|x64
		{69C7E5AF-5D29-42B3-BA76-F7C4F0EDF251}.Release-MONO|x86.ActiveCfg = Release|Any CPU
		{69C7E5AF-5D29-42B3-BA76-F7C4F0EDF251}.Release-MONO|x86.Build.0 = Release|Any CPU
		{6F92CA55-1D15-4F34-B1FE-56C0B7EB455E}.Debug|Any CPU.ActiveCfg = Debug|Any CPU
		{6F92CA55-1D15-4F34-B1FE-56C0B7EB455E}.Debug|Any CPU.Build.0 = Debug|Any CPU
		{6F92CA55-1D15-4F34-B1FE-56C0B7EB455E}.Debug|x64.ActiveCfg = Debug|x64
		{6F92CA55-1D15-4F34-B1FE-56C0B7EB455E}.Debug|x64.Build.0 = Debug|x64
		{6F92CA55-1D15-4F34-B1FE-56C0B7EB455E}.Debug|x86.ActiveCfg = Debug|Any CPU
		{6F92CA55-1D15-4F34-B1FE-56C0B7EB455E}.Debug|x86.Build.0 = Debug|Any CPU
		{6F92CA55-1D15-4F34-B1FE-56C0B7EB455E}.Debug-MONO|Any CPU.ActiveCfg = Debug-MONO|Any CPU
		{6F92CA55-1D15-4F34-B1FE-56C0B7EB455E}.Debug-MONO|Any CPU.Build.0 = Debug-MONO|Any CPU
		{6F92CA55-1D15-4F34-B1FE-56C0B7EB455E}.Debug-MONO|x64.ActiveCfg = Debug-MONO|x64
		{6F92CA55-1D15-4F34-B1FE-56C0B7EB455E}.Debug-MONO|x64.Build.0 = Debug-MONO|x64
		{6F92CA55-1D15-4F34-B1FE-56C0B7EB455E}.Debug-MONO|x86.ActiveCfg = Debug-MONO|Any CPU
		{6F92CA55-1D15-4F34-B1FE-56C0B7EB455E}.Debug-MONO|x86.Build.0 = Debug-MONO|Any CPU
		{6F92CA55-1D15-4F34-B1FE-56C0B7EB455E}.MachineIndependent|Any CPU.ActiveCfg = MachineIndependent|Any CPU
		{6F92CA55-1D15-4F34-B1FE-56C0B7EB455E}.MachineIndependent|Any CPU.Build.0 = MachineIndependent|Any CPU
		{6F92CA55-1D15-4F34-B1FE-56C0B7EB455E}.MachineIndependent|x64.ActiveCfg = MachineIndependent|x64
		{6F92CA55-1D15-4F34-B1FE-56C0B7EB455E}.MachineIndependent|x64.Build.0 = MachineIndependent|x64
		{6F92CA55-1D15-4F34-B1FE-56C0B7EB455E}.MachineIndependent|x86.ActiveCfg = MachineIndependent|Any CPU
		{6F92CA55-1D15-4F34-B1FE-56C0B7EB455E}.MachineIndependent|x86.Build.0 = MachineIndependent|Any CPU
		{6F92CA55-1D15-4F34-B1FE-56C0B7EB455E}.Release|Any CPU.ActiveCfg = Release|Any CPU
		{6F92CA55-1D15-4F34-B1FE-56C0B7EB455E}.Release|Any CPU.Build.0 = Release|Any CPU
		{6F92CA55-1D15-4F34-B1FE-56C0B7EB455E}.Release|x64.ActiveCfg = Release|x64
		{6F92CA55-1D15-4F34-B1FE-56C0B7EB455E}.Release|x64.Build.0 = Release|x64
		{6F92CA55-1D15-4F34-B1FE-56C0B7EB455E}.Release|x86.ActiveCfg = Release|Any CPU
		{6F92CA55-1D15-4F34-B1FE-56C0B7EB455E}.Release|x86.Build.0 = Release|Any CPU
		{6F92CA55-1D15-4F34-B1FE-56C0B7EB455E}.Release-MONO|Any CPU.ActiveCfg = Release|Any CPU
		{6F92CA55-1D15-4F34-B1FE-56C0B7EB455E}.Release-MONO|Any CPU.Build.0 = Release|Any CPU
		{6F92CA55-1D15-4F34-B1FE-56C0B7EB455E}.Release-MONO|x64.ActiveCfg = Release|x64
		{6F92CA55-1D15-4F34-B1FE-56C0B7EB455E}.Release-MONO|x64.Build.0 = Release|x64
		{6F92CA55-1D15-4F34-B1FE-56C0B7EB455E}.Release-MONO|x86.ActiveCfg = Release|Any CPU
		{6F92CA55-1D15-4F34-B1FE-56C0B7EB455E}.Release-MONO|x86.Build.0 = Release|Any CPU
		{2AB5D52E-3C4D-4572-B140-9EED600ECE59}.Debug|Any CPU.ActiveCfg = Debug|Any CPU
		{2AB5D52E-3C4D-4572-B140-9EED600ECE59}.Debug|Any CPU.Build.0 = Debug|Any CPU
		{2AB5D52E-3C4D-4572-B140-9EED600ECE59}.Debug|x64.ActiveCfg = Debug|x64
		{2AB5D52E-3C4D-4572-B140-9EED600ECE59}.Debug|x64.Build.0 = Debug|x64
		{2AB5D52E-3C4D-4572-B140-9EED600ECE59}.Debug|x86.ActiveCfg = Debug|Any CPU
		{2AB5D52E-3C4D-4572-B140-9EED600ECE59}.Debug|x86.Build.0 = Debug|Any CPU
		{2AB5D52E-3C4D-4572-B140-9EED600ECE59}.Debug-MONO|Any CPU.ActiveCfg = Debug-MONO|Any CPU
		{2AB5D52E-3C4D-4572-B140-9EED600ECE59}.Debug-MONO|Any CPU.Build.0 = Debug-MONO|Any CPU
		{2AB5D52E-3C4D-4572-B140-9EED600ECE59}.Debug-MONO|x64.ActiveCfg = Debug-MONO|x64
		{2AB5D52E-3C4D-4572-B140-9EED600ECE59}.Debug-MONO|x64.Build.0 = Debug-MONO|x64
		{2AB5D52E-3C4D-4572-B140-9EED600ECE59}.Debug-MONO|x86.ActiveCfg = Debug-MONO|Any CPU
		{2AB5D52E-3C4D-4572-B140-9EED600ECE59}.Debug-MONO|x86.Build.0 = Debug-MONO|Any CPU
		{2AB5D52E-3C4D-4572-B140-9EED600ECE59}.MachineIndependent|Any CPU.ActiveCfg = MachineIndependent|Any CPU
		{2AB5D52E-3C4D-4572-B140-9EED600ECE59}.MachineIndependent|Any CPU.Build.0 = MachineIndependent|Any CPU
		{2AB5D52E-3C4D-4572-B140-9EED600ECE59}.MachineIndependent|x64.ActiveCfg = MachineIndependent|x64
		{2AB5D52E-3C4D-4572-B140-9EED600ECE59}.MachineIndependent|x64.Build.0 = MachineIndependent|x64
		{2AB5D52E-3C4D-4572-B140-9EED600ECE59}.MachineIndependent|x86.ActiveCfg = MachineIndependent|Any CPU
		{2AB5D52E-3C4D-4572-B140-9EED600ECE59}.MachineIndependent|x86.Build.0 = MachineIndependent|Any CPU
		{2AB5D52E-3C4D-4572-B140-9EED600ECE59}.Release|Any CPU.ActiveCfg = Release|Any CPU
		{2AB5D52E-3C4D-4572-B140-9EED600ECE59}.Release|Any CPU.Build.0 = Release|Any CPU
		{2AB5D52E-3C4D-4572-B140-9EED600ECE59}.Release|x64.ActiveCfg = Release|x64
		{2AB5D52E-3C4D-4572-B140-9EED600ECE59}.Release|x64.Build.0 = Release|x64
		{2AB5D52E-3C4D-4572-B140-9EED600ECE59}.Release|x86.ActiveCfg = Release|Any CPU
		{2AB5D52E-3C4D-4572-B140-9EED600ECE59}.Release|x86.Build.0 = Release|Any CPU
		{2AB5D52E-3C4D-4572-B140-9EED600ECE59}.Release-MONO|Any CPU.ActiveCfg = Release|Any CPU
		{2AB5D52E-3C4D-4572-B140-9EED600ECE59}.Release-MONO|Any CPU.Build.0 = Release|Any CPU
		{2AB5D52E-3C4D-4572-B140-9EED600ECE59}.Release-MONO|x64.ActiveCfg = Release|x64
		{2AB5D52E-3C4D-4572-B140-9EED600ECE59}.Release-MONO|x64.Build.0 = Release|x64
		{2AB5D52E-3C4D-4572-B140-9EED600ECE59}.Release-MONO|x86.ActiveCfg = Release|Any CPU
		{2AB5D52E-3C4D-4572-B140-9EED600ECE59}.Release-MONO|x86.Build.0 = Release|Any CPU
		{C51C04F6-D35B-4211-B0F2-9D69F63AC0BC}.Debug|Any CPU.ActiveCfg = Debug|Any CPU
		{C51C04F6-D35B-4211-B0F2-9D69F63AC0BC}.Debug|Any CPU.Build.0 = Debug|Any CPU
		{C51C04F6-D35B-4211-B0F2-9D69F63AC0BC}.Debug|x64.ActiveCfg = Debug|x64
		{C51C04F6-D35B-4211-B0F2-9D69F63AC0BC}.Debug|x64.Build.0 = Debug|x64
		{C51C04F6-D35B-4211-B0F2-9D69F63AC0BC}.Debug|x86.ActiveCfg = Debug|Any CPU
		{C51C04F6-D35B-4211-B0F2-9D69F63AC0BC}.Debug|x86.Build.0 = Debug|Any CPU
		{C51C04F6-D35B-4211-B0F2-9D69F63AC0BC}.Debug-MONO|Any CPU.ActiveCfg = Debug-MONO|Any CPU
		{C51C04F6-D35B-4211-B0F2-9D69F63AC0BC}.Debug-MONO|Any CPU.Build.0 = Debug-MONO|Any CPU
		{C51C04F6-D35B-4211-B0F2-9D69F63AC0BC}.Debug-MONO|x64.ActiveCfg = Debug|x64
		{C51C04F6-D35B-4211-B0F2-9D69F63AC0BC}.Debug-MONO|x64.Build.0 = Debug|x64
		{C51C04F6-D35B-4211-B0F2-9D69F63AC0BC}.Debug-MONO|x86.ActiveCfg = Debug|Any CPU
		{C51C04F6-D35B-4211-B0F2-9D69F63AC0BC}.Debug-MONO|x86.Build.0 = Debug|Any CPU
		{C51C04F6-D35B-4211-B0F2-9D69F63AC0BC}.MachineIndependent|Any CPU.ActiveCfg = MachineIndependent|Any CPU
		{C51C04F6-D35B-4211-B0F2-9D69F63AC0BC}.MachineIndependent|Any CPU.Build.0 = MachineIndependent|Any CPU
		{C51C04F6-D35B-4211-B0F2-9D69F63AC0BC}.MachineIndependent|x64.ActiveCfg = MachineIndependent|x64
		{C51C04F6-D35B-4211-B0F2-9D69F63AC0BC}.MachineIndependent|x64.Build.0 = MachineIndependent|x64
		{C51C04F6-D35B-4211-B0F2-9D69F63AC0BC}.MachineIndependent|x86.ActiveCfg = MachineIndependent|Any CPU
		{C51C04F6-D35B-4211-B0F2-9D69F63AC0BC}.MachineIndependent|x86.Build.0 = MachineIndependent|Any CPU
		{C51C04F6-D35B-4211-B0F2-9D69F63AC0BC}.Release|Any CPU.ActiveCfg = Release|Any CPU
		{C51C04F6-D35B-4211-B0F2-9D69F63AC0BC}.Release|Any CPU.Build.0 = Release|Any CPU
		{C51C04F6-D35B-4211-B0F2-9D69F63AC0BC}.Release|x64.ActiveCfg = Release|x64
		{C51C04F6-D35B-4211-B0F2-9D69F63AC0BC}.Release|x64.Build.0 = Release|x64
		{C51C04F6-D35B-4211-B0F2-9D69F63AC0BC}.Release|x86.ActiveCfg = Release|Any CPU
		{C51C04F6-D35B-4211-B0F2-9D69F63AC0BC}.Release|x86.Build.0 = Release|Any CPU
		{C51C04F6-D35B-4211-B0F2-9D69F63AC0BC}.Release-MONO|Any CPU.ActiveCfg = Release|Any CPU
		{C51C04F6-D35B-4211-B0F2-9D69F63AC0BC}.Release-MONO|Any CPU.Build.0 = Release|Any CPU
		{C51C04F6-D35B-4211-B0F2-9D69F63AC0BC}.Release-MONO|x64.ActiveCfg = Release|x64
		{C51C04F6-D35B-4211-B0F2-9D69F63AC0BC}.Release-MONO|x64.Build.0 = Release|x64
		{C51C04F6-D35B-4211-B0F2-9D69F63AC0BC}.Release-MONO|x86.ActiveCfg = Release|Any CPU
		{C51C04F6-D35B-4211-B0F2-9D69F63AC0BC}.Release-MONO|x86.Build.0 = Release|Any CPU
		{243181BA-73D1-4B14-BA29-EBB8D183F573}.Debug|Any CPU.ActiveCfg = Debug|Any CPU
		{243181BA-73D1-4B14-BA29-EBB8D183F573}.Debug|Any CPU.Build.0 = Debug|Any CPU
		{243181BA-73D1-4B14-BA29-EBB8D183F573}.Debug|x64.ActiveCfg = Debug|x64
		{243181BA-73D1-4B14-BA29-EBB8D183F573}.Debug|x64.Build.0 = Debug|x64
		{243181BA-73D1-4B14-BA29-EBB8D183F573}.Debug|x86.ActiveCfg = Debug|Any CPU
		{243181BA-73D1-4B14-BA29-EBB8D183F573}.Debug|x86.Build.0 = Debug|Any CPU
		{243181BA-73D1-4B14-BA29-EBB8D183F573}.Debug-MONO|Any CPU.ActiveCfg = Debug-MONO|Any CPU
		{243181BA-73D1-4B14-BA29-EBB8D183F573}.Debug-MONO|Any CPU.Build.0 = Debug-MONO|Any CPU
		{243181BA-73D1-4B14-BA29-EBB8D183F573}.Debug-MONO|x64.ActiveCfg = Debug-MONO|x64
		{243181BA-73D1-4B14-BA29-EBB8D183F573}.Debug-MONO|x64.Build.0 = Debug-MONO|x64
		{243181BA-73D1-4B14-BA29-EBB8D183F573}.Debug-MONO|x86.ActiveCfg = Debug-MONO|Any CPU
		{243181BA-73D1-4B14-BA29-EBB8D183F573}.Debug-MONO|x86.Build.0 = Debug-MONO|Any CPU
		{243181BA-73D1-4B14-BA29-EBB8D183F573}.MachineIndependent|Any CPU.ActiveCfg = MachineIndependent|Any CPU
		{243181BA-73D1-4B14-BA29-EBB8D183F573}.MachineIndependent|Any CPU.Build.0 = MachineIndependent|Any CPU
		{243181BA-73D1-4B14-BA29-EBB8D183F573}.MachineIndependent|x64.ActiveCfg = MachineIndependent|x64
		{243181BA-73D1-4B14-BA29-EBB8D183F573}.MachineIndependent|x64.Build.0 = MachineIndependent|x64
		{243181BA-73D1-4B14-BA29-EBB8D183F573}.MachineIndependent|x86.ActiveCfg = MachineIndependent|Any CPU
		{243181BA-73D1-4B14-BA29-EBB8D183F573}.MachineIndependent|x86.Build.0 = MachineIndependent|Any CPU
		{243181BA-73D1-4B14-BA29-EBB8D183F573}.Release|Any CPU.ActiveCfg = Release|Any CPU
		{243181BA-73D1-4B14-BA29-EBB8D183F573}.Release|Any CPU.Build.0 = Release|Any CPU
		{243181BA-73D1-4B14-BA29-EBB8D183F573}.Release|x64.ActiveCfg = Release|x64
		{243181BA-73D1-4B14-BA29-EBB8D183F573}.Release|x64.Build.0 = Release|x64
		{243181BA-73D1-4B14-BA29-EBB8D183F573}.Release|x86.ActiveCfg = Release|Any CPU
		{243181BA-73D1-4B14-BA29-EBB8D183F573}.Release|x86.Build.0 = Release|Any CPU
		{243181BA-73D1-4B14-BA29-EBB8D183F573}.Release-MONO|Any CPU.ActiveCfg = Release-MONO|Any CPU
		{243181BA-73D1-4B14-BA29-EBB8D183F573}.Release-MONO|Any CPU.Build.0 = Release-MONO|Any CPU
		{243181BA-73D1-4B14-BA29-EBB8D183F573}.Release-MONO|x64.ActiveCfg = Release-MONO|x64
		{243181BA-73D1-4B14-BA29-EBB8D183F573}.Release-MONO|x64.Build.0 = Release-MONO|x64
		{243181BA-73D1-4B14-BA29-EBB8D183F573}.Release-MONO|x86.ActiveCfg = Release-MONO|Any CPU
		{243181BA-73D1-4B14-BA29-EBB8D183F573}.Release-MONO|x86.Build.0 = Release-MONO|Any CPU
	EndGlobalSection
	GlobalSection(SolutionProperties) = preSolution
		HideSolutionNode = FALSE
	EndGlobalSection
	GlobalSection(ExtensibilityGlobals) = postSolution
		SolutionGuid = {F948D667-14E3-4F98-BA50-3F3C948BF4C2}
	EndGlobalSection
EndGlobal
