
Microsoft Visual Studio Solution File, Format Version 12.00
# Visual Studio 15
VisualStudioVersion = 15.0.26124.0
MinimumVisualStudioVersion = 15.0.26124.0
Project("{FAE04EC0-301F-11D3-BF4B-00C04F79EFBC}") = "liba", "liba\liba.csproj", "{C46E4038-BD0F-4C55-B16D-3614EA22F4DD}"
EndProject
Project("{FAE04EC0-301F-11D3-BF4B-00C04F79EFBC}") = "libb", "libb\libb.csproj", "{FE57DF17-BCAF-45BE-86BB-2E66A27C43CF}"
EndProject
Global
	GlobalSection(SolutionConfigurationPlatforms) = preSolution
		Debug|Any CPU = Debug|Any CPU
		Debug|x64 = Debug|x64
		Debug|x86 = Debug|x86
		Release|Any CPU = Release|Any CPU
		Release|x64 = Release|x64
		Release|x86 = Release|x86
	EndGlobalSection
	GlobalSection(SolutionProperties) = preSolution
		HideSolutionNode = FALSE
	EndGlobalSection
	GlobalSection(ProjectConfigurationPlatforms) = postSolution
		{C46E4038-BD0F-4C55-B16D-3614EA22F4DD}.Debug|Any CPU.ActiveCfg = Debug|Any CPU
		{C46E4038-BD0F-4C55-B16D-3614EA22F4DD}.Debug|Any CPU.Build.0 = Debug|Any CPU
		{C46E4038-BD0F-4C55-B16D-3614EA22F4DD}.Debug|x64.ActiveCfg = Debug|Any CPU
		{C46E4038-BD0F-4C55-B16D-3614EA22F4DD}.Debug|x64.Build.0 = Debug|Any CPU
		{C46E4038-BD0F-4C55-B16D-3614EA22F4DD}.Debug|x86.ActiveCfg = Debug|Any CPU
		{C46E4038-BD0F-4C55-B16D-3614EA22F4DD}.Debug|x86.Build.0 = Debug|Any CPU
		{C46E4038-BD0F-4C55-B16D-3614EA22F4DD}.Release|Any CPU.ActiveCfg = Release|Any CPU
		{C46E4038-BD0F-4C55-B16D-3614EA22F4DD}.Release|Any CPU.Build.0 = Release|Any CPU
		{C46E4038-BD0F-4C55-B16D-3614EA22F4DD}.Release|x64.ActiveCfg = Release|Any CPU
		{C46E4038-BD0F-4C55-B16D-3614EA22F4DD}.Release|x64.Build.0 = Release|Any CPU
		{C46E4038-BD0F-4C55-B16D-3614EA22F4DD}.Release|x86.ActiveCfg = Release|Any CPU
		{C46E4038-BD0F-4C55-B16D-3614EA22F4DD}.Release|x86.Build.0 = Release|Any CPU
		{FE57DF17-BCAF-45BE-86BB-2E66A27C43CF}.Debug|Any CPU.ActiveCfg = Debug|Any CPU
		{FE57DF17-BCAF-45BE-86BB-2E66A27C43CF}.Debug|Any CPU.Build.0 = Debug|Any CPU
		{FE57DF17-BCAF-45BE-86BB-2E66A27C43CF}.Debug|x64.ActiveCfg = Debug|Any CPU
		{FE57DF17-BCAF-45BE-86BB-2E66A27C43CF}.Debug|x64.Build.0 = Debug|Any CPU
		{FE57DF17-BCAF-45BE-86BB-2E66A27C43CF}.Debug|x86.ActiveCfg = Debug|Any CPU
		{FE57DF17-BCAF-45BE-86BB-2E66A27C43CF}.Debug|x86.Build.0 = Debug|Any CPU
		{FE57DF17-BCAF-45BE-86BB-2E66A27C43CF}.Release|Any CPU.ActiveCfg = Release|Any CPU
		{FE57DF17-BCAF-45BE-86BB-2E66A27C43CF}.Release|Any CPU.Build.0 = Release|Any CPU
		{FE57DF17-BCAF-45BE-86BB-2E66A27C43CF}.Release|x64.ActiveCfg = Release|Any CPU
		{FE57DF17-BCAF-45BE-86BB-2E66A27C43CF}.Release|x64.Build.0 = Release|Any CPU
		{FE57DF17-BCAF-45BE-86BB-2E66A27C43CF}.Release|x86.ActiveCfg = Release|Any CPU
		{FE57DF17-BCAF-45BE-86BB-2E66A27C43CF}.Release|x86.Build.0 = Release|Any CPU
	EndGlobalSection
EndGlobal
