Microsoft Visual Studio Solution File, Format Version 12.00
# Visual Studio 15
VisualStudioVersion = 15.0.26228.9
MinimumVisualStudioVersion = 10.0.40219.1
Project("{FAE04EC0-301F-11D3-BF4B-00C04F79EFBC}") = "Microsoft.Build.Framework", "Framework\Microsoft.Build.Framework.csproj", "{571F09DB-A81A-4444-945C-6F7B530054CD}"
EndProject
Project("{FAE04EC0-301F-11D3-BF4B-00C04F79EFBC}") = "Microsoft.Build.Utilities", "Utilities\Microsoft.Build.Utilities.csproj", "{828566EE-6F6A-4EF4-98B0-513F7DF9C628}"
	ProjectSection(ProjectDependencies) = postProject
		{571F09DB-A81A-4444-945C-6F7B530054CD} = {571F09DB-A81A-4444-945C-6F7B530054CD}
	EndProjectSection
EndProject
Project("{FAE04EC0-301F-11D3-BF4B-00C04F79EFBC}") = "Microsoft.Build", "Build\Microsoft.Build.csproj", "{16CD7635-7CF4-4C62-A77B-CF87D0F09A58}"
	ProjectSection(ProjectDependencies) = postProject
		{571F09DB-A81A-4444-945C-6F7B530054CD} = {571F09DB-A81A-4444-945C-6F7B530054CD}
	EndProjectSection
EndProject
Project("{FAE04EC0-301F-11D3-BF4B-00C04F79EFBC}") = "MSBuild", "MSBuild\MSBuild.csproj", "{23C9FD0E-70C5-4F1F-B08A-D2774240FB51}"
EndProject
Project("{FAE04EC0-301F-11D3-BF4B-00C04F79EFBC}") = "Microsoft.Build.Tasks", "Tasks\Microsoft.Build.Tasks.csproj", "{59A73FE0-D3B7-4299-9063-3A587D429AF4}"
EndProject
Project("{FAE04EC0-301F-11D3-BF4B-00C04F79EFBC}") = "Microsoft.Build.Framework.UnitTests", "Framework.UnitTests\Microsoft.Build.Framework.UnitTests.csproj", "{BE53C18D-7E4E-4C57-A359-1D662C384511}"
EndProject
Project("{FAE04EC0-301F-11D3-BF4B-00C04F79EFBC}") = "Microsoft.Build.CommandLine.UnitTests", "MSBuild.UnitTests\Microsoft.Build.CommandLine.UnitTests.csproj", "{C79756DC-CC78-45D6-AE11-8BB35F201CE4}"
EndProject
Project("{FAE04EC0-301F-11D3-BF4B-00C04F79EFBC}") = "Microsoft.Build.Utilities.UnitTests", "Utilities.UnitTests\Microsoft.Build.Utilities.UnitTests.csproj", "{31768BCA-AF65-4D9C-B3AC-B6DA3338B1BE}"
EndProject
Project("{FAE04EC0-301F-11D3-BF4B-00C04F79EFBC}") = "Microsoft.Build.Tasks.UnitTests", "Tasks.UnitTests\Microsoft.Build.Tasks.UnitTests.csproj", "{32126DCE-7484-4E4B-85DA-12378C0F2FC7}"
EndProject
Project("{FAE04EC0-301F-11D3-BF4B-00C04F79EFBC}") = "Microsoft.Build.Engine.UnitTests", "Build.UnitTests\Microsoft.Build.Engine.UnitTests.csproj", "{D06D5D07-9DFB-4896-B11F-0A8C44F8F971}"
EndProject
Project("{FAE04EC0-301F-11D3-BF4B-00C04F79EFBC}") = "Microsoft.Build.Engine.OM.UnitTests", "Build.OM.UnitTests\Microsoft.Build.Engine.OM.UnitTests.csproj", "{9D858C8F-8D71-467E-808E-4E4F48DD0A49}"
EndProject
Project("{2150E333-8FDC-42A3-9474-1A3956D46DE8}") = "Solution Items", "Solution Items", "{4900B3B8-4310-4D5B-B1F7-2FDF9199765F}"
	ProjectSection(SolutionItems) = preProject
		..\NuGet.Config = ..\NuGet.Config
		..\targets\xunit.runner.json = ..\targets\xunit.runner.json
	EndProjectSection
EndProject
Project("{2150E333-8FDC-42A3-9474-1A3956D46DE8}") = "Samples", "Samples", "{760FF85D-8BEB-4992-8095-A9678F88FD47}"
EndProject
Project("{FAE04EC0-301F-11D3-BF4B-00C04F79EFBC}") = "TaskUsageLogger", "..\Samples\TaskUsageLogger\TaskUsageLogger.csproj", "{2A0E81B1-9E7A-4F9F-81B2-AB180833F754}"
	ProjectSection(ProjectDependencies) = postProject
		{571F09DB-A81A-4444-945C-6F7B530054CD} = {571F09DB-A81A-4444-945C-6F7B530054CD}
		{828566EE-6F6A-4EF4-98B0-513F7DF9C628} = {828566EE-6F6A-4EF4-98B0-513F7DF9C628}
	EndProjectSection
EndProject
Project("{FAE04EC0-301F-11D3-BF4B-00C04F79EFBC}") = "PortableTask", "..\Samples\PortableTask\PortableTask.csproj", "{FC1C02BB-1585-4322-840F-B002E25AEAD6}"
EndProject
Project("{FAE04EC0-301F-11D3-BF4B-00C04F79EFBC}") = "NetCoreCompileTest", "..\Samples\NetCoreCompileTest\NetCoreCompileTest.csproj", "{11B5D53E-90E4-4BD5-9883-B5921F7DE854}"
EndProject
Project("{FAE04EC0-301F-11D3-BF4B-00C04F79EFBC}") = "MSBuildTaskHost", "MSBuildTaskHost\MSBuildTaskHost.csproj", "{53733ECF-0D81-43DA-B602-2AE9417F614F}"
EndProject
Project("{FAE04EC0-301F-11D3-BF4B-00C04F79EFBC}") = "Dependency", "..\Samples\Dependency\Dependency.csproj", "{9EAE36C3-50CD-49A6-9CA2-94649125DCD1}"
EndProject
Project("{FAE04EC0-301F-11D3-BF4B-00C04F79EFBC}") = "TaskWithDependency", "..\Samples\TaskWithDependency\TaskWithDependency.csproj", "{09EEB69D-817E-4B33-9F61-24FC9DA5B3D4}"
EndProject
Project("{FAE04EC0-301F-11D3-BF4B-00C04F79EFBC}") = "Microsoft.Build.LocalizationTasks", "..\build\LocalizationTasks\Microsoft.Build.LocalizationTasks.csproj", "{06347A6C-32A4-4218-A930-0A22699C726C}"
EndProject
Project("{2150E333-8FDC-42A3-9474-1A3956D46DE8}") = "NuGetPackages", "NuGetPackages", "{B3A6667F-80C1-4264-874B-60AF572F641F}"
	ProjectSection(SolutionItems) = preProject
		..\build\NuGetPackages\CreateNuGetPackages.proj = ..\build\NuGetPackages\CreateNuGetPackages.proj
		..\build\NuGetPackages\Microsoft.Build.Conversion.Core.nuspec = ..\build\NuGetPackages\Microsoft.Build.Conversion.Core.nuspec
		..\build\NuGetPackages\Microsoft.Build.Engine.nuspec = ..\build\NuGetPackages\Microsoft.Build.Engine.nuspec
		..\build\NuGetPackages\Microsoft.Build.Framework.nuspec = ..\build\NuGetPackages\Microsoft.Build.Framework.nuspec
		..\build\NuGetPackages\Microsoft.Build.nuspec = ..\build\NuGetPackages\Microsoft.Build.nuspec
		..\build\NuGetPackages\Microsoft.Build.Runtime.nuspec = ..\build\NuGetPackages\Microsoft.Build.Runtime.nuspec
		..\build\NuGetPackages\Microsoft.Build.Tasks.Core.nuspec = ..\build\NuGetPackages\Microsoft.Build.Tasks.Core.nuspec
		..\build\NuGetPackages\Microsoft.Build.Utilities.Core.nuspec = ..\build\NuGetPackages\Microsoft.Build.Utilities.Core.nuspec
	EndProjectSection
EndProject
Project("{FAE04EC0-301F-11D3-BF4B-00C04F79EFBC}") = "XmlFileLogger", "..\Samples\XmlFileLogger\XmlFileLogger.csproj", "{7D8BA0AA-B715-4646-A2F8-844DB2F15C81}"
EndProject
Global
	GlobalSection(SolutionConfigurationPlatforms) = preSolution
		Debug|Any CPU = Debug|Any CPU
		Debug|x64 = Debug|x64
		Debug|x86 = Debug|x86
		Debug-MONO|Any CPU = Debug-MONO|Any CPU
		Debug-MONO|x64 = Debug-MONO|x64
		Debug-MONO|x86 = Debug-MONO|x86
		Debug-NetCore|Any CPU = Debug-NetCore|Any CPU
		Debug-NetCore|x64 = Debug-NetCore|x64
		Debug-NetCore|x86 = Debug-NetCore|x86
		Port-Progress|Any CPU = Port-Progress|Any CPU
		Port-Progress|x64 = Port-Progress|x64
		Port-Progress|x86 = Port-Progress|x86
		Release|Any CPU = Release|Any CPU
		Release|x64 = Release|x64
		Release|x86 = Release|x86
		Release-MONO|Any CPU = Release-MONO|Any CPU
		Release-MONO|x64 = Release-MONO|x64
		Release-MONO|x86 = Release-MONO|x86
		Release-NetCore|Any CPU = Release-NetCore|Any CPU
		Release-NetCore|x64 = Release-NetCore|x64
		Release-NetCore|x86 = Release-NetCore|x86
	EndGlobalSection
	GlobalSection(ProjectConfigurationPlatforms) = postSolution
		{571F09DB-A81A-4444-945C-6F7B530054CD}.Debug|Any CPU.ActiveCfg = Debug|Any CPU
		{571F09DB-A81A-4444-945C-6F7B530054CD}.Debug|Any CPU.Build.0 = Debug|Any CPU
		{571F09DB-A81A-4444-945C-6F7B530054CD}.Debug|x64.ActiveCfg = Debug|Any CPU
		{571F09DB-A81A-4444-945C-6F7B530054CD}.Debug|x64.Build.0 = Debug|Any CPU
		{571F09DB-A81A-4444-945C-6F7B530054CD}.Debug|x86.ActiveCfg = Debug|Any CPU
		{571F09DB-A81A-4444-945C-6F7B530054CD}.Debug|x86.Build.0 = Debug|Any CPU
		{571F09DB-A81A-4444-945C-6F7B530054CD}.Debug-MONO|Any CPU.ActiveCfg = Debug-MONO|Any CPU
		{571F09DB-A81A-4444-945C-6F7B530054CD}.Debug-MONO|Any CPU.Build.0 = Debug-MONO|Any CPU
		{571F09DB-A81A-4444-945C-6F7B530054CD}.Debug-MONO|x64.ActiveCfg = Debug-MONO|Any CPU
		{571F09DB-A81A-4444-945C-6F7B530054CD}.Debug-MONO|x86.ActiveCfg = Debug-MONO|Any CPU
		{571F09DB-A81A-4444-945C-6F7B530054CD}.Debug-NetCore|Any CPU.ActiveCfg = Debug-NetCore|Any CPU
		{571F09DB-A81A-4444-945C-6F7B530054CD}.Debug-NetCore|Any CPU.Build.0 = Debug-NetCore|Any CPU
		{571F09DB-A81A-4444-945C-6F7B530054CD}.Debug-NetCore|x64.ActiveCfg = Debug-NetCore|Any CPU
		{571F09DB-A81A-4444-945C-6F7B530054CD}.Debug-NetCore|x64.Build.0 = Debug-NetCore|Any CPU
		{571F09DB-A81A-4444-945C-6F7B530054CD}.Debug-NetCore|x86.ActiveCfg = Debug-NetCore|Any CPU
		{571F09DB-A81A-4444-945C-6F7B530054CD}.Debug-NetCore|x86.Build.0 = Debug-NetCore|Any CPU
		{571F09DB-A81A-4444-945C-6F7B530054CD}.Port-Progress|Any CPU.ActiveCfg = Port-Progress|Any CPU
		{571F09DB-A81A-4444-945C-6F7B530054CD}.Port-Progress|Any CPU.Build.0 = Port-Progress|Any CPU
		{571F09DB-A81A-4444-945C-6F7B530054CD}.Port-Progress|x64.ActiveCfg = Port-Progress|x64
		{571F09DB-A81A-4444-945C-6F7B530054CD}.Port-Progress|x64.Build.0 = Port-Progress|x64
		{571F09DB-A81A-4444-945C-6F7B530054CD}.Port-Progress|x86.ActiveCfg = Port-Progress|x86
		{571F09DB-A81A-4444-945C-6F7B530054CD}.Port-Progress|x86.Build.0 = Port-Progress|x86
		{571F09DB-A81A-4444-945C-6F7B530054CD}.Release|Any CPU.ActiveCfg = Release|Any CPU
		{571F09DB-A81A-4444-945C-6F7B530054CD}.Release|Any CPU.Build.0 = Release|Any CPU
		{571F09DB-A81A-4444-945C-6F7B530054CD}.Release|x64.ActiveCfg = Release|Any CPU
		{571F09DB-A81A-4444-945C-6F7B530054CD}.Release|x64.Build.0 = Release|Any CPU
		{571F09DB-A81A-4444-945C-6F7B530054CD}.Release|x86.ActiveCfg = Release|Any CPU
		{571F09DB-A81A-4444-945C-6F7B530054CD}.Release|x86.Build.0 = Release|Any CPU
		{571F09DB-A81A-4444-945C-6F7B530054CD}.Release-MONO|Any CPU.ActiveCfg = Release-MONO|Any CPU
		{571F09DB-A81A-4444-945C-6F7B530054CD}.Release-MONO|Any CPU.Build.0 = Release-MONO|Any CPU
		{571F09DB-A81A-4444-945C-6F7B530054CD}.Release-MONO|x64.ActiveCfg = Release-MONO|Any CPU
		{571F09DB-A81A-4444-945C-6F7B530054CD}.Release-MONO|x86.ActiveCfg = Release-MONO|Any CPU
		{571F09DB-A81A-4444-945C-6F7B530054CD}.Release-NetCore|Any CPU.ActiveCfg = Release-NetCore|Any CPU
		{571F09DB-A81A-4444-945C-6F7B530054CD}.Release-NetCore|Any CPU.Build.0 = Release-NetCore|Any CPU
		{571F09DB-A81A-4444-945C-6F7B530054CD}.Release-NetCore|x64.ActiveCfg = Release-NetCore|Any CPU
		{571F09DB-A81A-4444-945C-6F7B530054CD}.Release-NetCore|x64.Build.0 = Release-NetCore|Any CPU
		{571F09DB-A81A-4444-945C-6F7B530054CD}.Release-NetCore|x86.ActiveCfg = Release-NetCore|Any CPU
		{571F09DB-A81A-4444-945C-6F7B530054CD}.Release-NetCore|x86.Build.0 = Release-NetCore|Any CPU
		{828566EE-6F6A-4EF4-98B0-513F7DF9C628}.Debug|Any CPU.ActiveCfg = Debug|Any CPU
		{828566EE-6F6A-4EF4-98B0-513F7DF9C628}.Debug|Any CPU.Build.0 = Debug|Any CPU
		{828566EE-6F6A-4EF4-98B0-513F7DF9C628}.Debug|x64.ActiveCfg = Debug|Any CPU
		{828566EE-6F6A-4EF4-98B0-513F7DF9C628}.Debug|x64.Build.0 = Debug|Any CPU
		{828566EE-6F6A-4EF4-98B0-513F7DF9C628}.Debug|x86.ActiveCfg = Debug|Any CPU
		{828566EE-6F6A-4EF4-98B0-513F7DF9C628}.Debug|x86.Build.0 = Debug|Any CPU
		{828566EE-6F6A-4EF4-98B0-513F7DF9C628}.Debug-MONO|Any CPU.ActiveCfg = Debug-MONO|Any CPU
		{828566EE-6F6A-4EF4-98B0-513F7DF9C628}.Debug-MONO|Any CPU.Build.0 = Debug-MONO|Any CPU
		{828566EE-6F6A-4EF4-98B0-513F7DF9C628}.Debug-MONO|x64.ActiveCfg = Debug-MONO|Any CPU
		{828566EE-6F6A-4EF4-98B0-513F7DF9C628}.Debug-MONO|x86.ActiveCfg = Debug-MONO|Any CPU
		{828566EE-6F6A-4EF4-98B0-513F7DF9C628}.Debug-NetCore|Any CPU.ActiveCfg = Debug-NetCore|Any CPU
		{828566EE-6F6A-4EF4-98B0-513F7DF9C628}.Debug-NetCore|Any CPU.Build.0 = Debug-NetCore|Any CPU
		{828566EE-6F6A-4EF4-98B0-513F7DF9C628}.Debug-NetCore|x64.ActiveCfg = Debug-NetCore|Any CPU
		{828566EE-6F6A-4EF4-98B0-513F7DF9C628}.Debug-NetCore|x64.Build.0 = Debug-NetCore|Any CPU
		{828566EE-6F6A-4EF4-98B0-513F7DF9C628}.Debug-NetCore|x86.ActiveCfg = Debug-NetCore|Any CPU
		{828566EE-6F6A-4EF4-98B0-513F7DF9C628}.Debug-NetCore|x86.Build.0 = Debug-NetCore|Any CPU
		{828566EE-6F6A-4EF4-98B0-513F7DF9C628}.Port-Progress|Any CPU.ActiveCfg = Port-Progress|Any CPU
		{828566EE-6F6A-4EF4-98B0-513F7DF9C628}.Port-Progress|Any CPU.Build.0 = Port-Progress|Any CPU
		{828566EE-6F6A-4EF4-98B0-513F7DF9C628}.Port-Progress|x64.ActiveCfg = Port-Progress|x64
		{828566EE-6F6A-4EF4-98B0-513F7DF9C628}.Port-Progress|x64.Build.0 = Port-Progress|x64
		{828566EE-6F6A-4EF4-98B0-513F7DF9C628}.Port-Progress|x86.ActiveCfg = Port-Progress|x86
		{828566EE-6F6A-4EF4-98B0-513F7DF9C628}.Port-Progress|x86.Build.0 = Port-Progress|x86
		{828566EE-6F6A-4EF4-98B0-513F7DF9C628}.Release|Any CPU.ActiveCfg = Release|Any CPU
		{828566EE-6F6A-4EF4-98B0-513F7DF9C628}.Release|Any CPU.Build.0 = Release|Any CPU
		{828566EE-6F6A-4EF4-98B0-513F7DF9C628}.Release|x64.ActiveCfg = Release|Any CPU
		{828566EE-6F6A-4EF4-98B0-513F7DF9C628}.Release|x64.Build.0 = Release|Any CPU
		{828566EE-6F6A-4EF4-98B0-513F7DF9C628}.Release|x86.ActiveCfg = Release|Any CPU
		{828566EE-6F6A-4EF4-98B0-513F7DF9C628}.Release|x86.Build.0 = Release|Any CPU
		{828566EE-6F6A-4EF4-98B0-513F7DF9C628}.Release-MONO|Any CPU.ActiveCfg = Release-MONO|Any CPU
		{828566EE-6F6A-4EF4-98B0-513F7DF9C628}.Release-MONO|Any CPU.Build.0 = Release-MONO|Any CPU
		{828566EE-6F6A-4EF4-98B0-513F7DF9C628}.Release-MONO|x64.ActiveCfg = Release-MONO|Any CPU
		{828566EE-6F6A-4EF4-98B0-513F7DF9C628}.Release-MONO|x86.ActiveCfg = Release-MONO|Any CPU
		{828566EE-6F6A-4EF4-98B0-513F7DF9C628}.Release-NetCore|Any CPU.ActiveCfg = Release-NetCore|Any CPU
		{828566EE-6F6A-4EF4-98B0-513F7DF9C628}.Release-NetCore|Any CPU.Build.0 = Release-NetCore|Any CPU
		{828566EE-6F6A-4EF4-98B0-513F7DF9C628}.Release-NetCore|x64.ActiveCfg = Release-NetCore|Any CPU
		{828566EE-6F6A-4EF4-98B0-513F7DF9C628}.Release-NetCore|x64.Build.0 = Release-NetCore|Any CPU
		{828566EE-6F6A-4EF4-98B0-513F7DF9C628}.Release-NetCore|x86.ActiveCfg = Release-NetCore|Any CPU
		{828566EE-6F6A-4EF4-98B0-513F7DF9C628}.Release-NetCore|x86.Build.0 = Release-NetCore|Any CPU
		{16CD7635-7CF4-4C62-A77B-CF87D0F09A58}.Debug|Any CPU.ActiveCfg = Debug|Any CPU
		{16CD7635-7CF4-4C62-A77B-CF87D0F09A58}.Debug|Any CPU.Build.0 = Debug|Any CPU
		{16CD7635-7CF4-4C62-A77B-CF87D0F09A58}.Debug|x64.ActiveCfg = Debug|Any CPU
		{16CD7635-7CF4-4C62-A77B-CF87D0F09A58}.Debug|x64.Build.0 = Debug|Any CPU
		{16CD7635-7CF4-4C62-A77B-CF87D0F09A58}.Debug|x86.ActiveCfg = Debug|Any CPU
		{16CD7635-7CF4-4C62-A77B-CF87D0F09A58}.Debug|x86.Build.0 = Debug|Any CPU
		{16CD7635-7CF4-4C62-A77B-CF87D0F09A58}.Debug-MONO|Any CPU.ActiveCfg = Debug-MONO|Any CPU
		{16CD7635-7CF4-4C62-A77B-CF87D0F09A58}.Debug-MONO|Any CPU.Build.0 = Debug-MONO|Any CPU
		{16CD7635-7CF4-4C62-A77B-CF87D0F09A58}.Debug-MONO|x64.ActiveCfg = Debug-MONO|Any CPU
		{16CD7635-7CF4-4C62-A77B-CF87D0F09A58}.Debug-MONO|x86.ActiveCfg = Debug-MONO|Any CPU
		{16CD7635-7CF4-4C62-A77B-CF87D0F09A58}.Debug-NetCore|Any CPU.ActiveCfg = Debug-NetCore|Any CPU
		{16CD7635-7CF4-4C62-A77B-CF87D0F09A58}.Debug-NetCore|Any CPU.Build.0 = Debug-NetCore|Any CPU
		{16CD7635-7CF4-4C62-A77B-CF87D0F09A58}.Debug-NetCore|x64.ActiveCfg = Debug-NetCore|Any CPU
		{16CD7635-7CF4-4C62-A77B-CF87D0F09A58}.Debug-NetCore|x64.Build.0 = Debug-NetCore|Any CPU
		{16CD7635-7CF4-4C62-A77B-CF87D0F09A58}.Debug-NetCore|x86.ActiveCfg = Debug-NetCore|Any CPU
		{16CD7635-7CF4-4C62-A77B-CF87D0F09A58}.Debug-NetCore|x86.Build.0 = Debug-NetCore|Any CPU
		{16CD7635-7CF4-4C62-A77B-CF87D0F09A58}.Port-Progress|Any CPU.ActiveCfg = Port-Progress|Any CPU
		{16CD7635-7CF4-4C62-A77B-CF87D0F09A58}.Port-Progress|Any CPU.Build.0 = Port-Progress|Any CPU
		{16CD7635-7CF4-4C62-A77B-CF87D0F09A58}.Port-Progress|x64.ActiveCfg = Port-Progress|x64
		{16CD7635-7CF4-4C62-A77B-CF87D0F09A58}.Port-Progress|x64.Build.0 = Port-Progress|x64
		{16CD7635-7CF4-4C62-A77B-CF87D0F09A58}.Port-Progress|x86.ActiveCfg = Port-Progress|x86
		{16CD7635-7CF4-4C62-A77B-CF87D0F09A58}.Port-Progress|x86.Build.0 = Port-Progress|x86
		{16CD7635-7CF4-4C62-A77B-CF87D0F09A58}.Release|Any CPU.ActiveCfg = Release|Any CPU
		{16CD7635-7CF4-4C62-A77B-CF87D0F09A58}.Release|Any CPU.Build.0 = Release|Any CPU
		{16CD7635-7CF4-4C62-A77B-CF87D0F09A58}.Release|x64.ActiveCfg = Release|Any CPU
		{16CD7635-7CF4-4C62-A77B-CF87D0F09A58}.Release|x64.Build.0 = Release|Any CPU
		{16CD7635-7CF4-4C62-A77B-CF87D0F09A58}.Release|x86.ActiveCfg = Release|Any CPU
		{16CD7635-7CF4-4C62-A77B-CF87D0F09A58}.Release|x86.Build.0 = Release|Any CPU
		{16CD7635-7CF4-4C62-A77B-CF87D0F09A58}.Release-MONO|Any CPU.ActiveCfg = Release-MONO|Any CPU
		{16CD7635-7CF4-4C62-A77B-CF87D0F09A58}.Release-MONO|Any CPU.Build.0 = Release-MONO|Any CPU
		{16CD7635-7CF4-4C62-A77B-CF87D0F09A58}.Release-MONO|x64.ActiveCfg = Release-MONO|Any CPU
		{16CD7635-7CF4-4C62-A77B-CF87D0F09A58}.Release-MONO|x86.ActiveCfg = Release-MONO|Any CPU
		{16CD7635-7CF4-4C62-A77B-CF87D0F09A58}.Release-NetCore|Any CPU.ActiveCfg = Release-NetCore|Any CPU
		{16CD7635-7CF4-4C62-A77B-CF87D0F09A58}.Release-NetCore|Any CPU.Build.0 = Release-NetCore|Any CPU
		{16CD7635-7CF4-4C62-A77B-CF87D0F09A58}.Release-NetCore|x64.ActiveCfg = Release-NetCore|Any CPU
		{16CD7635-7CF4-4C62-A77B-CF87D0F09A58}.Release-NetCore|x64.Build.0 = Release-NetCore|Any CPU
		{16CD7635-7CF4-4C62-A77B-CF87D0F09A58}.Release-NetCore|x86.ActiveCfg = Release-NetCore|Any CPU
		{16CD7635-7CF4-4C62-A77B-CF87D0F09A58}.Release-NetCore|x86.Build.0 = Release-NetCore|Any CPU
		{23C9FD0E-70C5-4F1F-B08A-D2774240FB51}.Debug|Any CPU.ActiveCfg = Debug|Any CPU
		{23C9FD0E-70C5-4F1F-B08A-D2774240FB51}.Debug|Any CPU.Build.0 = Debug|Any CPU
		{23C9FD0E-70C5-4F1F-B08A-D2774240FB51}.Debug|x64.ActiveCfg = Debug|x64
		{23C9FD0E-70C5-4F1F-B08A-D2774240FB51}.Debug|x64.Build.0 = Debug|x64
		{23C9FD0E-70C5-4F1F-B08A-D2774240FB51}.Debug|x86.ActiveCfg = Debug|x86
		{23C9FD0E-70C5-4F1F-B08A-D2774240FB51}.Debug|x86.Build.0 = Debug|x86
		{23C9FD0E-70C5-4F1F-B08A-D2774240FB51}.Debug-MONO|Any CPU.ActiveCfg = Debug-MONO|Any CPU
		{23C9FD0E-70C5-4F1F-B08A-D2774240FB51}.Debug-MONO|Any CPU.Build.0 = Debug-MONO|Any CPU
		{23C9FD0E-70C5-4F1F-B08A-D2774240FB51}.Debug-MONO|x64.ActiveCfg = Debug-MONO|x64
		{23C9FD0E-70C5-4F1F-B08A-D2774240FB51}.Debug-MONO|x64.Build.0 = Debug-MONO|x64
		{23C9FD0E-70C5-4F1F-B08A-D2774240FB51}.Debug-MONO|x86.ActiveCfg = Debug-MONO|x86
		{23C9FD0E-70C5-4F1F-B08A-D2774240FB51}.Debug-MONO|x86.Build.0 = Debug-MONO|x86
		{23C9FD0E-70C5-4F1F-B08A-D2774240FB51}.Debug-NetCore|Any CPU.ActiveCfg = Debug-NetCore|Any CPU
		{23C9FD0E-70C5-4F1F-B08A-D2774240FB51}.Debug-NetCore|Any CPU.Build.0 = Debug-NetCore|Any CPU
		{23C9FD0E-70C5-4F1F-B08A-D2774240FB51}.Debug-NetCore|x64.ActiveCfg = Debug-NetCore|x64
		{23C9FD0E-70C5-4F1F-B08A-D2774240FB51}.Debug-NetCore|x64.Build.0 = Debug-NetCore|x64
		{23C9FD0E-70C5-4F1F-B08A-D2774240FB51}.Debug-NetCore|x86.ActiveCfg = Debug-NetCore|x86
		{23C9FD0E-70C5-4F1F-B08A-D2774240FB51}.Debug-NetCore|x86.Build.0 = Debug-NetCore|x86
		{23C9FD0E-70C5-4F1F-B08A-D2774240FB51}.Port-Progress|Any CPU.ActiveCfg = Port-Progress|Any CPU
		{23C9FD0E-70C5-4F1F-B08A-D2774240FB51}.Port-Progress|Any CPU.Build.0 = Port-Progress|Any CPU
		{23C9FD0E-70C5-4F1F-B08A-D2774240FB51}.Port-Progress|x64.ActiveCfg = Port-Progress|x64
		{23C9FD0E-70C5-4F1F-B08A-D2774240FB51}.Port-Progress|x64.Build.0 = Port-Progress|x64
		{23C9FD0E-70C5-4F1F-B08A-D2774240FB51}.Port-Progress|x86.ActiveCfg = Port-Progress|x86
		{23C9FD0E-70C5-4F1F-B08A-D2774240FB51}.Port-Progress|x86.Build.0 = Port-Progress|x86
		{23C9FD0E-70C5-4F1F-B08A-D2774240FB51}.Release|Any CPU.ActiveCfg = Release|Any CPU
		{23C9FD0E-70C5-4F1F-B08A-D2774240FB51}.Release|Any CPU.Build.0 = Release|Any CPU
		{23C9FD0E-70C5-4F1F-B08A-D2774240FB51}.Release|x64.ActiveCfg = Release|Any CPU
		{23C9FD0E-70C5-4F1F-B08A-D2774240FB51}.Release|x64.Build.0 = Release|Any CPU
		{23C9FD0E-70C5-4F1F-B08A-D2774240FB51}.Release|x86.ActiveCfg = Release|Any CPU
		{23C9FD0E-70C5-4F1F-B08A-D2774240FB51}.Release|x86.Build.0 = Release|Any CPU
		{23C9FD0E-70C5-4F1F-B08A-D2774240FB51}.Release-MONO|Any CPU.ActiveCfg = Release-MONO|Any CPU
		{23C9FD0E-70C5-4F1F-B08A-D2774240FB51}.Release-MONO|Any CPU.Build.0 = Release-MONO|Any CPU
		{23C9FD0E-70C5-4F1F-B08A-D2774240FB51}.Release-MONO|x64.ActiveCfg = Release-MONO|x64
		{23C9FD0E-70C5-4F1F-B08A-D2774240FB51}.Release-MONO|x64.Build.0 = Release-MONO|x64
		{23C9FD0E-70C5-4F1F-B08A-D2774240FB51}.Release-MONO|x86.ActiveCfg = Release-MONO|x86
		{23C9FD0E-70C5-4F1F-B08A-D2774240FB51}.Release-MONO|x86.Build.0 = Release-MONO|x86
		{23C9FD0E-70C5-4F1F-B08A-D2774240FB51}.Release-NetCore|Any CPU.ActiveCfg = Release-NetCore|Any CPU
		{23C9FD0E-70C5-4F1F-B08A-D2774240FB51}.Release-NetCore|Any CPU.Build.0 = Release-NetCore|Any CPU
		{23C9FD0E-70C5-4F1F-B08A-D2774240FB51}.Release-NetCore|x64.ActiveCfg = Release-NetCore|x64
		{23C9FD0E-70C5-4F1F-B08A-D2774240FB51}.Release-NetCore|x64.Build.0 = Release-NetCore|x64
		{23C9FD0E-70C5-4F1F-B08A-D2774240FB51}.Release-NetCore|x86.ActiveCfg = Release-NetCore|x86
		{23C9FD0E-70C5-4F1F-B08A-D2774240FB51}.Release-NetCore|x86.Build.0 = Release-NetCore|x86
		{59A73FE0-D3B7-4299-9063-3A587D429AF4}.Debug|Any CPU.ActiveCfg = Debug|Any CPU
		{59A73FE0-D3B7-4299-9063-3A587D429AF4}.Debug|Any CPU.Build.0 = Debug|Any CPU
		{59A73FE0-D3B7-4299-9063-3A587D429AF4}.Debug|x64.ActiveCfg = Debug|Any CPU
		{59A73FE0-D3B7-4299-9063-3A587D429AF4}.Debug|x64.Build.0 = Debug|Any CPU
		{59A73FE0-D3B7-4299-9063-3A587D429AF4}.Debug|x86.ActiveCfg = Debug|Any CPU
		{59A73FE0-D3B7-4299-9063-3A587D429AF4}.Debug|x86.Build.0 = Debug|Any CPU
		{59A73FE0-D3B7-4299-9063-3A587D429AF4}.Debug-MONO|Any CPU.ActiveCfg = Debug-MONO|Any CPU
		{59A73FE0-D3B7-4299-9063-3A587D429AF4}.Debug-MONO|Any CPU.Build.0 = Debug-MONO|Any CPU
		{59A73FE0-D3B7-4299-9063-3A587D429AF4}.Debug-MONO|x64.ActiveCfg = Debug-MONO|Any CPU
		{59A73FE0-D3B7-4299-9063-3A587D429AF4}.Debug-MONO|x86.ActiveCfg = Debug-MONO|Any CPU
		{59A73FE0-D3B7-4299-9063-3A587D429AF4}.Debug-NetCore|Any CPU.ActiveCfg = Debug-NetCore|Any CPU
		{59A73FE0-D3B7-4299-9063-3A587D429AF4}.Debug-NetCore|Any CPU.Build.0 = Debug-NetCore|Any CPU
		{59A73FE0-D3B7-4299-9063-3A587D429AF4}.Debug-NetCore|x64.ActiveCfg = Debug-NetCore|Any CPU
		{59A73FE0-D3B7-4299-9063-3A587D429AF4}.Debug-NetCore|x64.Build.0 = Debug-NetCore|Any CPU
		{59A73FE0-D3B7-4299-9063-3A587D429AF4}.Debug-NetCore|x86.ActiveCfg = Debug-NetCore|Any CPU
		{59A73FE0-D3B7-4299-9063-3A587D429AF4}.Debug-NetCore|x86.Build.0 = Debug-NetCore|Any CPU
		{59A73FE0-D3B7-4299-9063-3A587D429AF4}.Port-Progress|Any CPU.ActiveCfg = Port-Progress|Any CPU
		{59A73FE0-D3B7-4299-9063-3A587D429AF4}.Port-Progress|Any CPU.Build.0 = Port-Progress|Any CPU
		{59A73FE0-D3B7-4299-9063-3A587D429AF4}.Port-Progress|x64.ActiveCfg = Port-Progress|x64
		{59A73FE0-D3B7-4299-9063-3A587D429AF4}.Port-Progress|x64.Build.0 = Port-Progress|x64
		{59A73FE0-D3B7-4299-9063-3A587D429AF4}.Port-Progress|x86.ActiveCfg = Port-Progress|x86
		{59A73FE0-D3B7-4299-9063-3A587D429AF4}.Port-Progress|x86.Build.0 = Port-Progress|x86
		{59A73FE0-D3B7-4299-9063-3A587D429AF4}.Release|Any CPU.ActiveCfg = Release|Any CPU
		{59A73FE0-D3B7-4299-9063-3A587D429AF4}.Release|Any CPU.Build.0 = Release|Any CPU
		{59A73FE0-D3B7-4299-9063-3A587D429AF4}.Release|x64.ActiveCfg = Release|Any CPU
		{59A73FE0-D3B7-4299-9063-3A587D429AF4}.Release|x64.Build.0 = Release|Any CPU
		{59A73FE0-D3B7-4299-9063-3A587D429AF4}.Release|x86.ActiveCfg = Release|Any CPU
		{59A73FE0-D3B7-4299-9063-3A587D429AF4}.Release|x86.Build.0 = Release|Any CPU
		{59A73FE0-D3B7-4299-9063-3A587D429AF4}.Release-MONO|Any CPU.ActiveCfg = Release-MONO|Any CPU
		{59A73FE0-D3B7-4299-9063-3A587D429AF4}.Release-MONO|Any CPU.Build.0 = Release-MONO|Any CPU
		{59A73FE0-D3B7-4299-9063-3A587D429AF4}.Release-MONO|x64.ActiveCfg = Release-MONO|Any CPU
		{59A73FE0-D3B7-4299-9063-3A587D429AF4}.Release-MONO|x86.ActiveCfg = Release-MONO|Any CPU
		{59A73FE0-D3B7-4299-9063-3A587D429AF4}.Release-NetCore|Any CPU.ActiveCfg = Release-NetCore|Any CPU
		{59A73FE0-D3B7-4299-9063-3A587D429AF4}.Release-NetCore|Any CPU.Build.0 = Release-NetCore|Any CPU
		{59A73FE0-D3B7-4299-9063-3A587D429AF4}.Release-NetCore|x64.ActiveCfg = Release-NetCore|Any CPU
		{59A73FE0-D3B7-4299-9063-3A587D429AF4}.Release-NetCore|x64.Build.0 = Release-NetCore|Any CPU
		{59A73FE0-D3B7-4299-9063-3A587D429AF4}.Release-NetCore|x86.ActiveCfg = Release-NetCore|Any CPU
		{59A73FE0-D3B7-4299-9063-3A587D429AF4}.Release-NetCore|x86.Build.0 = Release-NetCore|Any CPU
		{BE53C18D-7E4E-4C57-A359-1D662C384511}.Debug|Any CPU.ActiveCfg = Debug|Any CPU
		{BE53C18D-7E4E-4C57-A359-1D662C384511}.Debug|Any CPU.Build.0 = Debug|Any CPU
		{BE53C18D-7E4E-4C57-A359-1D662C384511}.Debug|x64.ActiveCfg = Debug|Any CPU
		{BE53C18D-7E4E-4C57-A359-1D662C384511}.Debug|x64.Build.0 = Debug|Any CPU
		{BE53C18D-7E4E-4C57-A359-1D662C384511}.Debug|x86.ActiveCfg = Debug|Any CPU
		{BE53C18D-7E4E-4C57-A359-1D662C384511}.Debug|x86.Build.0 = Debug|Any CPU
		{BE53C18D-7E4E-4C57-A359-1D662C384511}.Debug-MONO|Any CPU.ActiveCfg = Debug-MONO|Any CPU
		{BE53C18D-7E4E-4C57-A359-1D662C384511}.Debug-MONO|Any CPU.Build.0 = Debug-MONO|Any CPU
		{BE53C18D-7E4E-4C57-A359-1D662C384511}.Debug-MONO|x64.ActiveCfg = Debug-MONO|Any CPU
		{BE53C18D-7E4E-4C57-A359-1D662C384511}.Debug-MONO|x86.ActiveCfg = Debug-MONO|Any CPU
		{BE53C18D-7E4E-4C57-A359-1D662C384511}.Debug-NetCore|Any CPU.ActiveCfg = Debug-NetCore|Any CPU
		{BE53C18D-7E4E-4C57-A359-1D662C384511}.Debug-NetCore|Any CPU.Build.0 = Debug-NetCore|Any CPU
		{BE53C18D-7E4E-4C57-A359-1D662C384511}.Debug-NetCore|x64.ActiveCfg = Debug-NetCore|Any CPU
		{BE53C18D-7E4E-4C57-A359-1D662C384511}.Debug-NetCore|x64.Build.0 = Debug-NetCore|Any CPU
		{BE53C18D-7E4E-4C57-A359-1D662C384511}.Debug-NetCore|x86.ActiveCfg = Debug-NetCore|Any CPU
		{BE53C18D-7E4E-4C57-A359-1D662C384511}.Debug-NetCore|x86.Build.0 = Debug-NetCore|Any CPU
		{BE53C18D-7E4E-4C57-A359-1D662C384511}.Port-Progress|Any CPU.ActiveCfg = Port-Progress|Any CPU
		{BE53C18D-7E4E-4C57-A359-1D662C384511}.Port-Progress|Any CPU.Build.0 = Port-Progress|Any CPU
		{BE53C18D-7E4E-4C57-A359-1D662C384511}.Port-Progress|x64.ActiveCfg = Port-Progress|x64
		{BE53C18D-7E4E-4C57-A359-1D662C384511}.Port-Progress|x64.Build.0 = Port-Progress|x64
		{BE53C18D-7E4E-4C57-A359-1D662C384511}.Port-Progress|x86.ActiveCfg = Port-Progress|x86
		{BE53C18D-7E4E-4C57-A359-1D662C384511}.Port-Progress|x86.Build.0 = Port-Progress|x86
		{BE53C18D-7E4E-4C57-A359-1D662C384511}.Release|Any CPU.ActiveCfg = Release|Any CPU
		{BE53C18D-7E4E-4C57-A359-1D662C384511}.Release|Any CPU.Build.0 = Release|Any CPU
		{BE53C18D-7E4E-4C57-A359-1D662C384511}.Release|x64.ActiveCfg = Release|Any CPU
		{BE53C18D-7E4E-4C57-A359-1D662C384511}.Release|x64.Build.0 = Release|Any CPU
		{BE53C18D-7E4E-4C57-A359-1D662C384511}.Release|x86.ActiveCfg = Release|Any CPU
		{BE53C18D-7E4E-4C57-A359-1D662C384511}.Release|x86.Build.0 = Release|Any CPU
		{BE53C18D-7E4E-4C57-A359-1D662C384511}.Release-MONO|Any CPU.ActiveCfg = Release-MONO|Any CPU
		{BE53C18D-7E4E-4C57-A359-1D662C384511}.Release-MONO|Any CPU.Build.0 = Release-MONO|Any CPU
		{BE53C18D-7E4E-4C57-A359-1D662C384511}.Release-MONO|x64.ActiveCfg = Release-MONO|Any CPU
		{BE53C18D-7E4E-4C57-A359-1D662C384511}.Release-MONO|x86.ActiveCfg = Release-MONO|Any CPU
		{BE53C18D-7E4E-4C57-A359-1D662C384511}.Release-NetCore|Any CPU.ActiveCfg = Release-NetCore|Any CPU
		{BE53C18D-7E4E-4C57-A359-1D662C384511}.Release-NetCore|x64.ActiveCfg = Release-MONO|Any CPU
		{BE53C18D-7E4E-4C57-A359-1D662C384511}.Release-NetCore|x86.ActiveCfg = Release-MONO|Any CPU
		{C79756DC-CC78-45D6-AE11-8BB35F201CE4}.Debug|Any CPU.ActiveCfg = Debug|Any CPU
		{C79756DC-CC78-45D6-AE11-8BB35F201CE4}.Debug|Any CPU.Build.0 = Debug|Any CPU
		{C79756DC-CC78-45D6-AE11-8BB35F201CE4}.Debug|x64.ActiveCfg = Debug|Any CPU
		{C79756DC-CC78-45D6-AE11-8BB35F201CE4}.Debug|x64.Build.0 = Debug|Any CPU
		{C79756DC-CC78-45D6-AE11-8BB35F201CE4}.Debug|x86.ActiveCfg = Debug|Any CPU
		{C79756DC-CC78-45D6-AE11-8BB35F201CE4}.Debug|x86.Build.0 = Debug|Any CPU
		{C79756DC-CC78-45D6-AE11-8BB35F201CE4}.Debug-MONO|Any CPU.ActiveCfg = Debug-MONO|Any CPU
		{C79756DC-CC78-45D6-AE11-8BB35F201CE4}.Debug-MONO|Any CPU.Build.0 = Debug-MONO|Any CPU
		{C79756DC-CC78-45D6-AE11-8BB35F201CE4}.Debug-MONO|x64.ActiveCfg = Debug-MONO|Any CPU
		{C79756DC-CC78-45D6-AE11-8BB35F201CE4}.Debug-MONO|x86.ActiveCfg = Debug-MONO|Any CPU
		{C79756DC-CC78-45D6-AE11-8BB35F201CE4}.Debug-NetCore|Any CPU.ActiveCfg = Debug-NetCore|Any CPU
		{C79756DC-CC78-45D6-AE11-8BB35F201CE4}.Debug-NetCore|Any CPU.Build.0 = Debug-NetCore|Any CPU
		{C79756DC-CC78-45D6-AE11-8BB35F201CE4}.Debug-NetCore|x64.ActiveCfg = Debug-NetCore|Any CPU
		{C79756DC-CC78-45D6-AE11-8BB35F201CE4}.Debug-NetCore|x64.Build.0 = Debug-NetCore|Any CPU
		{C79756DC-CC78-45D6-AE11-8BB35F201CE4}.Debug-NetCore|x86.ActiveCfg = Debug-NetCore|Any CPU
		{C79756DC-CC78-45D6-AE11-8BB35F201CE4}.Debug-NetCore|x86.Build.0 = Debug-NetCore|Any CPU
		{C79756DC-CC78-45D6-AE11-8BB35F201CE4}.Port-Progress|Any CPU.ActiveCfg = Port-Progress|Any CPU
		{C79756DC-CC78-45D6-AE11-8BB35F201CE4}.Port-Progress|Any CPU.Build.0 = Port-Progress|Any CPU
		{C79756DC-CC78-45D6-AE11-8BB35F201CE4}.Port-Progress|x64.ActiveCfg = Port-Progress|x64
		{C79756DC-CC78-45D6-AE11-8BB35F201CE4}.Port-Progress|x64.Build.0 = Port-Progress|x64
		{C79756DC-CC78-45D6-AE11-8BB35F201CE4}.Port-Progress|x86.ActiveCfg = Port-Progress|x86
		{C79756DC-CC78-45D6-AE11-8BB35F201CE4}.Port-Progress|x86.Build.0 = Port-Progress|x86
		{C79756DC-CC78-45D6-AE11-8BB35F201CE4}.Release|Any CPU.ActiveCfg = Release|Any CPU
		{C79756DC-CC78-45D6-AE11-8BB35F201CE4}.Release|Any CPU.Build.0 = Release|Any CPU
		{C79756DC-CC78-45D6-AE11-8BB35F201CE4}.Release|x64.ActiveCfg = Release|Any CPU
		{C79756DC-CC78-45D6-AE11-8BB35F201CE4}.Release|x64.Build.0 = Release|Any CPU
		{C79756DC-CC78-45D6-AE11-8BB35F201CE4}.Release|x86.ActiveCfg = Release|Any CPU
		{C79756DC-CC78-45D6-AE11-8BB35F201CE4}.Release|x86.Build.0 = Release|Any CPU
		{C79756DC-CC78-45D6-AE11-8BB35F201CE4}.Release-MONO|Any CPU.ActiveCfg = Release-MONO|Any CPU
		{C79756DC-CC78-45D6-AE11-8BB35F201CE4}.Release-MONO|Any CPU.Build.0 = Release-MONO|Any CPU
		{C79756DC-CC78-45D6-AE11-8BB35F201CE4}.Release-MONO|x64.ActiveCfg = Release-MONO|Any CPU
		{C79756DC-CC78-45D6-AE11-8BB35F201CE4}.Release-MONO|x86.ActiveCfg = Release-MONO|Any CPU
		{C79756DC-CC78-45D6-AE11-8BB35F201CE4}.Release-NetCore|Any CPU.ActiveCfg = Release-NetCore|Any CPU
		{C79756DC-CC78-45D6-AE11-8BB35F201CE4}.Release-NetCore|x64.ActiveCfg = Release-MONO|Any CPU
		{C79756DC-CC78-45D6-AE11-8BB35F201CE4}.Release-NetCore|x86.ActiveCfg = Release-MONO|Any CPU
		{31768BCA-AF65-4D9C-B3AC-B6DA3338B1BE}.Debug|Any CPU.ActiveCfg = Debug|Any CPU
		{31768BCA-AF65-4D9C-B3AC-B6DA3338B1BE}.Debug|Any CPU.Build.0 = Debug|Any CPU
		{31768BCA-AF65-4D9C-B3AC-B6DA3338B1BE}.Debug|x64.ActiveCfg = Debug|Any CPU
		{31768BCA-AF65-4D9C-B3AC-B6DA3338B1BE}.Debug|x64.Build.0 = Debug|Any CPU
		{31768BCA-AF65-4D9C-B3AC-B6DA3338B1BE}.Debug|x86.ActiveCfg = Debug|Any CPU
		{31768BCA-AF65-4D9C-B3AC-B6DA3338B1BE}.Debug|x86.Build.0 = Debug|Any CPU
		{31768BCA-AF65-4D9C-B3AC-B6DA3338B1BE}.Debug-MONO|Any CPU.ActiveCfg = Debug-MONO|Any CPU
		{31768BCA-AF65-4D9C-B3AC-B6DA3338B1BE}.Debug-MONO|Any CPU.Build.0 = Debug-MONO|Any CPU
		{31768BCA-AF65-4D9C-B3AC-B6DA3338B1BE}.Debug-MONO|x64.ActiveCfg = Debug-MONO|Any CPU
		{31768BCA-AF65-4D9C-B3AC-B6DA3338B1BE}.Debug-MONO|x86.ActiveCfg = Debug-MONO|Any CPU
		{31768BCA-AF65-4D9C-B3AC-B6DA3338B1BE}.Debug-NetCore|Any CPU.ActiveCfg = Debug-NetCore|Any CPU
		{31768BCA-AF65-4D9C-B3AC-B6DA3338B1BE}.Debug-NetCore|Any CPU.Build.0 = Debug-NetCore|Any CPU
		{31768BCA-AF65-4D9C-B3AC-B6DA3338B1BE}.Debug-NetCore|x64.ActiveCfg = Debug-NetCore|Any CPU
		{31768BCA-AF65-4D9C-B3AC-B6DA3338B1BE}.Debug-NetCore|x64.Build.0 = Debug-NetCore|Any CPU
		{31768BCA-AF65-4D9C-B3AC-B6DA3338B1BE}.Debug-NetCore|x86.ActiveCfg = Debug-NetCore|Any CPU
		{31768BCA-AF65-4D9C-B3AC-B6DA3338B1BE}.Debug-NetCore|x86.Build.0 = Debug-NetCore|Any CPU
		{31768BCA-AF65-4D9C-B3AC-B6DA3338B1BE}.Port-Progress|Any CPU.ActiveCfg = Port-Progress|Any CPU
		{31768BCA-AF65-4D9C-B3AC-B6DA3338B1BE}.Port-Progress|Any CPU.Build.0 = Port-Progress|Any CPU
		{31768BCA-AF65-4D9C-B3AC-B6DA3338B1BE}.Port-Progress|x64.ActiveCfg = Port-Progress|x64
		{31768BCA-AF65-4D9C-B3AC-B6DA3338B1BE}.Port-Progress|x64.Build.0 = Port-Progress|x64
		{31768BCA-AF65-4D9C-B3AC-B6DA3338B1BE}.Port-Progress|x86.ActiveCfg = Port-Progress|x86
		{31768BCA-AF65-4D9C-B3AC-B6DA3338B1BE}.Port-Progress|x86.Build.0 = Port-Progress|x86
		{31768BCA-AF65-4D9C-B3AC-B6DA3338B1BE}.Release|Any CPU.ActiveCfg = Release|Any CPU
		{31768BCA-AF65-4D9C-B3AC-B6DA3338B1BE}.Release|Any CPU.Build.0 = Release|Any CPU
		{31768BCA-AF65-4D9C-B3AC-B6DA3338B1BE}.Release|x64.ActiveCfg = Release|Any CPU
		{31768BCA-AF65-4D9C-B3AC-B6DA3338B1BE}.Release|x64.Build.0 = Release|Any CPU
		{31768BCA-AF65-4D9C-B3AC-B6DA3338B1BE}.Release|x86.ActiveCfg = Release|Any CPU
		{31768BCA-AF65-4D9C-B3AC-B6DA3338B1BE}.Release|x86.Build.0 = Release|Any CPU
		{31768BCA-AF65-4D9C-B3AC-B6DA3338B1BE}.Release-MONO|Any CPU.ActiveCfg = Release-MONO|Any CPU
		{31768BCA-AF65-4D9C-B3AC-B6DA3338B1BE}.Release-MONO|Any CPU.Build.0 = Release-MONO|Any CPU
		{31768BCA-AF65-4D9C-B3AC-B6DA3338B1BE}.Release-MONO|x64.ActiveCfg = Release-MONO|Any CPU
		{31768BCA-AF65-4D9C-B3AC-B6DA3338B1BE}.Release-MONO|x86.ActiveCfg = Release-MONO|Any CPU
		{31768BCA-AF65-4D9C-B3AC-B6DA3338B1BE}.Release-NetCore|Any CPU.ActiveCfg = Release-NetCore|Any CPU
		{31768BCA-AF65-4D9C-B3AC-B6DA3338B1BE}.Release-NetCore|x64.ActiveCfg = Release-MONO|Any CPU
		{31768BCA-AF65-4D9C-B3AC-B6DA3338B1BE}.Release-NetCore|x86.ActiveCfg = Release-MONO|Any CPU
		{32126DCE-7484-4E4B-85DA-12378C0F2FC7}.Debug|Any CPU.ActiveCfg = Debug|Any CPU
		{32126DCE-7484-4E4B-85DA-12378C0F2FC7}.Debug|Any CPU.Build.0 = Debug|Any CPU
		{32126DCE-7484-4E4B-85DA-12378C0F2FC7}.Debug|x64.ActiveCfg = Debug|Any CPU
		{32126DCE-7484-4E4B-85DA-12378C0F2FC7}.Debug|x64.Build.0 = Debug|Any CPU
		{32126DCE-7484-4E4B-85DA-12378C0F2FC7}.Debug|x86.ActiveCfg = Debug|Any CPU
		{32126DCE-7484-4E4B-85DA-12378C0F2FC7}.Debug|x86.Build.0 = Debug|Any CPU
		{32126DCE-7484-4E4B-85DA-12378C0F2FC7}.Debug-MONO|Any CPU.ActiveCfg = Debug-MONO|Any CPU
		{32126DCE-7484-4E4B-85DA-12378C0F2FC7}.Debug-MONO|Any CPU.Build.0 = Debug-MONO|Any CPU
		{32126DCE-7484-4E4B-85DA-12378C0F2FC7}.Debug-MONO|x64.ActiveCfg = Debug-MONO|Any CPU
		{32126DCE-7484-4E4B-85DA-12378C0F2FC7}.Debug-MONO|x86.ActiveCfg = Debug-MONO|Any CPU
		{32126DCE-7484-4E4B-85DA-12378C0F2FC7}.Debug-NetCore|Any CPU.ActiveCfg = Debug-NetCore|Any CPU
		{32126DCE-7484-4E4B-85DA-12378C0F2FC7}.Debug-NetCore|Any CPU.Build.0 = Debug-NetCore|Any CPU
		{32126DCE-7484-4E4B-85DA-12378C0F2FC7}.Debug-NetCore|x64.ActiveCfg = Debug-NetCore|Any CPU
		{32126DCE-7484-4E4B-85DA-12378C0F2FC7}.Debug-NetCore|x64.Build.0 = Debug-NetCore|Any CPU
		{32126DCE-7484-4E4B-85DA-12378C0F2FC7}.Debug-NetCore|x86.ActiveCfg = Debug-NetCore|Any CPU
		{32126DCE-7484-4E4B-85DA-12378C0F2FC7}.Debug-NetCore|x86.Build.0 = Debug-NetCore|Any CPU
		{32126DCE-7484-4E4B-85DA-12378C0F2FC7}.Port-Progress|Any CPU.ActiveCfg = Port-Progress|Any CPU
		{32126DCE-7484-4E4B-85DA-12378C0F2FC7}.Port-Progress|Any CPU.Build.0 = Port-Progress|Any CPU
		{32126DCE-7484-4E4B-85DA-12378C0F2FC7}.Port-Progress|x64.ActiveCfg = Port-Progress|x64
		{32126DCE-7484-4E4B-85DA-12378C0F2FC7}.Port-Progress|x64.Build.0 = Port-Progress|x64
		{32126DCE-7484-4E4B-85DA-12378C0F2FC7}.Port-Progress|x86.ActiveCfg = Port-Progress|x86
		{32126DCE-7484-4E4B-85DA-12378C0F2FC7}.Port-Progress|x86.Build.0 = Port-Progress|x86
		{32126DCE-7484-4E4B-85DA-12378C0F2FC7}.Release|Any CPU.ActiveCfg = Release|Any CPU
		{32126DCE-7484-4E4B-85DA-12378C0F2FC7}.Release|Any CPU.Build.0 = Release|Any CPU
		{32126DCE-7484-4E4B-85DA-12378C0F2FC7}.Release|x64.ActiveCfg = Release|Any CPU
		{32126DCE-7484-4E4B-85DA-12378C0F2FC7}.Release|x64.Build.0 = Release|Any CPU
		{32126DCE-7484-4E4B-85DA-12378C0F2FC7}.Release|x86.ActiveCfg = Release|Any CPU
		{32126DCE-7484-4E4B-85DA-12378C0F2FC7}.Release|x86.Build.0 = Release|Any CPU
		{32126DCE-7484-4E4B-85DA-12378C0F2FC7}.Release-MONO|Any CPU.ActiveCfg = Release-MONO|Any CPU
		{32126DCE-7484-4E4B-85DA-12378C0F2FC7}.Release-MONO|Any CPU.Build.0 = Release-MONO|Any CPU
		{32126DCE-7484-4E4B-85DA-12378C0F2FC7}.Release-MONO|x64.ActiveCfg = Release-MONO|Any CPU
		{32126DCE-7484-4E4B-85DA-12378C0F2FC7}.Release-MONO|x86.ActiveCfg = Release-MONO|Any CPU
		{32126DCE-7484-4E4B-85DA-12378C0F2FC7}.Release-NetCore|Any CPU.ActiveCfg = Release-NetCore|Any CPU
		{32126DCE-7484-4E4B-85DA-12378C0F2FC7}.Release-NetCore|x64.ActiveCfg = Release-MONO|Any CPU
		{32126DCE-7484-4E4B-85DA-12378C0F2FC7}.Release-NetCore|x86.ActiveCfg = Release-MONO|Any CPU
		{D06D5D07-9DFB-4896-B11F-0A8C44F8F971}.Debug|Any CPU.ActiveCfg = Debug|Any CPU
		{D06D5D07-9DFB-4896-B11F-0A8C44F8F971}.Debug|Any CPU.Build.0 = Debug|Any CPU
		{D06D5D07-9DFB-4896-B11F-0A8C44F8F971}.Debug|x64.ActiveCfg = Debug|Any CPU
		{D06D5D07-9DFB-4896-B11F-0A8C44F8F971}.Debug|x64.Build.0 = Debug|Any CPU
		{D06D5D07-9DFB-4896-B11F-0A8C44F8F971}.Debug|x86.ActiveCfg = Debug|Any CPU
		{D06D5D07-9DFB-4896-B11F-0A8C44F8F971}.Debug|x86.Build.0 = Debug|Any CPU
		{D06D5D07-9DFB-4896-B11F-0A8C44F8F971}.Debug-MONO|Any CPU.ActiveCfg = Debug-MONO|Any CPU
		{D06D5D07-9DFB-4896-B11F-0A8C44F8F971}.Debug-MONO|Any CPU.Build.0 = Debug-MONO|Any CPU
		{D06D5D07-9DFB-4896-B11F-0A8C44F8F971}.Debug-MONO|x64.ActiveCfg = Debug-MONO|Any CPU
		{D06D5D07-9DFB-4896-B11F-0A8C44F8F971}.Debug-MONO|x86.ActiveCfg = Debug-MONO|Any CPU
		{D06D5D07-9DFB-4896-B11F-0A8C44F8F971}.Debug-NetCore|Any CPU.ActiveCfg = Debug-NetCore|Any CPU
		{D06D5D07-9DFB-4896-B11F-0A8C44F8F971}.Debug-NetCore|Any CPU.Build.0 = Debug-NetCore|Any CPU
		{D06D5D07-9DFB-4896-B11F-0A8C44F8F971}.Debug-NetCore|x64.ActiveCfg = Debug-NetCore|Any CPU
		{D06D5D07-9DFB-4896-B11F-0A8C44F8F971}.Debug-NetCore|x64.Build.0 = Debug-NetCore|Any CPU
		{D06D5D07-9DFB-4896-B11F-0A8C44F8F971}.Debug-NetCore|x86.ActiveCfg = Debug-NetCore|Any CPU
		{D06D5D07-9DFB-4896-B11F-0A8C44F8F971}.Debug-NetCore|x86.Build.0 = Debug-NetCore|Any CPU
		{D06D5D07-9DFB-4896-B11F-0A8C44F8F971}.Port-Progress|Any CPU.ActiveCfg = Port-Progress|Any CPU
		{D06D5D07-9DFB-4896-B11F-0A8C44F8F971}.Port-Progress|Any CPU.Build.0 = Port-Progress|Any CPU
		{D06D5D07-9DFB-4896-B11F-0A8C44F8F971}.Port-Progress|x64.ActiveCfg = Port-Progress|x64
		{D06D5D07-9DFB-4896-B11F-0A8C44F8F971}.Port-Progress|x64.Build.0 = Port-Progress|x64
		{D06D5D07-9DFB-4896-B11F-0A8C44F8F971}.Port-Progress|x86.ActiveCfg = Port-Progress|x86
		{D06D5D07-9DFB-4896-B11F-0A8C44F8F971}.Port-Progress|x86.Build.0 = Port-Progress|x86
		{D06D5D07-9DFB-4896-B11F-0A8C44F8F971}.Release|Any CPU.ActiveCfg = Release|Any CPU
		{D06D5D07-9DFB-4896-B11F-0A8C44F8F971}.Release|Any CPU.Build.0 = Release|Any CPU
		{D06D5D07-9DFB-4896-B11F-0A8C44F8F971}.Release|x64.ActiveCfg = Release|Any CPU
		{D06D5D07-9DFB-4896-B11F-0A8C44F8F971}.Release|x64.Build.0 = Release|Any CPU
		{D06D5D07-9DFB-4896-B11F-0A8C44F8F971}.Release|x86.ActiveCfg = Release|Any CPU
		{D06D5D07-9DFB-4896-B11F-0A8C44F8F971}.Release|x86.Build.0 = Release|Any CPU
		{D06D5D07-9DFB-4896-B11F-0A8C44F8F971}.Release-MONO|Any CPU.ActiveCfg = Release-MONO|Any CPU
		{D06D5D07-9DFB-4896-B11F-0A8C44F8F971}.Release-MONO|Any CPU.Build.0 = Release-MONO|Any CPU
		{D06D5D07-9DFB-4896-B11F-0A8C44F8F971}.Release-MONO|x64.ActiveCfg = Release-MONO|Any CPU
		{D06D5D07-9DFB-4896-B11F-0A8C44F8F971}.Release-MONO|x86.ActiveCfg = Release-MONO|Any CPU
		{D06D5D07-9DFB-4896-B11F-0A8C44F8F971}.Release-NetCore|Any CPU.ActiveCfg = Debug-NetCore|Any CPU
		{D06D5D07-9DFB-4896-B11F-0A8C44F8F971}.Release-NetCore|x64.ActiveCfg = Release-MONO|Any CPU
		{D06D5D07-9DFB-4896-B11F-0A8C44F8F971}.Release-NetCore|x86.ActiveCfg = Release-MONO|Any CPU
		{9D858C8F-8D71-467E-808E-4E4F48DD0A49}.Debug|Any CPU.ActiveCfg = Debug|Any CPU
		{9D858C8F-8D71-467E-808E-4E4F48DD0A49}.Debug|Any CPU.Build.0 = Debug|Any CPU
		{9D858C8F-8D71-467E-808E-4E4F48DD0A49}.Debug|x64.ActiveCfg = Debug|Any CPU
		{9D858C8F-8D71-467E-808E-4E4F48DD0A49}.Debug|x64.Build.0 = Debug|Any CPU
		{9D858C8F-8D71-467E-808E-4E4F48DD0A49}.Debug|x86.ActiveCfg = Debug|Any CPU
		{9D858C8F-8D71-467E-808E-4E4F48DD0A49}.Debug|x86.Build.0 = Debug|Any CPU
		{9D858C8F-8D71-467E-808E-4E4F48DD0A49}.Debug-MONO|Any CPU.ActiveCfg = Debug-MONO|Any CPU
		{9D858C8F-8D71-467E-808E-4E4F48DD0A49}.Debug-MONO|x64.ActiveCfg = Debug|Any CPU
		{9D858C8F-8D71-467E-808E-4E4F48DD0A49}.Debug-MONO|x86.ActiveCfg = Debug|Any CPU
		{9D858C8F-8D71-467E-808E-4E4F48DD0A49}.Debug-NetCore|Any CPU.ActiveCfg = Debug-NetCore|Any CPU
		{9D858C8F-8D71-467E-808E-4E4F48DD0A49}.Debug-NetCore|Any CPU.Build.0 = Debug-NetCore|Any CPU
		{9D858C8F-8D71-467E-808E-4E4F48DD0A49}.Debug-NetCore|x64.ActiveCfg = Debug|Any CPU
		{9D858C8F-8D71-467E-808E-4E4F48DD0A49}.Debug-NetCore|x86.ActiveCfg = Debug-NetCore|Any CPU
		{9D858C8F-8D71-467E-808E-4E4F48DD0A49}.Port-Progress|Any CPU.ActiveCfg = Port-Progress|Any CPU
		{9D858C8F-8D71-467E-808E-4E4F48DD0A49}.Port-Progress|Any CPU.Build.0 = Port-Progress|Any CPU
		{9D858C8F-8D71-467E-808E-4E4F48DD0A49}.Port-Progress|x64.ActiveCfg = Port-Progress|x64
		{9D858C8F-8D71-467E-808E-4E4F48DD0A49}.Port-Progress|x64.Build.0 = Port-Progress|x64
		{9D858C8F-8D71-467E-808E-4E4F48DD0A49}.Port-Progress|x86.ActiveCfg = Port-Progress|x86
		{9D858C8F-8D71-467E-808E-4E4F48DD0A49}.Port-Progress|x86.Build.0 = Port-Progress|x86
		{9D858C8F-8D71-467E-808E-4E4F48DD0A49}.Release|Any CPU.ActiveCfg = Release|Any CPU
		{9D858C8F-8D71-467E-808E-4E4F48DD0A49}.Release|Any CPU.Build.0 = Release|Any CPU
		{9D858C8F-8D71-467E-808E-4E4F48DD0A49}.Release|x64.ActiveCfg = Release|Any CPU
		{9D858C8F-8D71-467E-808E-4E4F48DD0A49}.Release|x64.Build.0 = Release|Any CPU
		{9D858C8F-8D71-467E-808E-4E4F48DD0A49}.Release|x86.ActiveCfg = Release|Any CPU
		{9D858C8F-8D71-467E-808E-4E4F48DD0A49}.Release|x86.Build.0 = Release|Any CPU
		{9D858C8F-8D71-467E-808E-4E4F48DD0A49}.Release-MONO|Any CPU.ActiveCfg = Release-MONO|Any CPU
		{9D858C8F-8D71-467E-808E-4E4F48DD0A49}.Release-MONO|x64.ActiveCfg = Release|Any CPU
		{9D858C8F-8D71-467E-808E-4E4F48DD0A49}.Release-MONO|x86.ActiveCfg = Release|Any CPU
		{9D858C8F-8D71-467E-808E-4E4F48DD0A49}.Release-NetCore|Any CPU.ActiveCfg = Release-NetCore|Any CPU
		{9D858C8F-8D71-467E-808E-4E4F48DD0A49}.Release-NetCore|x64.ActiveCfg = Release|Any CPU
		{9D858C8F-8D71-467E-808E-4E4F48DD0A49}.Release-NetCore|x86.ActiveCfg = Release|Any CPU
		{2A0E81B1-9E7A-4F9F-81B2-AB180833F754}.Debug|Any CPU.ActiveCfg = Debug|Any CPU
		{2A0E81B1-9E7A-4F9F-81B2-AB180833F754}.Debug|Any CPU.Build.0 = Debug|Any CPU
		{2A0E81B1-9E7A-4F9F-81B2-AB180833F754}.Debug|x64.ActiveCfg = Debug|Any CPU
		{2A0E81B1-9E7A-4F9F-81B2-AB180833F754}.Debug|x64.Build.0 = Debug|Any CPU
		{2A0E81B1-9E7A-4F9F-81B2-AB180833F754}.Debug|x86.ActiveCfg = Debug|Any CPU
		{2A0E81B1-9E7A-4F9F-81B2-AB180833F754}.Debug|x86.Build.0 = Debug|Any CPU
		{2A0E81B1-9E7A-4F9F-81B2-AB180833F754}.Debug-MONO|Any CPU.ActiveCfg = Debug-MONO|Any CPU
		{2A0E81B1-9E7A-4F9F-81B2-AB180833F754}.Debug-MONO|x64.ActiveCfg = Debug-MONO|Any CPU
		{2A0E81B1-9E7A-4F9F-81B2-AB180833F754}.Debug-MONO|x86.ActiveCfg = Debug-MONO|Any CPU
		{2A0E81B1-9E7A-4F9F-81B2-AB180833F754}.Debug-NetCore|Any CPU.ActiveCfg = Debug-NetCore|Any CPU
		{2A0E81B1-9E7A-4F9F-81B2-AB180833F754}.Debug-NetCore|x64.ActiveCfg = Debug-MONO|Any CPU
		{2A0E81B1-9E7A-4F9F-81B2-AB180833F754}.Debug-NetCore|x86.ActiveCfg = Debug-MONO|Any CPU
		{2A0E81B1-9E7A-4F9F-81B2-AB180833F754}.Port-Progress|Any CPU.ActiveCfg = Port-Progress|Any CPU
		{2A0E81B1-9E7A-4F9F-81B2-AB180833F754}.Port-Progress|Any CPU.Build.0 = Port-Progress|Any CPU
		{2A0E81B1-9E7A-4F9F-81B2-AB180833F754}.Port-Progress|x64.ActiveCfg = Port-Progress|x64
		{2A0E81B1-9E7A-4F9F-81B2-AB180833F754}.Port-Progress|x64.Build.0 = Port-Progress|x64
		{2A0E81B1-9E7A-4F9F-81B2-AB180833F754}.Port-Progress|x86.ActiveCfg = Port-Progress|x86
		{2A0E81B1-9E7A-4F9F-81B2-AB180833F754}.Port-Progress|x86.Build.0 = Port-Progress|x86
		{2A0E81B1-9E7A-4F9F-81B2-AB180833F754}.Release|Any CPU.ActiveCfg = Release|Any CPU
		{2A0E81B1-9E7A-4F9F-81B2-AB180833F754}.Release|Any CPU.Build.0 = Release|Any CPU
		{2A0E81B1-9E7A-4F9F-81B2-AB180833F754}.Release|x64.ActiveCfg = Release|Any CPU
		{2A0E81B1-9E7A-4F9F-81B2-AB180833F754}.Release|x64.Build.0 = Release|Any CPU
		{2A0E81B1-9E7A-4F9F-81B2-AB180833F754}.Release|x86.ActiveCfg = Release|Any CPU
		{2A0E81B1-9E7A-4F9F-81B2-AB180833F754}.Release|x86.Build.0 = Release|Any CPU
		{2A0E81B1-9E7A-4F9F-81B2-AB180833F754}.Release-MONO|Any CPU.ActiveCfg = Release-MONO|Any CPU
		{2A0E81B1-9E7A-4F9F-81B2-AB180833F754}.Release-MONO|x64.ActiveCfg = Release-MONO|Any CPU
		{2A0E81B1-9E7A-4F9F-81B2-AB180833F754}.Release-MONO|x86.ActiveCfg = Release-MONO|Any CPU
		{2A0E81B1-9E7A-4F9F-81B2-AB180833F754}.Release-NetCore|Any CPU.ActiveCfg = Release-NetCore|Any CPU
		{2A0E81B1-9E7A-4F9F-81B2-AB180833F754}.Release-NetCore|x64.ActiveCfg = Release-MONO|Any CPU
		{2A0E81B1-9E7A-4F9F-81B2-AB180833F754}.Release-NetCore|x86.ActiveCfg = Release-MONO|Any CPU
		{FC1C02BB-1585-4322-840F-B002E25AEAD6}.Debug|Any CPU.ActiveCfg = Debug|Any CPU
		{FC1C02BB-1585-4322-840F-B002E25AEAD6}.Debug|Any CPU.Build.0 = Debug|Any CPU
		{FC1C02BB-1585-4322-840F-B002E25AEAD6}.Debug|x64.ActiveCfg = Debug|Any CPU
		{FC1C02BB-1585-4322-840F-B002E25AEAD6}.Debug|x64.Build.0 = Debug|Any CPU
		{FC1C02BB-1585-4322-840F-B002E25AEAD6}.Debug|x86.ActiveCfg = Debug|Any CPU
		{FC1C02BB-1585-4322-840F-B002E25AEAD6}.Debug|x86.Build.0 = Debug|Any CPU
		{FC1C02BB-1585-4322-840F-B002E25AEAD6}.Debug-MONO|Any CPU.ActiveCfg = Debug-MONO|Any CPU
		{FC1C02BB-1585-4322-840F-B002E25AEAD6}.Debug-MONO|Any CPU.Build.0 = Debug-MONO|Any CPU
		{FC1C02BB-1585-4322-840F-B002E25AEAD6}.Debug-MONO|x64.ActiveCfg = Debug-MONO|Any CPU
		{FC1C02BB-1585-4322-840F-B002E25AEAD6}.Debug-MONO|x64.Build.0 = Debug-MONO|Any CPU
		{FC1C02BB-1585-4322-840F-B002E25AEAD6}.Debug-MONO|x86.ActiveCfg = Debug-MONO|Any CPU
		{FC1C02BB-1585-4322-840F-B002E25AEAD6}.Debug-MONO|x86.Build.0 = Debug-MONO|Any CPU
		{FC1C02BB-1585-4322-840F-B002E25AEAD6}.Debug-NetCore|Any CPU.ActiveCfg = Debug-NetCore|Any CPU
		{FC1C02BB-1585-4322-840F-B002E25AEAD6}.Debug-NetCore|Any CPU.Build.0 = Debug-NetCore|Any CPU
		{FC1C02BB-1585-4322-840F-B002E25AEAD6}.Debug-NetCore|x64.ActiveCfg = Debug-NetCore|Any CPU
		{FC1C02BB-1585-4322-840F-B002E25AEAD6}.Debug-NetCore|x64.Build.0 = Debug-NetCore|Any CPU
		{FC1C02BB-1585-4322-840F-B002E25AEAD6}.Debug-NetCore|x86.ActiveCfg = Debug-NetCore|Any CPU
		{FC1C02BB-1585-4322-840F-B002E25AEAD6}.Debug-NetCore|x86.Build.0 = Debug-NetCore|Any CPU
		{FC1C02BB-1585-4322-840F-B002E25AEAD6}.Port-Progress|Any CPU.ActiveCfg = Port-Progress|Any CPU
		{FC1C02BB-1585-4322-840F-B002E25AEAD6}.Port-Progress|Any CPU.Build.0 = Port-Progress|Any CPU
		{FC1C02BB-1585-4322-840F-B002E25AEAD6}.Port-Progress|x64.ActiveCfg = Port-Progress|Any CPU
		{FC1C02BB-1585-4322-840F-B002E25AEAD6}.Port-Progress|x64.Build.0 = Port-Progress|Any CPU
		{FC1C02BB-1585-4322-840F-B002E25AEAD6}.Port-Progress|x86.ActiveCfg = Port-Progress|Any CPU
		{FC1C02BB-1585-4322-840F-B002E25AEAD6}.Port-Progress|x86.Build.0 = Port-Progress|Any CPU
		{FC1C02BB-1585-4322-840F-B002E25AEAD6}.Release|Any CPU.ActiveCfg = Release|Any CPU
		{FC1C02BB-1585-4322-840F-B002E25AEAD6}.Release|Any CPU.Build.0 = Release|Any CPU
		{FC1C02BB-1585-4322-840F-B002E25AEAD6}.Release|x64.ActiveCfg = Release|Any CPU
		{FC1C02BB-1585-4322-840F-B002E25AEAD6}.Release|x64.Build.0 = Release|Any CPU
		{FC1C02BB-1585-4322-840F-B002E25AEAD6}.Release|x86.ActiveCfg = Release|Any CPU
		{FC1C02BB-1585-4322-840F-B002E25AEAD6}.Release|x86.Build.0 = Release|Any CPU
		{FC1C02BB-1585-4322-840F-B002E25AEAD6}.Release-MONO|Any CPU.ActiveCfg = Release-MONO|Any CPU
		{FC1C02BB-1585-4322-840F-B002E25AEAD6}.Release-MONO|Any CPU.Build.0 = Release-MONO|Any CPU
		{FC1C02BB-1585-4322-840F-B002E25AEAD6}.Release-MONO|x64.ActiveCfg = Release-MONO|Any CPU
		{FC1C02BB-1585-4322-840F-B002E25AEAD6}.Release-MONO|x64.Build.0 = Release-MONO|Any CPU
		{FC1C02BB-1585-4322-840F-B002E25AEAD6}.Release-MONO|x86.ActiveCfg = Release-MONO|Any CPU
		{FC1C02BB-1585-4322-840F-B002E25AEAD6}.Release-MONO|x86.Build.0 = Release-MONO|Any CPU
		{FC1C02BB-1585-4322-840F-B002E25AEAD6}.Release-NetCore|Any CPU.ActiveCfg = Release-NetCore|Any CPU
		{FC1C02BB-1585-4322-840F-B002E25AEAD6}.Release-NetCore|Any CPU.Build.0 = Release-NetCore|Any CPU
		{FC1C02BB-1585-4322-840F-B002E25AEAD6}.Release-NetCore|x64.ActiveCfg = Release-NetCore|Any CPU
		{FC1C02BB-1585-4322-840F-B002E25AEAD6}.Release-NetCore|x64.Build.0 = Release-NetCore|Any CPU
		{FC1C02BB-1585-4322-840F-B002E25AEAD6}.Release-NetCore|x86.ActiveCfg = Release-NetCore|Any CPU
		{FC1C02BB-1585-4322-840F-B002E25AEAD6}.Release-NetCore|x86.Build.0 = Release-NetCore|Any CPU
		{11B5D53E-90E4-4BD5-9883-B5921F7DE854}.Debug|Any CPU.ActiveCfg = Debug|Any CPU
		{11B5D53E-90E4-4BD5-9883-B5921F7DE854}.Debug|Any CPU.Build.0 = Debug|Any CPU
		{11B5D53E-90E4-4BD5-9883-B5921F7DE854}.Debug|x64.ActiveCfg = Debug|Any CPU
		{11B5D53E-90E4-4BD5-9883-B5921F7DE854}.Debug|x64.Build.0 = Debug|Any CPU
		{11B5D53E-90E4-4BD5-9883-B5921F7DE854}.Debug|x86.ActiveCfg = Debug|Any CPU
		{11B5D53E-90E4-4BD5-9883-B5921F7DE854}.Debug|x86.Build.0 = Debug|Any CPU
		{11B5D53E-90E4-4BD5-9883-B5921F7DE854}.Debug-MONO|Any CPU.ActiveCfg = Debug|Any CPU
		{11B5D53E-90E4-4BD5-9883-B5921F7DE854}.Debug-MONO|Any CPU.Build.0 = Debug|Any CPU
		{11B5D53E-90E4-4BD5-9883-B5921F7DE854}.Debug-MONO|x64.ActiveCfg = Debug|Any CPU
		{11B5D53E-90E4-4BD5-9883-B5921F7DE854}.Debug-MONO|x64.Build.0 = Debug|Any CPU
		{11B5D53E-90E4-4BD5-9883-B5921F7DE854}.Debug-MONO|x86.ActiveCfg = Debug|Any CPU
		{11B5D53E-90E4-4BD5-9883-B5921F7DE854}.Debug-NetCore|Any CPU.ActiveCfg = Debug|Any CPU
		{11B5D53E-90E4-4BD5-9883-B5921F7DE854}.Debug-NetCore|Any CPU.Build.0 = Debug|Any CPU
		{11B5D53E-90E4-4BD5-9883-B5921F7DE854}.Debug-NetCore|x64.ActiveCfg = Debug|Any CPU
		{11B5D53E-90E4-4BD5-9883-B5921F7DE854}.Debug-NetCore|x64.Build.0 = Debug|Any CPU
		{11B5D53E-90E4-4BD5-9883-B5921F7DE854}.Debug-NetCore|x86.ActiveCfg = Debug|Any CPU
		{11B5D53E-90E4-4BD5-9883-B5921F7DE854}.Debug-NetCore|x86.Build.0 = Debug|Any CPU
		{11B5D53E-90E4-4BD5-9883-B5921F7DE854}.Port-Progress|Any CPU.ActiveCfg = Release|Any CPU
		{11B5D53E-90E4-4BD5-9883-B5921F7DE854}.Port-Progress|Any CPU.Build.0 = Release|Any CPU
		{11B5D53E-90E4-4BD5-9883-B5921F7DE854}.Port-Progress|x64.ActiveCfg = Release|Any CPU
		{11B5D53E-90E4-4BD5-9883-B5921F7DE854}.Port-Progress|x64.Build.0 = Release|Any CPU
		{11B5D53E-90E4-4BD5-9883-B5921F7DE854}.Port-Progress|x86.ActiveCfg = Release|Any CPU
		{11B5D53E-90E4-4BD5-9883-B5921F7DE854}.Port-Progress|x86.Build.0 = Release|Any CPU
		{11B5D53E-90E4-4BD5-9883-B5921F7DE854}.Release|Any CPU.ActiveCfg = Release|Any CPU
		{11B5D53E-90E4-4BD5-9883-B5921F7DE854}.Release|Any CPU.Build.0 = Release|Any CPU
		{11B5D53E-90E4-4BD5-9883-B5921F7DE854}.Release|x64.ActiveCfg = Release|Any CPU
		{11B5D53E-90E4-4BD5-9883-B5921F7DE854}.Release|x64.Build.0 = Release|Any CPU
		{11B5D53E-90E4-4BD5-9883-B5921F7DE854}.Release|x86.ActiveCfg = Release|Any CPU
		{11B5D53E-90E4-4BD5-9883-B5921F7DE854}.Release|x86.Build.0 = Release|Any CPU
		{11B5D53E-90E4-4BD5-9883-B5921F7DE854}.Release-MONO|Any CPU.ActiveCfg = Release|Any CPU
		{11B5D53E-90E4-4BD5-9883-B5921F7DE854}.Release-MONO|Any CPU.Build.0 = Release|Any CPU
		{11B5D53E-90E4-4BD5-9883-B5921F7DE854}.Release-MONO|x64.ActiveCfg = Release|Any CPU
		{11B5D53E-90E4-4BD5-9883-B5921F7DE854}.Release-MONO|x64.Build.0 = Release|Any CPU
		{11B5D53E-90E4-4BD5-9883-B5921F7DE854}.Release-MONO|x86.ActiveCfg = Release|Any CPU
		{11B5D53E-90E4-4BD5-9883-B5921F7DE854}.Release-NetCore|Any CPU.ActiveCfg = Release|Any CPU
		{11B5D53E-90E4-4BD5-9883-B5921F7DE854}.Release-NetCore|Any CPU.Build.0 = Release|Any CPU
		{11B5D53E-90E4-4BD5-9883-B5921F7DE854}.Release-NetCore|x64.ActiveCfg = Release|Any CPU
		{11B5D53E-90E4-4BD5-9883-B5921F7DE854}.Release-NetCore|x64.Build.0 = Release|Any CPU
		{11B5D53E-90E4-4BD5-9883-B5921F7DE854}.Release-NetCore|x86.ActiveCfg = Release|Any CPU
		{11B5D53E-90E4-4BD5-9883-B5921F7DE854}.Release-NetCore|x86.Build.0 = Release|Any CPU
		{53733ECF-0D81-43DA-B602-2AE9417F614F}.Debug|Any CPU.ActiveCfg = Debug|Any CPU
		{53733ECF-0D81-43DA-B602-2AE9417F614F}.Debug|Any CPU.Build.0 = Debug|Any CPU
		{53733ECF-0D81-43DA-B602-2AE9417F614F}.Debug|x64.ActiveCfg = Debug|x64
		{53733ECF-0D81-43DA-B602-2AE9417F614F}.Debug|x64.Build.0 = Debug|x64
		{53733ECF-0D81-43DA-B602-2AE9417F614F}.Debug|x86.ActiveCfg = Debug|x86
		{53733ECF-0D81-43DA-B602-2AE9417F614F}.Debug|x86.Build.0 = Debug|x86
		{53733ECF-0D81-43DA-B602-2AE9417F614F}.Debug-MONO|Any CPU.ActiveCfg = Debug-MONO|Any CPU
		{53733ECF-0D81-43DA-B602-2AE9417F614F}.Debug-MONO|Any CPU.Build.0 = Debug-MONO|Any CPU
		{53733ECF-0D81-43DA-B602-2AE9417F614F}.Debug-MONO|x64.ActiveCfg = Debug-MONO|x64
		{53733ECF-0D81-43DA-B602-2AE9417F614F}.Debug-MONO|x64.Build.0 = Debug-MONO|x64
		{53733ECF-0D81-43DA-B602-2AE9417F614F}.Debug-MONO|x86.ActiveCfg = Debug-MONO|x86
		{53733ECF-0D81-43DA-B602-2AE9417F614F}.Debug-MONO|x86.Build.0 = Debug-MONO|x86
		{53733ECF-0D81-43DA-B602-2AE9417F614F}.Debug-NetCore|Any CPU.ActiveCfg = Debug-NetCore|Any CPU
		{53733ECF-0D81-43DA-B602-2AE9417F614F}.Debug-NetCore|Any CPU.Build.0 = Debug-NetCore|Any CPU
		{53733ECF-0D81-43DA-B602-2AE9417F614F}.Debug-NetCore|x64.ActiveCfg = Debug-NetCore|x64
		{53733ECF-0D81-43DA-B602-2AE9417F614F}.Debug-NetCore|x64.Build.0 = Debug-NetCore|x64
		{53733ECF-0D81-43DA-B602-2AE9417F614F}.Debug-NetCore|x86.ActiveCfg = Debug-NetCore|x86
		{53733ECF-0D81-43DA-B602-2AE9417F614F}.Debug-NetCore|x86.Build.0 = Debug-NetCore|x86
		{53733ECF-0D81-43DA-B602-2AE9417F614F}.Port-Progress|Any CPU.ActiveCfg = Port-Progress|Any CPU
		{53733ECF-0D81-43DA-B602-2AE9417F614F}.Port-Progress|Any CPU.Build.0 = Port-Progress|Any CPU
		{53733ECF-0D81-43DA-B602-2AE9417F614F}.Port-Progress|x64.ActiveCfg = Port-Progress|x64
		{53733ECF-0D81-43DA-B602-2AE9417F614F}.Port-Progress|x64.Build.0 = Port-Progress|x64
		{53733ECF-0D81-43DA-B602-2AE9417F614F}.Port-Progress|x86.ActiveCfg = Port-Progress|x86
		{53733ECF-0D81-43DA-B602-2AE9417F614F}.Port-Progress|x86.Build.0 = Port-Progress|x86
		{53733ECF-0D81-43DA-B602-2AE9417F614F}.Release|Any CPU.ActiveCfg = Release|Any CPU
		{53733ECF-0D81-43DA-B602-2AE9417F614F}.Release|Any CPU.Build.0 = Release|Any CPU
		{53733ECF-0D81-43DA-B602-2AE9417F614F}.Release|x64.ActiveCfg = Release|x64
		{53733ECF-0D81-43DA-B602-2AE9417F614F}.Release|x64.Build.0 = Release|x64
		{53733ECF-0D81-43DA-B602-2AE9417F614F}.Release|x86.ActiveCfg = Release|x86
		{53733ECF-0D81-43DA-B602-2AE9417F614F}.Release|x86.Build.0 = Release|x86
		{53733ECF-0D81-43DA-B602-2AE9417F614F}.Release-MONO|Any CPU.ActiveCfg = Release-MONO|Any CPU
		{53733ECF-0D81-43DA-B602-2AE9417F614F}.Release-MONO|Any CPU.Build.0 = Release-MONO|Any CPU
		{53733ECF-0D81-43DA-B602-2AE9417F614F}.Release-MONO|x64.ActiveCfg = Release-MONO|x64
		{53733ECF-0D81-43DA-B602-2AE9417F614F}.Release-MONO|x64.Build.0 = Release-MONO|x64
		{53733ECF-0D81-43DA-B602-2AE9417F614F}.Release-MONO|x86.ActiveCfg = Release-MONO|x86
		{53733ECF-0D81-43DA-B602-2AE9417F614F}.Release-MONO|x86.Build.0 = Release-MONO|x86
		{53733ECF-0D81-43DA-B602-2AE9417F614F}.Release-NetCore|Any CPU.ActiveCfg = Release-NetCore|Any CPU
		{53733ECF-0D81-43DA-B602-2AE9417F614F}.Release-NetCore|Any CPU.Build.0 = Release-NetCore|Any CPU
		{53733ECF-0D81-43DA-B602-2AE9417F614F}.Release-NetCore|x64.ActiveCfg = Release-NetCore|x64
		{53733ECF-0D81-43DA-B602-2AE9417F614F}.Release-NetCore|x64.Build.0 = Release-NetCore|x64
		{53733ECF-0D81-43DA-B602-2AE9417F614F}.Release-NetCore|x86.ActiveCfg = Release-NetCore|x86
		{53733ECF-0D81-43DA-B602-2AE9417F614F}.Release-NetCore|x86.Build.0 = Release-NetCore|x86
		{9EAE36C3-50CD-49A6-9CA2-94649125DCD1}.Debug|Any CPU.ActiveCfg = Debug|Any CPU
		{9EAE36C3-50CD-49A6-9CA2-94649125DCD1}.Debug|Any CPU.Build.0 = Debug|Any CPU
		{9EAE36C3-50CD-49A6-9CA2-94649125DCD1}.Debug|x64.ActiveCfg = Debug|Any CPU
		{9EAE36C3-50CD-49A6-9CA2-94649125DCD1}.Debug|x64.Build.0 = Debug|Any CPU
		{9EAE36C3-50CD-49A6-9CA2-94649125DCD1}.Debug|x86.ActiveCfg = Debug|Any CPU
		{9EAE36C3-50CD-49A6-9CA2-94649125DCD1}.Debug|x86.Build.0 = Debug|Any CPU
		{9EAE36C3-50CD-49A6-9CA2-94649125DCD1}.Debug-MONO|Any CPU.ActiveCfg = Debug-MONO|Any CPU
		{9EAE36C3-50CD-49A6-9CA2-94649125DCD1}.Debug-MONO|Any CPU.Build.0 = Debug-MONO|Any CPU
		{9EAE36C3-50CD-49A6-9CA2-94649125DCD1}.Debug-MONO|x64.ActiveCfg = Debug-MONO|Any CPU
		{9EAE36C3-50CD-49A6-9CA2-94649125DCD1}.Debug-MONO|x64.Build.0 = Debug-MONO|Any CPU
		{9EAE36C3-50CD-49A6-9CA2-94649125DCD1}.Debug-MONO|x86.ActiveCfg = Debug-MONO|Any CPU
		{9EAE36C3-50CD-49A6-9CA2-94649125DCD1}.Debug-MONO|x86.Build.0 = Debug-MONO|Any CPU
		{9EAE36C3-50CD-49A6-9CA2-94649125DCD1}.Debug-NetCore|Any CPU.ActiveCfg = Debug-NetCore|Any CPU
		{9EAE36C3-50CD-49A6-9CA2-94649125DCD1}.Debug-NetCore|Any CPU.Build.0 = Debug-NetCore|Any CPU
		{9EAE36C3-50CD-49A6-9CA2-94649125DCD1}.Debug-NetCore|x64.ActiveCfg = Debug-NetCore|Any CPU
		{9EAE36C3-50CD-49A6-9CA2-94649125DCD1}.Debug-NetCore|x64.Build.0 = Debug-NetCore|Any CPU
		{9EAE36C3-50CD-49A6-9CA2-94649125DCD1}.Debug-NetCore|x86.ActiveCfg = Debug-NetCore|Any CPU
		{9EAE36C3-50CD-49A6-9CA2-94649125DCD1}.Debug-NetCore|x86.Build.0 = Debug-NetCore|Any CPU
		{9EAE36C3-50CD-49A6-9CA2-94649125DCD1}.Port-Progress|Any CPU.ActiveCfg = Port-Progress|Any CPU
		{9EAE36C3-50CD-49A6-9CA2-94649125DCD1}.Port-Progress|Any CPU.Build.0 = Port-Progress|Any CPU
		{9EAE36C3-50CD-49A6-9CA2-94649125DCD1}.Port-Progress|x64.ActiveCfg = Port-Progress|Any CPU
		{9EAE36C3-50CD-49A6-9CA2-94649125DCD1}.Port-Progress|x64.Build.0 = Port-Progress|Any CPU
		{9EAE36C3-50CD-49A6-9CA2-94649125DCD1}.Port-Progress|x86.ActiveCfg = Port-Progress|Any CPU
		{9EAE36C3-50CD-49A6-9CA2-94649125DCD1}.Port-Progress|x86.Build.0 = Port-Progress|Any CPU
		{9EAE36C3-50CD-49A6-9CA2-94649125DCD1}.Release|Any CPU.ActiveCfg = Release|Any CPU
		{9EAE36C3-50CD-49A6-9CA2-94649125DCD1}.Release|Any CPU.Build.0 = Release|Any CPU
		{9EAE36C3-50CD-49A6-9CA2-94649125DCD1}.Release|x64.ActiveCfg = Release|Any CPU
		{9EAE36C3-50CD-49A6-9CA2-94649125DCD1}.Release|x64.Build.0 = Release|Any CPU
		{9EAE36C3-50CD-49A6-9CA2-94649125DCD1}.Release|x86.ActiveCfg = Release|Any CPU
		{9EAE36C3-50CD-49A6-9CA2-94649125DCD1}.Release|x86.Build.0 = Release|Any CPU
		{9EAE36C3-50CD-49A6-9CA2-94649125DCD1}.Release-MONO|Any CPU.ActiveCfg = Release-MONO|Any CPU
		{9EAE36C3-50CD-49A6-9CA2-94649125DCD1}.Release-MONO|Any CPU.Build.0 = Release-MONO|Any CPU
		{9EAE36C3-50CD-49A6-9CA2-94649125DCD1}.Release-MONO|x64.ActiveCfg = Release-MONO|Any CPU
		{9EAE36C3-50CD-49A6-9CA2-94649125DCD1}.Release-MONO|x64.Build.0 = Release-MONO|Any CPU
		{9EAE36C3-50CD-49A6-9CA2-94649125DCD1}.Release-MONO|x86.ActiveCfg = Release-MONO|Any CPU
		{9EAE36C3-50CD-49A6-9CA2-94649125DCD1}.Release-MONO|x86.Build.0 = Release-MONO|Any CPU
		{9EAE36C3-50CD-49A6-9CA2-94649125DCD1}.Release-NetCore|Any CPU.ActiveCfg = Release-NetCore|Any CPU
		{9EAE36C3-50CD-49A6-9CA2-94649125DCD1}.Release-NetCore|Any CPU.Build.0 = Release-NetCore|Any CPU
		{9EAE36C3-50CD-49A6-9CA2-94649125DCD1}.Release-NetCore|x64.ActiveCfg = Release-NetCore|Any CPU
		{9EAE36C3-50CD-49A6-9CA2-94649125DCD1}.Release-NetCore|x64.Build.0 = Release-NetCore|Any CPU
		{9EAE36C3-50CD-49A6-9CA2-94649125DCD1}.Release-NetCore|x86.ActiveCfg = Release-NetCore|Any CPU
		{9EAE36C3-50CD-49A6-9CA2-94649125DCD1}.Release-NetCore|x86.Build.0 = Release-NetCore|Any CPU
		{09EEB69D-817E-4B33-9F61-24FC9DA5B3D4}.Debug|Any CPU.ActiveCfg = Debug|Any CPU
		{09EEB69D-817E-4B33-9F61-24FC9DA5B3D4}.Debug|Any CPU.Build.0 = Debug|Any CPU
		{09EEB69D-817E-4B33-9F61-24FC9DA5B3D4}.Debug|x64.ActiveCfg = Debug|Any CPU
		{09EEB69D-817E-4B33-9F61-24FC9DA5B3D4}.Debug|x64.Build.0 = Debug|Any CPU
		{09EEB69D-817E-4B33-9F61-24FC9DA5B3D4}.Debug|x86.ActiveCfg = Debug|Any CPU
		{09EEB69D-817E-4B33-9F61-24FC9DA5B3D4}.Debug|x86.Build.0 = Debug|Any CPU
		{09EEB69D-817E-4B33-9F61-24FC9DA5B3D4}.Debug-MONO|Any CPU.ActiveCfg = Debug-MONO|Any CPU
		{09EEB69D-817E-4B33-9F61-24FC9DA5B3D4}.Debug-MONO|Any CPU.Build.0 = Debug-MONO|Any CPU
		{09EEB69D-817E-4B33-9F61-24FC9DA5B3D4}.Debug-MONO|x64.ActiveCfg = Debug-MONO|Any CPU
		{09EEB69D-817E-4B33-9F61-24FC9DA5B3D4}.Debug-MONO|x64.Build.0 = Debug-MONO|Any CPU
		{09EEB69D-817E-4B33-9F61-24FC9DA5B3D4}.Debug-MONO|x86.ActiveCfg = Debug-MONO|Any CPU
		{09EEB69D-817E-4B33-9F61-24FC9DA5B3D4}.Debug-MONO|x86.Build.0 = Debug-MONO|Any CPU
		{09EEB69D-817E-4B33-9F61-24FC9DA5B3D4}.Debug-NetCore|Any CPU.ActiveCfg = Debug-NetCore|Any CPU
		{09EEB69D-817E-4B33-9F61-24FC9DA5B3D4}.Debug-NetCore|Any CPU.Build.0 = Debug-NetCore|Any CPU
		{09EEB69D-817E-4B33-9F61-24FC9DA5B3D4}.Debug-NetCore|x64.ActiveCfg = Debug-NetCore|Any CPU
		{09EEB69D-817E-4B33-9F61-24FC9DA5B3D4}.Debug-NetCore|x64.Build.0 = Debug-NetCore|Any CPU
		{09EEB69D-817E-4B33-9F61-24FC9DA5B3D4}.Debug-NetCore|x86.ActiveCfg = Debug-NetCore|Any CPU
		{09EEB69D-817E-4B33-9F61-24FC9DA5B3D4}.Debug-NetCore|x86.Build.0 = Debug-NetCore|Any CPU
		{09EEB69D-817E-4B33-9F61-24FC9DA5B3D4}.Port-Progress|Any CPU.ActiveCfg = Port-Progress|Any CPU
		{09EEB69D-817E-4B33-9F61-24FC9DA5B3D4}.Port-Progress|Any CPU.Build.0 = Port-Progress|Any CPU
		{09EEB69D-817E-4B33-9F61-24FC9DA5B3D4}.Port-Progress|x64.ActiveCfg = Port-Progress|Any CPU
		{09EEB69D-817E-4B33-9F61-24FC9DA5B3D4}.Port-Progress|x64.Build.0 = Port-Progress|Any CPU
		{09EEB69D-817E-4B33-9F61-24FC9DA5B3D4}.Port-Progress|x86.ActiveCfg = Port-Progress|Any CPU
		{09EEB69D-817E-4B33-9F61-24FC9DA5B3D4}.Port-Progress|x86.Build.0 = Port-Progress|Any CPU
		{09EEB69D-817E-4B33-9F61-24FC9DA5B3D4}.Release|Any CPU.ActiveCfg = Release|Any CPU
		{09EEB69D-817E-4B33-9F61-24FC9DA5B3D4}.Release|Any CPU.Build.0 = Release|Any CPU
		{09EEB69D-817E-4B33-9F61-24FC9DA5B3D4}.Release|x64.ActiveCfg = Release|Any CPU
		{09EEB69D-817E-4B33-9F61-24FC9DA5B3D4}.Release|x64.Build.0 = Release|Any CPU
		{09EEB69D-817E-4B33-9F61-24FC9DA5B3D4}.Release|x86.ActiveCfg = Release|Any CPU
		{09EEB69D-817E-4B33-9F61-24FC9DA5B3D4}.Release|x86.Build.0 = Release|Any CPU
		{09EEB69D-817E-4B33-9F61-24FC9DA5B3D4}.Release-MONO|Any CPU.ActiveCfg = Release-MONO|Any CPU
		{09EEB69D-817E-4B33-9F61-24FC9DA5B3D4}.Release-MONO|Any CPU.Build.0 = Release-MONO|Any CPU
		{09EEB69D-817E-4B33-9F61-24FC9DA5B3D4}.Release-MONO|x64.ActiveCfg = Release-MONO|Any CPU
		{09EEB69D-817E-4B33-9F61-24FC9DA5B3D4}.Release-MONO|x64.Build.0 = Release-MONO|Any CPU
		{09EEB69D-817E-4B33-9F61-24FC9DA5B3D4}.Release-MONO|x86.ActiveCfg = Release-MONO|Any CPU
		{09EEB69D-817E-4B33-9F61-24FC9DA5B3D4}.Release-MONO|x86.Build.0 = Release-MONO|Any CPU
		{09EEB69D-817E-4B33-9F61-24FC9DA5B3D4}.Release-NetCore|Any CPU.ActiveCfg = Release-NetCore|Any CPU
		{09EEB69D-817E-4B33-9F61-24FC9DA5B3D4}.Release-NetCore|Any CPU.Build.0 = Release-NetCore|Any CPU
		{09EEB69D-817E-4B33-9F61-24FC9DA5B3D4}.Release-NetCore|x64.ActiveCfg = Release-NetCore|Any CPU
		{09EEB69D-817E-4B33-9F61-24FC9DA5B3D4}.Release-NetCore|x64.Build.0 = Release-NetCore|Any CPU
		{09EEB69D-817E-4B33-9F61-24FC9DA5B3D4}.Release-NetCore|x86.ActiveCfg = Release-NetCore|Any CPU
		{09EEB69D-817E-4B33-9F61-24FC9DA5B3D4}.Release-NetCore|x86.Build.0 = Release-NetCore|Any CPU
		{06347A6C-32A4-4218-A930-0A22699C726C}.Debug|Any CPU.ActiveCfg = Debug|Any CPU
		{06347A6C-32A4-4218-A930-0A22699C726C}.Debug|Any CPU.Build.0 = Debug|Any CPU
		{06347A6C-32A4-4218-A930-0A22699C726C}.Debug|x64.ActiveCfg = Debug|Any CPU
		{06347A6C-32A4-4218-A930-0A22699C726C}.Debug|x64.Build.0 = Debug|Any CPU
		{06347A6C-32A4-4218-A930-0A22699C726C}.Debug|x86.ActiveCfg = Debug|Any CPU
		{06347A6C-32A4-4218-A930-0A22699C726C}.Debug|x86.Build.0 = Debug|Any CPU
		{06347A6C-32A4-4218-A930-0A22699C726C}.Debug-MONO|Any CPU.ActiveCfg = Debug-MONO|Any CPU
		{06347A6C-32A4-4218-A930-0A22699C726C}.Debug-MONO|Any CPU.Build.0 = Debug-MONO|Any CPU
		{06347A6C-32A4-4218-A930-0A22699C726C}.Debug-MONO|x64.ActiveCfg = Debug-MONO|Any CPU
		{06347A6C-32A4-4218-A930-0A22699C726C}.Debug-MONO|x64.Build.0 = Debug-MONO|Any CPU
		{06347A6C-32A4-4218-A930-0A22699C726C}.Debug-MONO|x86.ActiveCfg = Debug-MONO|Any CPU
		{06347A6C-32A4-4218-A930-0A22699C726C}.Debug-MONO|x86.Build.0 = Debug-MONO|Any CPU
		{06347A6C-32A4-4218-A930-0A22699C726C}.Debug-NetCore|Any CPU.ActiveCfg = Debug-NetCore|Any CPU
		{06347A6C-32A4-4218-A930-0A22699C726C}.Debug-NetCore|Any CPU.Build.0 = Debug-NetCore|Any CPU
		{06347A6C-32A4-4218-A930-0A22699C726C}.Debug-NetCore|x64.ActiveCfg = Debug-NetCore|Any CPU
		{06347A6C-32A4-4218-A930-0A22699C726C}.Debug-NetCore|x64.Build.0 = Debug-NetCore|Any CPU
		{06347A6C-32A4-4218-A930-0A22699C726C}.Debug-NetCore|x86.ActiveCfg = Debug-NetCore|Any CPU
		{06347A6C-32A4-4218-A930-0A22699C726C}.Debug-NetCore|x86.Build.0 = Debug-NetCore|Any CPU
		{06347A6C-32A4-4218-A930-0A22699C726C}.Port-Progress|Any CPU.ActiveCfg = Port-Progress|Any CPU
		{06347A6C-32A4-4218-A930-0A22699C726C}.Port-Progress|Any CPU.Build.0 = Port-Progress|Any CPU
		{06347A6C-32A4-4218-A930-0A22699C726C}.Port-Progress|x64.ActiveCfg = Port-Progress|Any CPU
		{06347A6C-32A4-4218-A930-0A22699C726C}.Port-Progress|x64.Build.0 = Port-Progress|Any CPU
		{06347A6C-32A4-4218-A930-0A22699C726C}.Port-Progress|x86.ActiveCfg = Port-Progress|Any CPU
		{06347A6C-32A4-4218-A930-0A22699C726C}.Port-Progress|x86.Build.0 = Port-Progress|Any CPU
		{06347A6C-32A4-4218-A930-0A22699C726C}.Release|Any CPU.ActiveCfg = Release|Any CPU
		{06347A6C-32A4-4218-A930-0A22699C726C}.Release|Any CPU.Build.0 = Release|Any CPU
		{06347A6C-32A4-4218-A930-0A22699C726C}.Release|x64.ActiveCfg = Release|Any CPU
		{06347A6C-32A4-4218-A930-0A22699C726C}.Release|x64.Build.0 = Release|Any CPU
		{06347A6C-32A4-4218-A930-0A22699C726C}.Release|x86.ActiveCfg = Release|Any CPU
		{06347A6C-32A4-4218-A930-0A22699C726C}.Release|x86.Build.0 = Release|Any CPU
		{06347A6C-32A4-4218-A930-0A22699C726C}.Release-MONO|Any CPU.ActiveCfg = Release-MONO|Any CPU
		{06347A6C-32A4-4218-A930-0A22699C726C}.Release-MONO|Any CPU.Build.0 = Release-MONO|Any CPU
		{06347A6C-32A4-4218-A930-0A22699C726C}.Release-MONO|x64.ActiveCfg = Release-MONO|Any CPU
		{06347A6C-32A4-4218-A930-0A22699C726C}.Release-MONO|x64.Build.0 = Release-MONO|Any CPU
		{06347A6C-32A4-4218-A930-0A22699C726C}.Release-MONO|x86.ActiveCfg = Release-MONO|Any CPU
		{06347A6C-32A4-4218-A930-0A22699C726C}.Release-MONO|x86.Build.0 = Release-MONO|Any CPU
		{06347A6C-32A4-4218-A930-0A22699C726C}.Release-NetCore|Any CPU.ActiveCfg = Release-NetCore|Any CPU
		{06347A6C-32A4-4218-A930-0A22699C726C}.Release-NetCore|Any CPU.Build.0 = Release-NetCore|Any CPU
		{06347A6C-32A4-4218-A930-0A22699C726C}.Release-NetCore|x64.ActiveCfg = Release-NetCore|Any CPU
		{06347A6C-32A4-4218-A930-0A22699C726C}.Release-NetCore|x64.Build.0 = Release-NetCore|Any CPU
		{06347A6C-32A4-4218-A930-0A22699C726C}.Release-NetCore|x86.ActiveCfg = Release-NetCore|Any CPU
		{06347A6C-32A4-4218-A930-0A22699C726C}.Release-NetCore|x86.Build.0 = Release-NetCore|Any CPU
		{7D8BA0AA-B715-4646-A2F8-844DB2F15C81}.Debug|Any CPU.ActiveCfg = Debug|Any CPU
		{7D8BA0AA-B715-4646-A2F8-844DB2F15C81}.Debug|Any CPU.Build.0 = Debug|Any CPU
		{7D8BA0AA-B715-4646-A2F8-844DB2F15C81}.Debug|x64.ActiveCfg = Debug|x64
		{7D8BA0AA-B715-4646-A2F8-844DB2F15C81}.Debug|x64.Build.0 = Debug|x64
		{7D8BA0AA-B715-4646-A2F8-844DB2F15C81}.Debug|x86.ActiveCfg = Debug|x86
		{7D8BA0AA-B715-4646-A2F8-844DB2F15C81}.Debug|x86.Build.0 = Debug|x86
		{7D8BA0AA-B715-4646-A2F8-844DB2F15C81}.Debug-MONO|Any CPU.ActiveCfg = Debug-MONO|Any CPU
		{7D8BA0AA-B715-4646-A2F8-844DB2F15C81}.Debug-MONO|Any CPU.Build.0 = Debug-MONO|Any CPU
		{7D8BA0AA-B715-4646-A2F8-844DB2F15C81}.Debug-MONO|x64.ActiveCfg = Debug-MONO|x64
		{7D8BA0AA-B715-4646-A2F8-844DB2F15C81}.Debug-MONO|x64.Build.0 = Debug-MONO|x64
		{7D8BA0AA-B715-4646-A2F8-844DB2F15C81}.Debug-MONO|x86.ActiveCfg = Debug-MONO|x86
		{7D8BA0AA-B715-4646-A2F8-844DB2F15C81}.Debug-MONO|x86.Build.0 = Debug-MONO|x86
		{7D8BA0AA-B715-4646-A2F8-844DB2F15C81}.Debug-NetCore|Any CPU.ActiveCfg = Debug-NetCore|Any CPU
		{7D8BA0AA-B715-4646-A2F8-844DB2F15C81}.Debug-NetCore|Any CPU.Build.0 = Debug-NetCore|Any CPU
		{7D8BA0AA-B715-4646-A2F8-844DB2F15C81}.Debug-NetCore|x64.ActiveCfg = Debug-NetCore|x64
		{7D8BA0AA-B715-4646-A2F8-844DB2F15C81}.Debug-NetCore|x64.Build.0 = Debug-NetCore|x64
		{7D8BA0AA-B715-4646-A2F8-844DB2F15C81}.Debug-NetCore|x86.ActiveCfg = Debug-NetCore|x86
		{7D8BA0AA-B715-4646-A2F8-844DB2F15C81}.Debug-NetCore|x86.Build.0 = Debug-NetCore|x86
		{7D8BA0AA-B715-4646-A2F8-844DB2F15C81}.Port-Progress|Any CPU.ActiveCfg = Port-Progress|Any CPU
		{7D8BA0AA-B715-4646-A2F8-844DB2F15C81}.Port-Progress|Any CPU.Build.0 = Port-Progress|Any CPU
		{7D8BA0AA-B715-4646-A2F8-844DB2F15C81}.Port-Progress|x64.ActiveCfg = Port-Progress|x64
		{7D8BA0AA-B715-4646-A2F8-844DB2F15C81}.Port-Progress|x64.Build.0 = Port-Progress|x64
		{7D8BA0AA-B715-4646-A2F8-844DB2F15C81}.Port-Progress|x86.ActiveCfg = Port-Progress|x86
		{7D8BA0AA-B715-4646-A2F8-844DB2F15C81}.Port-Progress|x86.Build.0 = Port-Progress|x86
		{7D8BA0AA-B715-4646-A2F8-844DB2F15C81}.Release|Any CPU.ActiveCfg = Release|Any CPU
		{7D8BA0AA-B715-4646-A2F8-844DB2F15C81}.Release|Any CPU.Build.0 = Release|Any CPU
		{7D8BA0AA-B715-4646-A2F8-844DB2F15C81}.Release|x64.ActiveCfg = Release|x64
		{7D8BA0AA-B715-4646-A2F8-844DB2F15C81}.Release|x64.Build.0 = Release|x64
		{7D8BA0AA-B715-4646-A2F8-844DB2F15C81}.Release|x86.ActiveCfg = Release|x86
		{7D8BA0AA-B715-4646-A2F8-844DB2F15C81}.Release|x86.Build.0 = Release|x86
		{7D8BA0AA-B715-4646-A2F8-844DB2F15C81}.Release-MONO|Any CPU.ActiveCfg = Release-MONO|Any CPU
		{7D8BA0AA-B715-4646-A2F8-844DB2F15C81}.Release-MONO|Any CPU.Build.0 = Release-MONO|Any CPU
		{7D8BA0AA-B715-4646-A2F8-844DB2F15C81}.Release-MONO|x64.ActiveCfg = Release-MONO|x64
		{7D8BA0AA-B715-4646-A2F8-844DB2F15C81}.Release-MONO|x64.Build.0 = Release-MONO|x64
		{7D8BA0AA-B715-4646-A2F8-844DB2F15C81}.Release-MONO|x86.ActiveCfg = Release-MONO|x86
		{7D8BA0AA-B715-4646-A2F8-844DB2F15C81}.Release-MONO|x86.Build.0 = Release-MONO|x86
		{7D8BA0AA-B715-4646-A2F8-844DB2F15C81}.Release-NetCore|Any CPU.ActiveCfg = Release-NetCore|Any CPU
		{7D8BA0AA-B715-4646-A2F8-844DB2F15C81}.Release-NetCore|Any CPU.Build.0 = Release-NetCore|Any CPU
		{7D8BA0AA-B715-4646-A2F8-844DB2F15C81}.Release-NetCore|x64.ActiveCfg = Release-NetCore|x64
		{7D8BA0AA-B715-4646-A2F8-844DB2F15C81}.Release-NetCore|x64.Build.0 = Release-NetCore|x64
		{7D8BA0AA-B715-4646-A2F8-844DB2F15C81}.Release-NetCore|x86.ActiveCfg = Release-NetCore|x86
		{7D8BA0AA-B715-4646-A2F8-844DB2F15C81}.Release-NetCore|x86.Build.0 = Release-NetCore|x86
	EndGlobalSection
	GlobalSection(SolutionProperties) = preSolution
		HideSolutionNode = FALSE
	EndGlobalSection
	GlobalSection(NestedProjects) = preSolution
		{2A0E81B1-9E7A-4F9F-81B2-AB180833F754} = {760FF85D-8BEB-4992-8095-A9678F88FD47}
		{FC1C02BB-1585-4322-840F-B002E25AEAD6} = {760FF85D-8BEB-4992-8095-A9678F88FD47}
		{11B5D53E-90E4-4BD5-9883-B5921F7DE854} = {760FF85D-8BEB-4992-8095-A9678F88FD47}
		{9EAE36C3-50CD-49A6-9CA2-94649125DCD1} = {760FF85D-8BEB-4992-8095-A9678F88FD47}
		{09EEB69D-817E-4B33-9F61-24FC9DA5B3D4} = {760FF85D-8BEB-4992-8095-A9678F88FD47}
		{7D8BA0AA-B715-4646-A2F8-844DB2F15C81} = {760FF85D-8BEB-4992-8095-A9678F88FD47}
	EndGlobalSection
EndGlobal
